{
  "version": 4,
  "terraform_version": "1.14.7",
  "serial": 103,
  "lineage": "5e7970df-a6d0-6ab7-874e-1b18b313689c",
  "outputs": {},
  "resources": [
    {
      "mode": "data",
      "type": "aws_eks_cluster",
      "name": "cluster_info",
      "provider": "provider[\"registry.terraform.io/hashicorp/aws\"]",
      "instances": [
        {
          "schema_version": 0,
          "attributes": {
            "access_config": [
              {
                "authentication_mode": "CONFIG_MAP",
                "bootstrap_cluster_creator_admin_permissions": true
              }
            ],
            "arn": "arn:aws:eks:us-east-1:654654184825:cluster/microservices-eks-cluster",
            "certificate_authority": [
              {
                "data": "LS0tLS1CRUdJTiBDRVJUSUZJQ0FURS0tLS0tCk1JSURCVENDQWUyZ0F3SUJBZ0lJUWV2bmFqQjdxMlF3RFFZSktvWklodmNOQVFFTEJRQXdGVEVUTUJFR0ExVUUKQXhNS2EzVmlaWEp1WlhSbGN6QWVGdzB5TmpBek1qQXdNelUwTlRaYUZ3MHpOakF6TVRjd016VTVOVFphTUJVeApFekFSQmdOVkJBTVRDbXQxWW1WeWJtVjBaWE13Z2dFaU1BMEdDU3FHU0liM0RRRUJBUVVBQTRJQkR3QXdnZ0VLCkFvSUJBUUREbUlFRTQveUdYVE9vSm1aSzRvNEY2aVpyWkJVNit2eUR0SXRqRUwvNGtJNVM1dnZzV3JJeGdiR0kKOU5QN3FzbE9keUJPdUY3VkpqM09CRWxkZUxvN2FsK0R3ZjlZN0NGVGJMSHhaaVZPamQ2YStXaUVBMytGR3ZzdAo5ZkdEN0RPRkZ3SmRKbWhLZ1FXZitQc2YzNktZalFGR0ZlMmhFWnptcDdUc0dNcDNZclFHYlY4MkptTzJBQ29WCi9GR1VmSDBLeEFpeXpCZVk3VHhnS21QSkdyZml2Y2dXeUZPODgzM24vNEUrbjQwWnB1cFJIYWhLR2NzYnd2MnMKUFdUWTZJckpvK2VuRjRQck9MdVBBVm4vQy9JUyttT0lMZlYvdExFeUJtWWNLbnBRZUZSYUc3Rk9nSUVzb2NDdgo2RlV4em5PZjJQanVwekkrV05CWkdERlhHNlR6QWdNQkFBR2pXVEJYTUE0R0ExVWREd0VCL3dRRUF3SUNwREFQCkJnTlZIUk1CQWY4RUJUQURBUUgvTUIwR0ExVWREZ1FXQkJRTWpDMGh4VitMaTJ3KzdoanZOSTlEcFRRU3VqQVYKQmdOVkhSRUVEakFNZ2dwcmRXSmxjbTVsZEdWek1BMEdDU3FHU0liM0RRRUJDd1VBQTRJQkFRQ0MzcDhkd3g2ZApvRGdBNE0vM29VWENCTU93M2N1UzJidkNtM2c5VTRrenpFVU1uN0NXWTRnN3pqM2RiZ0pVcS9PQStrZ3Z2UTA2CnhtZnVYams3aW5YZTMrTHRYZXlpWE9oajlJdUlhQlg2NitxY3QxMXlIZ1VJa2NtSitYQndNZ0JSZi90SVlSdmkKeXgyaE5wUDJPSVVYNWd0RjRicCtMY25OVUk5aUNkb1dMak84dURmQTJxSEZnbVVTSkFzNXp5bm9teXNqTGdsNApnNmdnS2pkZWNPRDFpcEVYdll2UDBtTDBTYXpMT0gvVm1jS0ZTZG1NY2FQalVzaTN6QlkxdytVSm9Nam5PQzhZCnFKOXVubllHNFpMN0NRZ3I4cDVxVVU3NUxhU0pZckZxWjh6eEI5eGtibnQ3N21iTkJiRmVvZy9qenVLQlowRmIKdWhjeGtVMkFENGlzCi0tLS0tRU5EIENFUlRJRklDQVRFLS0tLS0K"
              }
            ],
            "cluster_id": null,
            "compute_config": [],
            "created_at": "2026-03-20T03:54:27Z",
            "enabled_cluster_log_types": [],
            "endpoint": "https://51A1B549687EA382C3DE40650C7BC55F.gr7.us-east-1.eks.amazonaws.com",
            "id": "microservices-eks-cluster",
            "identity": [
              {
                "oidc": [
                  {
                    "issuer": "https://oidc.eks.us-east-1.amazonaws.com/id/51A1B549687EA382C3DE40650C7BC55F"
                  }
                ]
              }
            ],
            "kubernetes_network_config": [
              {
                "elastic_load_balancing": [
                  {
                    "enabled": false
                  }
                ],
                "ip_family": "ipv4",
                "service_ipv4_cidr": "172.20.0.0/16",
                "service_ipv6_cidr": ""
              }
            ],
            "name": "microservices-eks-cluster",
            "outpost_config": [],
            "platform_version": "eks.63",
            "remote_network_config": [],
            "role_arn": "arn:aws:iam::654654184825:role/c204094a5205123l14214074t1w654654-LabEksClusterRole-YWV18Mvw5Znf",
            "status": "ACTIVE",
            "storage_config": [],
            "tags": {
              "Environment": "lab",
              "ManagedBy": "Terraform",
              "Name": "microservices-eks-cluster",
              "Project": "microservices"
            },
            "upgrade_policy": [
              {
                "support_type": "EXTENDED"
              }
            ],
            "version": "1.30",
            "vpc_config": [
              {
                "cluster_security_group_id": "sg-0579a02adfb95fdd7",
                "endpoint_private_access": true,
                "endpoint_public_access": true,
                "public_access_cidrs": [
                  "0.0.0.0/0"
                ],
                "security_group_ids": [],
                "subnet_ids": [
                  "subnet-0909dbd181eaee63c",
                  "subnet-0a08ca0cca115652a"
                ],
                "vpc_id": "vpc-007e49668ab1deebe"
              }
            ],
            "zonal_shift_config": []
          },
          "sensitive_attributes": [],
          "identity_schema_version": 0
        }
      ]
    },
    {
      "mode": "data",
      "type": "aws_eks_cluster_auth",
      "name": "cluster_auth",
      "provider": "provider[\"registry.terraform.io/hashicorp/aws\"]",
      "instances": [
        {
          "schema_version": 0,
          "attributes": {
            "id": "microservices-eks-cluster",
            "name": "microservices-eks-cluster",
            "token": "k8s-aws-v1.aHR0cHM6Ly9zdHMudXMtZWFzdC0xLmFtYXpvbmF3cy5jb20vP0FjdGlvbj1HZXRDYWxsZXJJZGVudGl0eSZWZXJzaW9uPTIwMTEtMDYtMTUmWC1BbXotQWxnb3JpdGhtPUFXUzQtSE1BQy1TSEEyNTYmWC1BbXotQ3JlZGVudGlhbD1BU0lBWlEzRE9EVjRZWVE0QzJVVyUyRjIwMjYwMzIwJTJGdXMtZWFzdC0xJTJGc3RzJTJGYXdzNF9yZXF1ZXN0JlgtQW16LURhdGU9MjAyNjAzMjBUMDgxNjIwWiZYLUFtei1FeHBpcmVzPTAmWC1BbXotU2VjdXJpdHktVG9rZW49SVFvSmIzSnBaMmx1WDJWakVHY2FDWFZ6TFhkbGMzUXRNaUpITUVVQ0lBYUlXQTF2M2hzNnBKQnFVWnVsM3olMkJqazFxTXpRV2FMOXVxSlZoUEpQZ1ZBaUVBMHhCTjdqUk0lMkZTZFVpWlhXQ0dhZjBuRXBPNmJyR1JIUmt3UXZPTlgzWEI0cXRBSUlNQkFBR2d3Mk5UUTJOVFF4T0RRNE1qVWlESVptWUVkelBFT0k1akl0cVNxUkFvYzI5a2hjTjViUVdYNW1LOFMzVFQ0RkprU3RCa0YzN3hEZzNHckMwUHZIWGc4V1c1YWVjZlVhbXBOQzhjZU9tJTJCeG1WanBWTXo0JTJGVUpSUnlDd085cWpyJTJCVkdHczVEVVhCRmJub0klMkZ4d2RJUEhONkNEbUZ0cldiR3l1d2lSc1hTT0M3a3g4R3hnbEo5clA2JTJCMWolMkJtdmx4VnFQSHpDejhKbEFSZGZpTWpKQUJEbVpkbTd0QTdFMTlaY1lBNUtmVlZSU2J2U3RIQ1JKZiUyRjBuRmtkQmlqRVZHakh6WUN2SlU3b1BFaW9ZMUc4UmhaUkZNODVVVSUyRjBLYUJObDlKOU5UJTJCSU95UXdKTXM2Z295OWkxWDFWVldoS3puUXh4dGgyVVBlaXFDZEhzMktvVDBTaXRLck1yWnRQYzRZc1lOciUyRm5RTFZLc0xLeTcxM1BuVGg4bUtFeHI1QWtzQXB3bzlYT25FJTJCaGVXa0YyRVRuJTJCakRVNHZQTkJqcWRBWUJzZ3hURWFpYmVkVGw1SDFFMFN5JTJCMklnSWx6N3UxMCUyQnN6VGFKSGVCM013dFB1Z0hFTlk1R3lPTjMyVmdqJTJCSzdtRWxIdDBwa1pSQ3ZpQnVhVFQlMkIxeDA5RnljQk1BNUlRejlXR3l3aExsNzB1bEhUaGMzNjlsRTh2alk3V1JlbVhLVDV1RFQlMkY0dyUyQnM3USUyQjBvJTJCRnpMSlJGVHFvU2pwb0wyNHg0bFhLa08lMkZwY0NPMm03R0JTdndTRGVybEJFams5dVRyYXV2WDRoYmt4WGJmWU5ZJTNEJlgtQW16LVNpZ25lZEhlYWRlcnM9aG9zdCUzQngtazhzLWF3cy1pZCZYLUFtei1TaWduYXR1cmU9ZDUyNjBhMjRlYzI1MWIxZjgyYWVjYjYyMWEzNzhkY2Q4NzkzZmY1YjU0OGFiNjhjYTI4NWIyYzIyOTEyMjE3Zg"
          },
          "sensitive_attributes": [
            [
              {
                "type": "get_attr",
                "value": "token"
              }
            ]
          ],
          "identity_schema_version": 0
        }
      ]
    },
    {
      "module": "module.cluster_manifests",
      "mode": "managed",
      "type": "kubernetes_manifest",
      "name": "alpine_tools",
      "provider": "provider[\"registry.terraform.io/hashicorp/kubernetes\"]",
      "instances": [
        {
          "schema_version": 1,
          "attributes": {
            "computed_fields": null,
            "field_manager": [],
            "manifest": {
              "value": {
                "apiVersion": "v1",
                "kind": "Pod",
                "metadata": {
                  "name": "alpine-tools",
                  "namespace": "fiap-microservices"
                },
                "spec": {
                  "containers": [
                    {
                      "command": [
                        "sh",
                        "-c",
                        "apk add --no-cache curl postgresql-client bind-tools iputils \u0026\u0026 echo 'Ferramentas instaladas. Pod pronto.' \u0026\u0026 sleep 3600"
                      ],
                      "env": [
                        {
                          "name": "PGPASSWORD",
                          "value": "rootroot"
                        }
                      ],
                      "image": "alpine:3.19",
                      "name": "alpine",
                      "resources": {
                        "limits": {
                          "cpu": "200m",
                          "memory": "256Mi"
                        },
                        "requests": {
                          "cpu": "100m",
                          "memory": "128Mi"
                        }
                      }
                    }
                  ],
                  "restartPolicy": "Never"
                }
              },
              "type": [
                "object",
                {
                  "apiVersion": "string",
                  "kind": "string",
                  "metadata": [
                    "object",
                    {
                      "name": "string",
                      "namespace": "string"
                    }
                  ],
                  "spec": [
                    "object",
                    {
                      "containers": [
                        "tuple",
                        [
                          [
                            "object",
                            {
                              "command": [
                                "tuple",
                                [
                                  "string",
                                  "string",
                                  "string"
                                ]
                              ],
                              "env": [
                                "tuple",
                                [
                                  [
                                    "object",
                                    {
                                      "name": "string",
                                      "value": "string"
                                    }
                                  ]
                                ]
                              ],
                              "image": "string",
                              "name": "string",
                              "resources": [
                                "object",
                                {
                                  "limits": [
                                    "object",
                                    {
                                      "cpu": "string",
                                      "memory": "string"
                                    }
                                  ],
                                  "requests": [
                                    "object",
                                    {
                                      "cpu": "string",
                                      "memory": "string"
                                    }
                                  ]
                                }
                              ]
                            }
                          ]
                        ]
                      ],
                      "restartPolicy": "string"
                    }
                  ]
                }
              ]
            },
            "object": {
              "value": {
                "apiVersion": "v1",
                "kind": "Pod",
                "metadata": {
                  "annotations": null,
                  "creationTimestamp": null,
                  "deletionGracePeriodSeconds": null,
                  "deletionTimestamp": null,
                  "finalizers": null,
                  "generateName": null,
                  "generation": null,
                  "labels": null,
                  "managedFields": null,
                  "name": "alpine-tools",
                  "namespace": "fiap-microservices",
                  "ownerReferences": null,
                  "resourceVersion": null,
                  "selfLink": null,
                  "uid": null
                },
                "spec": {
                  "activeDeadlineSeconds": null,
                  "affinity": {
                    "nodeAffinity": {
                      "preferredDuringSchedulingIgnoredDuringExecution": null,
                      "requiredDuringSchedulingIgnoredDuringExecution": {
                        "nodeSelectorTerms": null
                      }
                    },
                    "podAffinity": {
                      "preferredDuringSchedulingIgnoredDuringExecution": null,
                      "requiredDuringSchedulingIgnoredDuringExecution": null
                    },
                    "podAntiAffinity": {
                      "preferredDuringSchedulingIgnoredDuringExecution": null,
                      "requiredDuringSchedulingIgnoredDuringExecution": null
                    }
                  },
                  "automountServiceAccountToken": null,
                  "containers": [
                    {
                      "args": null,
                      "command": [
                        "sh",
                        "-c",
                        "apk add --no-cache curl postgresql-client bind-tools iputils \u0026\u0026 echo 'Ferramentas instaladas. Pod pronto.' \u0026\u0026 sleep 3600"
                      ],
                      "env": [
                        {
                          "name": "PGPASSWORD",
                          "value": "rootroot",
                          "valueFrom": {
                            "configMapKeyRef": {
                              "key": null,
                              "name": null,
                              "optional": null
                            },
                            "fieldRef": {
                              "apiVersion": null,
                              "fieldPath": null
                            },
                            "resourceFieldRef": {
                              "containerName": null,
                              "divisor": null,
                              "resource": null
                            },
                            "secretKeyRef": {
                              "key": null,
                              "name": null,
                              "optional": null
                            }
                          }
                        }
                      ],
                      "envFrom": null,
                      "image": "alpine:3.19",
                      "imagePullPolicy": "IfNotPresent",
                      "lifecycle": {
                        "postStart": {
                          "exec": {
                            "command": null
                          },
                          "httpGet": {
                            "host": null,
                            "httpHeaders": null,
                            "path": null,
                            "port": null,
                            "scheme": null
                          },
                          "sleep": {
                            "seconds": null
                          },
                          "tcpSocket": {
                            "host": null,
                            "port": null
                          }
                        },
                        "preStop": {
                          "exec": {
                            "command": null
                          },
                          "httpGet": {
                            "host": null,
                            "httpHeaders": null,
                            "path": null,
                            "port": null,
                            "scheme": null
                          },
                          "sleep": {
                            "seconds": null
                          },
                          "tcpSocket": {
                            "host": null,
                            "port": null
                          }
                        }
                      },
                      "livenessProbe": {
                        "exec": {
                          "command": null
                        },
                        "failureThreshold": null,
                        "grpc": {
                          "port": null,
                          "service": null
                        },
                        "httpGet": {
                          "host": null,
                          "httpHeaders": null,
                          "path": null,
                          "port": null,
                          "scheme": null
                        },
                        "initialDelaySeconds": null,
                        "periodSeconds": null,
                        "successThreshold": null,
                        "tcpSocket": {
                          "host": null,
                          "port": null
                        },
                        "terminationGracePeriodSeconds": null,
                        "timeoutSeconds": null
                      },
                      "name": "alpine",
                      "ports": null,
                      "readinessProbe": {
                        "exec": {
                          "command": null
                        },
                        "failureThreshold": null,
                        "grpc": {
                          "port": null,
                          "service": null
                        },
                        "httpGet": {
                          "host": null,
                          "httpHeaders": null,
                          "path": null,
                          "port": null,
                          "scheme": null
                        },
                        "initialDelaySeconds": null,
                        "periodSeconds": null,
                        "successThreshold": null,
                        "tcpSocket": {
                          "host": null,
                          "port": null
                        },
                        "terminationGracePeriodSeconds": null,
                        "timeoutSeconds": null
                      },
                      "resizePolicy": null,
                      "resources": {
                        "claims": null,
                        "limits": {
                          "cpu": "200m",
                          "memory": "256Mi"
                        },
                        "requests": {
                          "cpu": "100m",
                          "memory": "128Mi"
                        }
                      },
                      "restartPolicy": null,
                      "securityContext": {
                        "allowPrivilegeEscalation": null,
                        "appArmorProfile": {
                          "localhostProfile": null,
                          "type": null
                        },
                        "capabilities": {
                          "add": null,
                          "drop": null
                        },
                        "privileged": null,
                        "procMount": null,
                        "readOnlyRootFilesystem": null,
                        "runAsGroup": null,
                        "runAsNonRoot": null,
                        "runAsUser": null,
                        "seLinuxOptions": {
                          "level": null,
                          "role": null,
                          "type": null,
                          "user": null
                        },
                        "seccompProfile": {
                          "localhostProfile": null,
                          "type": null
                        },
                        "windowsOptions": {
                          "gmsaCredentialSpec": null,
                          "gmsaCredentialSpecName": null,
                          "hostProcess": null,
                          "runAsUserName": null
                        }
                      },
                      "startupProbe": {
                        "exec": {
                          "command": null
                        },
                        "failureThreshold": null,
                        "grpc": {
                          "port": null,
                          "service": null
                        },
                        "httpGet": {
                          "host": null,
                          "httpHeaders": null,
                          "path": null,
                          "port": null,
                          "scheme": null
                        },
                        "initialDelaySeconds": null,
                        "periodSeconds": null,
                        "successThreshold": null,
                        "tcpSocket": {
                          "host": null,
                          "port": null
                        },
                        "terminationGracePeriodSeconds": null,
                        "timeoutSeconds": null
                      },
                      "stdin": null,
                      "stdinOnce": null,
                      "terminationMessagePath": "/dev/termination-log",
                      "terminationMessagePolicy": "File",
                      "tty": null,
                      "volumeDevices": null,
                      "volumeMounts": [
                        {
                          "mountPath": "/var/run/secrets/kubernetes.io/serviceaccount",
                          "mountPropagation": null,
                          "name": "kube-api-access-8ksqj",
                          "readOnly": true,
                          "recursiveReadOnly": null,
                          "subPath": null,
                          "subPathExpr": null
                        }
                      ],
                      "workingDir": null
                    }
                  ],
                  "dnsConfig": {
                    "nameservers": null,
                    "options": null,
                    "searches": null
                  },
                  "dnsPolicy": "ClusterFirst",
                  "enableServiceLinks": true,
                  "ephemeralContainers": null,
                  "hostAliases": null,
                  "hostIPC": null,
                  "hostNetwork": null,
                  "hostPID": null,
                  "hostUsers": null,
                  "hostname": null,
                  "imagePullSecrets": null,
                  "initContainers": null,
                  "nodeName": "ip-10-0-10-235.ec2.internal",
                  "nodeSelector": null,
                  "os": {
                    "name": null
                  },
                  "overhead": null,
                  "preemptionPolicy": "PreemptLowerPriority",
                  "priority": 0,
                  "priorityClassName": null,
                  "readinessGates": null,
                  "resourceClaims": null,
                  "restartPolicy": "Never",
                  "runtimeClassName": null,
                  "schedulerName": "default-scheduler",
                  "schedulingGates": null,
                  "securityContext": {
                    "appArmorProfile": {
                      "localhostProfile": null,
                      "type": null
                    },
                    "fsGroup": null,
                    "fsGroupChangePolicy": null,
                    "runAsGroup": null,
                    "runAsNonRoot": null,
                    "runAsUser": null,
                    "seLinuxOptions": {
                      "level": null,
                      "role": null,
                      "type": null,
                      "user": null
                    },
                    "seccompProfile": {
                      "localhostProfile": null,
                      "type": null
                    },
                    "supplementalGroups": null,
                    "sysctls": null,
                    "windowsOptions": {
                      "gmsaCredentialSpec": null,
                      "gmsaCredentialSpecName": null,
                      "hostProcess": null,
                      "runAsUserName": null
                    }
                  },
                  "serviceAccount": "default",
                  "serviceAccountName": "default",
                  "setHostnameAsFQDN": null,
                  "shareProcessNamespace": null,
                  "subdomain": null,
                  "terminationGracePeriodSeconds": 30,
                  "tolerations": [
                    {
                      "effect": "NoExecute",
                      "key": "node.kubernetes.io/not-ready",
                      "operator": "Exists",
                      "tolerationSeconds": 300,
                      "value": null
                    },
                    {
                      "effect": "NoExecute",
                      "key": "node.kubernetes.io/unreachable",
                      "operator": "Exists",
                      "tolerationSeconds": 300,
                      "value": null
                    }
                  ],
                  "topologySpreadConstraints": null,
                  "volumes": [
                    {
                      "awsElasticBlockStore": {
                        "fsType": null,
                        "partition": null,
                        "readOnly": null,
                        "volumeID": null
                      },
                      "azureDisk": {
                        "cachingMode": null,
                        "diskName": null,
                        "diskURI": null,
                        "fsType": null,
                        "kind": null,
                        "readOnly": null
                      },
                      "azureFile": {
                        "readOnly": null,
                        "secretName": null,
                        "shareName": null
                      },
                      "cephfs": {
                        "monitors": null,
                        "path": null,
                        "readOnly": null,
                        "secretFile": null,
                        "secretRef": {
                          "name": null
                        },
                        "user": null
                      },
                      "cinder": {
                        "fsType": null,
                        "readOnly": null,
                        "secretRef": {
                          "name": null
                        },
                        "volumeID": null
                      },
                      "configMap": {
                        "defaultMode": null,
                        "items": null,
                        "name": null,
                        "optional": null
                      },
                      "csi": {
                        "driver": null,
                        "fsType": null,
                        "nodePublishSecretRef": {
                          "name": null
                        },
                        "readOnly": null,
                        "volumeAttributes": null
                      },
                      "downwardAPI": {
                        "defaultMode": null,
                        "items": null
                      },
                      "emptyDir": {
                        "medium": null,
                        "sizeLimit": null
                      },
                      "ephemeral": {
                        "volumeClaimTemplate": {
                          "metadata": {
                            "annotations": null,
                            "creationTimestamp": null,
                            "deletionGracePeriodSeconds": null,
                            "deletionTimestamp": null,
                            "finalizers": null,
                            "generateName": null,
                            "generation": null,
                            "labels": null,
                            "managedFields": null,
                            "name": null,
                            "namespace": null,
                            "ownerReferences": null,
                            "resourceVersion": null,
                            "selfLink": null,
                            "uid": null
                          },
                          "spec": {
                            "accessModes": null,
                            "dataSource": {
                              "apiGroup": null,
                              "kind": null,
                              "name": null
                            },
                            "dataSourceRef": {
                              "apiGroup": null,
                              "kind": null,
                              "name": null,
                              "namespace": null
                            },
                            "resources": {
                              "limits": null,
                              "requests": null
                            },
                            "selector": {
                              "matchExpressions": null,
                              "matchLabels": null
                            },
                            "storageClassName": null,
                            "volumeAttributesClassName": null,
                            "volumeMode": null,
                            "volumeName": null
                          }
                        }
                      },
                      "fc": {
                        "fsType": null,
                        "lun": null,
                        "readOnly": null,
                        "targetWWNs": null,
                        "wwids": null
                      },
                      "flexVolume": {
                        "driver": null,
                        "fsType": null,
                        "options": null,
                        "readOnly": null,
                        "secretRef": {
                          "name": null
                        }
                      },
                      "flocker": {
                        "datasetName": null,
                        "datasetUUID": null
                      },
                      "gcePersistentDisk": {
                        "fsType": null,
                        "partition": null,
                        "pdName": null,
                        "readOnly": null
                      },
                      "gitRepo": {
                        "directory": null,
                        "repository": null,
                        "revision": null
                      },
                      "glusterfs": {
                        "endpoints": null,
                        "path": null,
                        "readOnly": null
                      },
                      "hostPath": {
                        "path": null,
                        "type": null
                      },
                      "iscsi": {
                        "chapAuthDiscovery": null,
                        "chapAuthSession": null,
                        "fsType": null,
                        "initiatorName": null,
                        "iqn": null,
                        "iscsiInterface": null,
                        "lun": null,
                        "portals": null,
                        "readOnly": null,
                        "secretRef": {
                          "name": null
                        },
                        "targetPortal": null
                      },
                      "name": "kube-api-access-8ksqj",
                      "nfs": {
                        "path": null,
                        "readOnly": null,
                        "server": null
                      },
                      "persistentVolumeClaim": {
                        "claimName": null,
                        "readOnly": null
                      },
                      "photonPersistentDisk": {
                        "fsType": null,
                        "pdID": null
                      },
                      "portworxVolume": {
                        "fsType": null,
                        "readOnly": null,
                        "volumeID": null
                      },
                      "projected": {
                        "defaultMode": 420,
                        "sources": [
                          {
                            "clusterTrustBundle": {
                              "labelSelector": {
                                "matchExpressions": null,
                                "matchLabels": null
                              },
                              "name": null,
                              "optional": null,
                              "path": null,
                              "signerName": null
                            },
                            "configMap": {
                              "items": null,
                              "name": null,
                              "optional": null
                            },
                            "downwardAPI": {
                              "items": null
                            },
                            "secret": {
                              "items": null,
                              "name": null,
                              "optional": null
                            },
                            "serviceAccountToken": {
                              "audience": null,
                              "expirationSeconds": 3607,
                              "path": "token"
                            }
                          },
                          {
                            "clusterTrustBundle": {
                              "labelSelector": {
                                "matchExpressions": null,
                                "matchLabels": null
                              },
                              "name": null,
                              "optional": null,
                              "path": null,
                              "signerName": null
                            },
                            "configMap": {
                              "items": [
                                {
                                  "key": "ca.crt",
                                  "mode": null,
                                  "path": "ca.crt"
                                }
                              ],
                              "name": "kube-root-ca.crt",
                              "optional": null
                            },
                            "downwardAPI": {
                              "items": null
                            },
                            "secret": {
                              "items": null,
                              "name": null,
                              "optional": null
                            },
                            "serviceAccountToken": {
                              "audience": null,
                              "expirationSeconds": null,
                              "path": null
                            }
                          },
                          {
                            "clusterTrustBundle": {
                              "labelSelector": {
                                "matchExpressions": null,
                                "matchLabels": null
                              },
                              "name": null,
                              "optional": null,
                              "path": null,
                              "signerName": null
                            },
                            "configMap": {
                              "items": null,
                              "name": null,
                              "optional": null
                            },
                            "downwardAPI": {
                              "items": [
                                {
                                  "fieldRef": {
                                    "apiVersion": "v1",
                                    "fieldPath": "metadata.namespace"
                                  },
                                  "mode": null,
                                  "path": "namespace",
                                  "resourceFieldRef": {
                                    "containerName": null,
                                    "divisor": null,
                                    "resource": null
                                  }
                                }
                              ]
                            },
                            "secret": {
                              "items": null,
                              "name": null,
                              "optional": null
                            },
                            "serviceAccountToken": {
                              "audience": null,
                              "expirationSeconds": null,
                              "path": null
                            }
                          }
                        ]
                      },
                      "quobyte": {
                        "group": null,
                        "readOnly": null,
                        "registry": null,
                        "tenant": null,
                        "user": null,
                        "volume": null
                      },
                      "rbd": {
                        "fsType": null,
                        "image": null,
                        "keyring": null,
                        "monitors": null,
                        "pool": null,
                        "readOnly": null,
                        "secretRef": {
                          "name": null
                        },
                        "user": null
                      },
                      "scaleIO": {
                        "fsType": null,
                        "gateway": null,
                        "protectionDomain": null,
                        "readOnly": null,
                        "secretRef": {
                          "name": null
                        },
                        "sslEnabled": null,
                        "storageMode": null,
                        "storagePool": null,
                        "system": null,
                        "volumeName": null
                      },
                      "secret": {
                        "defaultMode": null,
                        "items": null,
                        "optional": null,
                        "secretName": null
                      },
                      "storageos": {
                        "fsType": null,
                        "readOnly": null,
                        "secretRef": {
                          "name": null
                        },
                        "volumeName": null,
                        "volumeNamespace": null
                      },
                      "vsphereVolume": {
                        "fsType": null,
                        "storagePolicyID": null,
                        "storagePolicyName": null,
                        "volumePath": null
                      }
                    }
                  ]
                }
              },
              "type": [
                "object",
                {
                  "apiVersion": "string",
                  "kind": "string",
                  "metadata": [
                    "object",
                    {
                      "annotations": [
                        "map",
                        "string"
                      ],
                      "creationTimestamp": "string",
                      "deletionGracePeriodSeconds": "number",
                      "deletionTimestamp": "string",
                      "finalizers": [
                        "list",
                        "string"
                      ],
                      "generateName": "string",
                      "generation": "number",
                      "labels": [
                        "map",
                        "string"
                      ],
                      "managedFields": [
                        "tuple",
                        [
                          [
                            "object",
                            {
                              "apiVersion": "string",
                              "fieldsType": "string",
                              "fieldsV1": "dynamic",
                              "manager": "string",
                              "operation": "string",
                              "subresource": "string",
                              "time": "string"
                            }
                          ]
                        ]
                      ],
                      "name": "string",
                      "namespace": "string",
                      "ownerReferences": [
                        "list",
                        [
                          "object",
                          {
                            "apiVersion": "string",
                            "blockOwnerDeletion": "bool",
                            "controller": "bool",
                            "kind": "string",
                            "name": "string",
                            "uid": "string"
                          }
                        ]
                      ],
                      "resourceVersion": "string",
                      "selfLink": "string",
                      "uid": "string"
                    }
                  ],
                  "spec": [
                    "object",
                    {
                      "activeDeadlineSeconds": "number",
                      "affinity": [
                        "object",
                        {
                          "nodeAffinity": [
                            "object",
                            {
                              "preferredDuringSchedulingIgnoredDuringExecution": [
                                "list",
                                [
                                  "object",
                                  {
                                    "preference": [
                                      "object",
                                      {
                                        "matchExpressions": [
                                          "list",
                                          [
                                            "object",
                                            {
                                              "key": "string",
                                              "operator": "string",
                                              "values": [
                                                "list",
                                                "string"
                                              ]
                                            }
                                          ]
                                        ],
                                        "matchFields": [
                                          "list",
                                          [
                                            "object",
                                            {
                                              "key": "string",
                                              "operator": "string",
                                              "values": [
                                                "list",
                                                "string"
                                              ]
                                            }
                                          ]
                                        ]
                                      }
                                    ],
                                    "weight": "number"
                                  }
                                ]
                              ],
                              "requiredDuringSchedulingIgnoredDuringExecution": [
                                "object",
                                {
                                  "nodeSelectorTerms": [
                                    "list",
                                    [
                                      "object",
                                      {
                                        "matchExpressions": [
                                          "list",
                                          [
                                            "object",
                                            {
                                              "key": "string",
                                              "operator": "string",
                                              "values": [
                                                "list",
                                                "string"
                                              ]
                                            }
                                          ]
                                        ],
                                        "matchFields": [
                                          "list",
                                          [
                                            "object",
                                            {
                                              "key": "string",
                                              "operator": "string",
                                              "values": [
                                                "list",
                                                "string"
                                              ]
                                            }
                                          ]
                                        ]
                                      }
                                    ]
                                  ]
                                }
                              ]
                            }
                          ],
                          "podAffinity": [
                            "object",
                            {
                              "preferredDuringSchedulingIgnoredDuringExecution": [
                                "list",
                                [
                                  "object",
                                  {
                                    "podAffinityTerm": [
                                      "object",
                                      {
                                        "labelSelector": [
                                          "object",
                                          {
                                            "matchExpressions": [
                                              "list",
                                              [
                                                "object",
                                                {
                                                  "key": "string",
                                                  "operator": "string",
                                                  "values": [
                                                    "list",
                                                    "string"
                                                  ]
                                                }
                                              ]
                                            ],
                                            "matchLabels": [
                                              "map",
                                              "string"
                                            ]
                                          }
                                        ],
                                        "matchLabelKeys": [
                                          "list",
                                          "string"
                                        ],
                                        "mismatchLabelKeys": [
                                          "list",
                                          "string"
                                        ],
                                        "namespaceSelector": [
                                          "object",
                                          {
                                            "matchExpressions": [
                                              "list",
                                              [
                                                "object",
                                                {
                                                  "key": "string",
                                                  "operator": "string",
                                                  "values": [
                                                    "list",
                                                    "string"
                                                  ]
                                                }
                                              ]
                                            ],
                                            "matchLabels": [
                                              "map",
                                              "string"
                                            ]
                                          }
                                        ],
                                        "namespaces": [
                                          "list",
                                          "string"
                                        ],
                                        "topologyKey": "string"
                                      }
                                    ],
                                    "weight": "number"
                                  }
                                ]
                              ],
                              "requiredDuringSchedulingIgnoredDuringExecution": [
                                "list",
                                [
                                  "object",
                                  {
                                    "labelSelector": [
                                      "object",
                                      {
                                        "matchExpressions": [
                                          "list",
                                          [
                                            "object",
                                            {
                                              "key": "string",
                                              "operator": "string",
                                              "values": [
                                                "list",
                                                "string"
                                              ]
                                            }
                                          ]
                                        ],
                                        "matchLabels": [
                                          "map",
                                          "string"
                                        ]
                                      }
                                    ],
                                    "matchLabelKeys": [
                                      "list",
                                      "string"
                                    ],
                                    "mismatchLabelKeys": [
                                      "list",
                                      "string"
                                    ],
                                    "namespaceSelector": [
                                      "object",
                                      {
                                        "matchExpressions": [
                                          "list",
                                          [
                                            "object",
                                            {
                                              "key": "string",
                                              "operator": "string",
                                              "values": [
                                                "list",
                                                "string"
                                              ]
                                            }
                                          ]
                                        ],
                                        "matchLabels": [
                                          "map",
                                          "string"
                                        ]
                                      }
                                    ],
                                    "namespaces": [
                                      "list",
                                      "string"
                                    ],
                                    "topologyKey": "string"
                                  }
                                ]
                              ]
                            }
                          ],
                          "podAntiAffinity": [
                            "object",
                            {
                              "preferredDuringSchedulingIgnoredDuringExecution": [
                                "list",
                                [
                                  "object",
                                  {
                                    "podAffinityTerm": [
                                      "object",
                                      {
                                        "labelSelector": [
                                          "object",
                                          {
                                            "matchExpressions": [
                                              "list",
                                              [
                                                "object",
                                                {
                                                  "key": "string",
                                                  "operator": "string",
                                                  "values": [
                                                    "list",
                                                    "string"
                                                  ]
                                                }
                                              ]
                                            ],
                                            "matchLabels": [
                                              "map",
                                              "string"
                                            ]
                                          }
                                        ],
                                        "matchLabelKeys": [
                                          "list",
                                          "string"
                                        ],
                                        "mismatchLabelKeys": [
                                          "list",
                                          "string"
                                        ],
                                        "namespaceSelector": [
                                          "object",
                                          {
                                            "matchExpressions": [
                                              "list",
                                              [
                                                "object",
                                                {
                                                  "key": "string",
                                                  "operator": "string",
                                                  "values": [
                                                    "list",
                                                    "string"
                                                  ]
                                                }
                                              ]
                                            ],
                                            "matchLabels": [
                                              "map",
                                              "string"
                                            ]
                                          }
                                        ],
                                        "namespaces": [
                                          "list",
                                          "string"
                                        ],
                                        "topologyKey": "string"
                                      }
                                    ],
                                    "weight": "number"
                                  }
                                ]
                              ],
                              "requiredDuringSchedulingIgnoredDuringExecution": [
                                "list",
                                [
                                  "object",
                                  {
                                    "labelSelector": [
                                      "object",
                                      {
                                        "matchExpressions": [
                                          "list",
                                          [
                                            "object",
                                            {
                                              "key": "string",
                                              "operator": "string",
                                              "values": [
                                                "list",
                                                "string"
                                              ]
                                            }
                                          ]
                                        ],
                                        "matchLabels": [
                                          "map",
                                          "string"
                                        ]
                                      }
                                    ],
                                    "matchLabelKeys": [
                                      "list",
                                      "string"
                                    ],
                                    "mismatchLabelKeys": [
                                      "list",
                                      "string"
                                    ],
                                    "namespaceSelector": [
                                      "object",
                                      {
                                        "matchExpressions": [
                                          "list",
                                          [
                                            "object",
                                            {
                                              "key": "string",
                                              "operator": "string",
                                              "values": [
                                                "list",
                                                "string"
                                              ]
                                            }
                                          ]
                                        ],
                                        "matchLabels": [
                                          "map",
                                          "string"
                                        ]
                                      }
                                    ],
                                    "namespaces": [
                                      "list",
                                      "string"
                                    ],
                                    "topologyKey": "string"
                                  }
                                ]
                              ]
                            }
                          ]
                        }
                      ],
                      "automountServiceAccountToken": "bool",
                      "containers": [
                        "list",
                        [
                          "object",
                          {
                            "args": [
                              "list",
                              "string"
                            ],
                            "command": [
                              "list",
                              "string"
                            ],
                            "env": [
                              "list",
                              [
                                "object",
                                {
                                  "name": "string",
                                  "value": "string",
                                  "valueFrom": [
                                    "object",
                                    {
                                      "configMapKeyRef": [
                                        "object",
                                        {
                                          "key": "string",
                                          "name": "string",
                                          "optional": "bool"
                                        }
                                      ],
                                      "fieldRef": [
                                        "object",
                                        {
                                          "apiVersion": "string",
                                          "fieldPath": "string"
                                        }
                                      ],
                                      "resourceFieldRef": [
                                        "object",
                                        {
                                          "containerName": "string",
                                          "divisor": "string",
                                          "resource": "string"
                                        }
                                      ],
                                      "secretKeyRef": [
                                        "object",
                                        {
                                          "key": "string",
                                          "name": "string",
                                          "optional": "bool"
                                        }
                                      ]
                                    }
                                  ]
                                }
                              ]
                            ],
                            "envFrom": [
                              "list",
                              [
                                "object",
                                {
                                  "configMapRef": [
                                    "object",
                                    {
                                      "name": "string",
                                      "optional": "bool"
                                    }
                                  ],
                                  "prefix": "string",
                                  "secretRef": [
                                    "object",
                                    {
                                      "name": "string",
                                      "optional": "bool"
                                    }
                                  ]
                                }
                              ]
                            ],
                            "image": "string",
                            "imagePullPolicy": "string",
                            "lifecycle": [
                              "object",
                              {
                                "postStart": [
                                  "object",
                                  {
                                    "exec": [
                                      "object",
                                      {
                                        "command": [
                                          "list",
                                          "string"
                                        ]
                                      }
                                    ],
                                    "httpGet": [
                                      "object",
                                      {
                                        "host": "string",
                                        "httpHeaders": [
                                          "list",
                                          [
                                            "object",
                                            {
                                              "name": "string",
                                              "value": "string"
                                            }
                                          ]
                                        ],
                                        "path": "string",
                                        "port": "string",
                                        "scheme": "string"
                                      }
                                    ],
                                    "sleep": [
                                      "object",
                                      {
                                        "seconds": "number"
                                      }
                                    ],
                                    "tcpSocket": [
                                      "object",
                                      {
                                        "host": "string",
                                        "port": "string"
                                      }
                                    ]
                                  }
                                ],
                                "preStop": [
                                  "object",
                                  {
                                    "exec": [
                                      "object",
                                      {
                                        "command": [
                                          "list",
                                          "string"
                                        ]
                                      }
                                    ],
                                    "httpGet": [
                                      "object",
                                      {
                                        "host": "string",
                                        "httpHeaders": [
                                          "list",
                                          [
                                            "object",
                                            {
                                              "name": "string",
                                              "value": "string"
                                            }
                                          ]
                                        ],
                                        "path": "string",
                                        "port": "string",
                                        "scheme": "string"
                                      }
                                    ],
                                    "sleep": [
                                      "object",
                                      {
                                        "seconds": "number"
                                      }
                                    ],
                                    "tcpSocket": [
                                      "object",
                                      {
                                        "host": "string",
                                        "port": "string"
                                      }
                                    ]
                                  }
                                ]
                              }
                            ],
                            "livenessProbe": [
                              "object",
                              {
                                "exec": [
                                  "object",
                                  {
                                    "command": [
                                      "list",
                                      "string"
                                    ]
                                  }
                                ],
                                "failureThreshold": "number",
                                "grpc": [
                                  "object",
                                  {
                                    "port": "number",
                                    "service": "string"
                                  }
                                ],
                                "httpGet": [
                                  "object",
                                  {
                                    "host": "string",
                                    "httpHeaders": [
                                      "list",
                                      [
                                        "object",
                                        {
                                          "name": "string",
                                          "value": "string"
                                        }
                                      ]
                                    ],
                                    "path": "string",
                                    "port": "string",
                                    "scheme": "string"
                                  }
                                ],
                                "initialDelaySeconds": "number",
                                "periodSeconds": "number",
                                "successThreshold": "number",
                                "tcpSocket": [
                                  "object",
                                  {
                                    "host": "string",
                                    "port": "string"
                                  }
                                ],
                                "terminationGracePeriodSeconds": "number",
                                "timeoutSeconds": "number"
                              }
                            ],
                            "name": "string",
                            "ports": [
                              "list",
                              [
                                "object",
                                {
                                  "containerPort": "number",
                                  "hostIP": "string",
                                  "hostPort": "number",
                                  "name": "string",
                                  "protocol": "string"
                                }
                              ]
                            ],
                            "readinessProbe": [
                              "object",
                              {
                                "exec": [
                                  "object",
                                  {
                                    "command": [
                                      "list",
                                      "string"
                                    ]
                                  }
                                ],
                                "failureThreshold": "number",
                                "grpc": [
                                  "object",
                                  {
                                    "port": "number",
                                    "service": "string"
                                  }
                                ],
                                "httpGet": [
                                  "object",
                                  {
                                    "host": "string",
                                    "httpHeaders": [
                                      "list",
                                      [
                                        "object",
                                        {
                                          "name": "string",
                                          "value": "string"
                                        }
                                      ]
                                    ],
                                    "path": "string",
                                    "port": "string",
                                    "scheme": "string"
                                  }
                                ],
                                "initialDelaySeconds": "number",
                                "periodSeconds": "number",
                                "successThreshold": "number",
                                "tcpSocket": [
                                  "object",
                                  {
                                    "host": "string",
                                    "port": "string"
                                  }
                                ],
                                "terminationGracePeriodSeconds": "number",
                                "timeoutSeconds": "number"
                              }
                            ],
                            "resizePolicy": [
                              "list",
                              [
                                "object",
                                {
                                  "resourceName": "string",
                                  "restartPolicy": "string"
                                }
                              ]
                            ],
                            "resources": [
                              "object",
                              {
                                "claims": [
                                  "list",
                                  [
                                    "object",
                                    {
                                      "name": "string"
                                    }
                                  ]
                                ],
                                "limits": [
                                  "map",
                                  "string"
                                ],
                                "requests": [
                                  "map",
                                  "string"
                                ]
                              }
                            ],
                            "restartPolicy": "string",
                            "securityContext": [
                              "object",
                              {
                                "allowPrivilegeEscalation": "bool",
                                "appArmorProfile": [
                                  "object",
                                  {
                                    "localhostProfile": "string",
                                    "type": "string"
                                  }
                                ],
                                "capabilities": [
                                  "object",
                                  {
                                    "add": [
                                      "list",
                                      "string"
                                    ],
                                    "drop": [
                                      "list",
                                      "string"
                                    ]
                                  }
                                ],
                                "privileged": "bool",
                                "procMount": "string",
                                "readOnlyRootFilesystem": "bool",
                                "runAsGroup": "number",
                                "runAsNonRoot": "bool",
                                "runAsUser": "number",
                                "seLinuxOptions": [
                                  "object",
                                  {
                                    "level": "string",
                                    "role": "string",
                                    "type": "string",
                                    "user": "string"
                                  }
                                ],
                                "seccompProfile": [
                                  "object",
                                  {
                                    "localhostProfile": "string",
                                    "type": "string"
                                  }
                                ],
                                "windowsOptions": [
                                  "object",
                                  {
                                    "gmsaCredentialSpec": "string",
                                    "gmsaCredentialSpecName": "string",
                                    "hostProcess": "bool",
                                    "runAsUserName": "string"
                                  }
                                ]
                              }
                            ],
                            "startupProbe": [
                              "object",
                              {
                                "exec": [
                                  "object",
                                  {
                                    "command": [
                                      "list",
                                      "string"
                                    ]
                                  }
                                ],
                                "failureThreshold": "number",
                                "grpc": [
                                  "object",
                                  {
                                    "port": "number",
                                    "service": "string"
                                  }
                                ],
                                "httpGet": [
                                  "object",
                                  {
                                    "host": "string",
                                    "httpHeaders": [
                                      "list",
                                      [
                                        "object",
                                        {
                                          "name": "string",
                                          "value": "string"
                                        }
                                      ]
                                    ],
                                    "path": "string",
                                    "port": "string",
                                    "scheme": "string"
                                  }
                                ],
                                "initialDelaySeconds": "number",
                                "periodSeconds": "number",
                                "successThreshold": "number",
                                "tcpSocket": [
                                  "object",
                                  {
                                    "host": "string",
                                    "port": "string"
                                  }
                                ],
                                "terminationGracePeriodSeconds": "number",
                                "timeoutSeconds": "number"
                              }
                            ],
                            "stdin": "bool",
                            "stdinOnce": "bool",
                            "terminationMessagePath": "string",
                            "terminationMessagePolicy": "string",
                            "tty": "bool",
                            "volumeDevices": [
                              "list",
                              [
                                "object",
                                {
                                  "devicePath": "string",
                                  "name": "string"
                                }
                              ]
                            ],
                            "volumeMounts": [
                              "list",
                              [
                                "object",
                                {
                                  "mountPath": "string",
                                  "mountPropagation": "string",
                                  "name": "string",
                                  "readOnly": "bool",
                                  "recursiveReadOnly": "string",
                                  "subPath": "string",
                                  "subPathExpr": "string"
                                }
                              ]
                            ],
                            "workingDir": "string"
                          }
                        ]
                      ],
                      "dnsConfig": [
                        "object",
                        {
                          "nameservers": [
                            "list",
                            "string"
                          ],
                          "options": [
                            "list",
                            [
                              "object",
                              {
                                "name": "string",
                                "value": "string"
                              }
                            ]
                          ],
                          "searches": [
                            "list",
                            "string"
                          ]
                        }
                      ],
                      "dnsPolicy": "string",
                      "enableServiceLinks": "bool",
                      "ephemeralContainers": [
                        "list",
                        [
                          "object",
                          {
                            "args": [
                              "list",
                              "string"
                            ],
                            "command": [
                              "list",
                              "string"
                            ],
                            "env": [
                              "list",
                              [
                                "object",
                                {
                                  "name": "string",
                                  "value": "string",
                                  "valueFrom": [
                                    "object",
                                    {
                                      "configMapKeyRef": [
                                        "object",
                                        {
                                          "key": "string",
                                          "name": "string",
                                          "optional": "bool"
                                        }
                                      ],
                                      "fieldRef": [
                                        "object",
                                        {
                                          "apiVersion": "string",
                                          "fieldPath": "string"
                                        }
                                      ],
                                      "resourceFieldRef": [
                                        "object",
                                        {
                                          "containerName": "string",
                                          "divisor": "string",
                                          "resource": "string"
                                        }
                                      ],
                                      "secretKeyRef": [
                                        "object",
                                        {
                                          "key": "string",
                                          "name": "string",
                                          "optional": "bool"
                                        }
                                      ]
                                    }
                                  ]
                                }
                              ]
                            ],
                            "envFrom": [
                              "list",
                              [
                                "object",
                                {
                                  "configMapRef": [
                                    "object",
                                    {
                                      "name": "string",
                                      "optional": "bool"
                                    }
                                  ],
                                  "prefix": "string",
                                  "secretRef": [
                                    "object",
                                    {
                                      "name": "string",
                                      "optional": "bool"
                                    }
                                  ]
                                }
                              ]
                            ],
                            "image": "string",
                            "imagePullPolicy": "string",
                            "lifecycle": [
                              "object",
                              {
                                "postStart": [
                                  "object",
                                  {
                                    "exec": [
                                      "object",
                                      {
                                        "command": [
                                          "list",
                                          "string"
                                        ]
                                      }
                                    ],
                                    "httpGet": [
                                      "object",
                                      {
                                        "host": "string",
                                        "httpHeaders": [
                                          "list",
                                          [
                                            "object",
                                            {
                                              "name": "string",
                                              "value": "string"
                                            }
                                          ]
                                        ],
                                        "path": "string",
                                        "port": "string",
                                        "scheme": "string"
                                      }
                                    ],
                                    "sleep": [
                                      "object",
                                      {
                                        "seconds": "number"
                                      }
                                    ],
                                    "tcpSocket": [
                                      "object",
                                      {
                                        "host": "string",
                                        "port": "string"
                                      }
                                    ]
                                  }
                                ],
                                "preStop": [
                                  "object",
                                  {
                                    "exec": [
                                      "object",
                                      {
                                        "command": [
                                          "list",
                                          "string"
                                        ]
                                      }
                                    ],
                                    "httpGet": [
                                      "object",
                                      {
                                        "host": "string",
                                        "httpHeaders": [
                                          "list",
                                          [
                                            "object",
                                            {
                                              "name": "string",
                                              "value": "string"
                                            }
                                          ]
                                        ],
                                        "path": "string",
                                        "port": "string",
                                        "scheme": "string"
                                      }
                                    ],
                                    "sleep": [
                                      "object",
                                      {
                                        "seconds": "number"
                                      }
                                    ],
                                    "tcpSocket": [
                                      "object",
                                      {
                                        "host": "string",
                                        "port": "string"
                                      }
                                    ]
                                  }
                                ]
                              }
                            ],
                            "livenessProbe": [
                              "object",
                              {
                                "exec": [
                                  "object",
                                  {
                                    "command": [
                                      "list",
                                      "string"
                                    ]
                                  }
                                ],
                                "failureThreshold": "number",
                                "grpc": [
                                  "object",
                                  {
                                    "port": "number",
                                    "service": "string"
                                  }
                                ],
                                "httpGet": [
                                  "object",
                                  {
                                    "host": "string",
                                    "httpHeaders": [
                                      "list",
                                      [
                                        "object",
                                        {
                                          "name": "string",
                                          "value": "string"
                                        }
                                      ]
                                    ],
                                    "path": "string",
                                    "port": "string",
                                    "scheme": "string"
                                  }
                                ],
                                "initialDelaySeconds": "number",
                                "periodSeconds": "number",
                                "successThreshold": "number",
                                "tcpSocket": [
                                  "object",
                                  {
                                    "host": "string",
                                    "port": "string"
                                  }
                                ],
                                "terminationGracePeriodSeconds": "number",
                                "timeoutSeconds": "number"
                              }
                            ],
                            "name": "string",
                            "ports": [
                              "list",
                              [
                                "object",
                                {
                                  "containerPort": "number",
                                  "hostIP": "string",
                                  "hostPort": "number",
                                  "name": "string",
                                  "protocol": "string"
                                }
                              ]
                            ],
                            "readinessProbe": [
                              "object",
                              {
                                "exec": [
                                  "object",
                                  {
                                    "command": [
                                      "list",
                                      "string"
                                    ]
                                  }
                                ],
                                "failureThreshold": "number",
                                "grpc": [
                                  "object",
                                  {
                                    "port": "number",
                                    "service": "string"
                                  }
                                ],
                                "httpGet": [
                                  "object",
                                  {
                                    "host": "string",
                                    "httpHeaders": [
                                      "list",
                                      [
                                        "object",
                                        {
                                          "name": "string",
                                          "value": "string"
                                        }
                                      ]
                                    ],
                                    "path": "string",
                                    "port": "string",
                                    "scheme": "string"
                                  }
                                ],
                                "initialDelaySeconds": "number",
                                "periodSeconds": "number",
                                "successThreshold": "number",
                                "tcpSocket": [
                                  "object",
                                  {
                                    "host": "string",
                                    "port": "string"
                                  }
                                ],
                                "terminationGracePeriodSeconds": "number",
                                "timeoutSeconds": "number"
                              }
                            ],
                            "resizePolicy": [
                              "list",
                              [
                                "object",
                                {
                                  "resourceName": "string",
                                  "restartPolicy": "string"
                                }
                              ]
                            ],
                            "resources": [
                              "object",
                              {
                                "claims": [
                                  "list",
                                  [
                                    "object",
                                    {
                                      "name": "string"
                                    }
                                  ]
                                ],
                                "limits": [
                                  "map",
                                  "string"
                                ],
                                "requests": [
                                  "map",
                                  "string"
                                ]
                              }
                            ],
                            "restartPolicy": "string",
                            "securityContext": [
                              "object",
                              {
                                "allowPrivilegeEscalation": "bool",
                                "appArmorProfile": [
                                  "object",
                                  {
                                    "localhostProfile": "string",
                                    "type": "string"
                                  }
                                ],
                                "capabilities": [
                                  "object",
                                  {
                                    "add": [
                                      "list",
                                      "string"
                                    ],
                                    "drop": [
                                      "list",
                                      "string"
                                    ]
                                  }
                                ],
                                "privileged": "bool",
                                "procMount": "string",
                                "readOnlyRootFilesystem": "bool",
                                "runAsGroup": "number",
                                "runAsNonRoot": "bool",
                                "runAsUser": "number",
                                "seLinuxOptions": [
                                  "object",
                                  {
                                    "level": "string",
                                    "role": "string",
                                    "type": "string",
                                    "user": "string"
                                  }
                                ],
                                "seccompProfile": [
                                  "object",
                                  {
                                    "localhostProfile": "string",
                                    "type": "string"
                                  }
                                ],
                                "windowsOptions": [
                                  "object",
                                  {
                                    "gmsaCredentialSpec": "string",
                                    "gmsaCredentialSpecName": "string",
                                    "hostProcess": "bool",
                                    "runAsUserName": "string"
                                  }
                                ]
                              }
                            ],
                            "startupProbe": [
                              "object",
                              {
                                "exec": [
                                  "object",
                                  {
                                    "command": [
                                      "list",
                                      "string"
                                    ]
                                  }
                                ],
                                "failureThreshold": "number",
                                "grpc": [
                                  "object",
                                  {
                                    "port": "number",
                                    "service": "string"
                                  }
                                ],
                                "httpGet": [
                                  "object",
                                  {
                                    "host": "string",
                                    "httpHeaders": [
                                      "list",
                                      [
                                        "object",
                                        {
                                          "name": "string",
                                          "value": "string"
                                        }
                                      ]
                                    ],
                                    "path": "string",
                                    "port": "string",
                                    "scheme": "string"
                                  }
                                ],
                                "initialDelaySeconds": "number",
                                "periodSeconds": "number",
                                "successThreshold": "number",
                                "tcpSocket": [
                                  "object",
                                  {
                                    "host": "string",
                                    "port": "string"
                                  }
                                ],
                                "terminationGracePeriodSeconds": "number",
                                "timeoutSeconds": "number"
                              }
                            ],
                            "stdin": "bool",
                            "stdinOnce": "bool",
                            "targetContainerName": "string",
                            "terminationMessagePath": "string",
                            "terminationMessagePolicy": "string",
                            "tty": "bool",
                            "volumeDevices": [
                              "list",
                              [
                                "object",
                                {
                                  "devicePath": "string",
                                  "name": "string"
                                }
                              ]
                            ],
                            "volumeMounts": [
                              "list",
                              [
                                "object",
                                {
                                  "mountPath": "string",
                                  "mountPropagation": "string",
                                  "name": "string",
                                  "readOnly": "bool",
                                  "recursiveReadOnly": "string",
                                  "subPath": "string",
                                  "subPathExpr": "string"
                                }
                              ]
                            ],
                            "workingDir": "string"
                          }
                        ]
                      ],
                      "hostAliases": [
                        "list",
                        [
                          "object",
                          {
                            "hostnames": [
                              "list",
                              "string"
                            ],
                            "ip": "string"
                          }
                        ]
                      ],
                      "hostIPC": "bool",
                      "hostNetwork": "bool",
                      "hostPID": "bool",
                      "hostUsers": "bool",
                      "hostname": "string",
                      "imagePullSecrets": [
                        "list",
                        [
                          "object",
                          {
                            "name": "string"
                          }
                        ]
                      ],
                      "initContainers": [
                        "list",
                        [
                          "object",
                          {
                            "args": [
                              "list",
                              "string"
                            ],
                            "command": [
                              "list",
                              "string"
                            ],
                            "env": [
                              "list",
                              [
                                "object",
                                {
                                  "name": "string",
                                  "value": "string",
                                  "valueFrom": [
                                    "object",
                                    {
                                      "configMapKeyRef": [
                                        "object",
                                        {
                                          "key": "string",
                                          "name": "string",
                                          "optional": "bool"
                                        }
                                      ],
                                      "fieldRef": [
                                        "object",
                                        {
                                          "apiVersion": "string",
                                          "fieldPath": "string"
                                        }
                                      ],
                                      "resourceFieldRef": [
                                        "object",
                                        {
                                          "containerName": "string",
                                          "divisor": "string",
                                          "resource": "string"
                                        }
                                      ],
                                      "secretKeyRef": [
                                        "object",
                                        {
                                          "key": "string",
                                          "name": "string",
                                          "optional": "bool"
                                        }
                                      ]
                                    }
                                  ]
                                }
                              ]
                            ],
                            "envFrom": [
                              "list",
                              [
                                "object",
                                {
                                  "configMapRef": [
                                    "object",
                                    {
                                      "name": "string",
                                      "optional": "bool"
                                    }
                                  ],
                                  "prefix": "string",
                                  "secretRef": [
                                    "object",
                                    {
                                      "name": "string",
                                      "optional": "bool"
                                    }
                                  ]
                                }
                              ]
                            ],
                            "image": "string",
                            "imagePullPolicy": "string",
                            "lifecycle": [
                              "object",
                              {
                                "postStart": [
                                  "object",
                                  {
                                    "exec": [
                                      "object",
                                      {
                                        "command": [
                                          "list",
                                          "string"
                                        ]
                                      }
                                    ],
                                    "httpGet": [
                                      "object",
                                      {
                                        "host": "string",
                                        "httpHeaders": [
                                          "list",
                                          [
                                            "object",
                                            {
                                              "name": "string",
                                              "value": "string"
                                            }
                                          ]
                                        ],
                                        "path": "string",
                                        "port": "string",
                                        "scheme": "string"
                                      }
                                    ],
                                    "sleep": [
                                      "object",
                                      {
                                        "seconds": "number"
                                      }
                                    ],
                                    "tcpSocket": [
                                      "object",
                                      {
                                        "host": "string",
                                        "port": "string"
                                      }
                                    ]
                                  }
                                ],
                                "preStop": [
                                  "object",
                                  {
                                    "exec": [
                                      "object",
                                      {
                                        "command": [
                                          "list",
                                          "string"
                                        ]
                                      }
                                    ],
                                    "httpGet": [
                                      "object",
                                      {
                                        "host": "string",
                                        "httpHeaders": [
                                          "list",
                                          [
                                            "object",
                                            {
                                              "name": "string",
                                              "value": "string"
                                            }
                                          ]
                                        ],
                                        "path": "string",
                                        "port": "string",
                                        "scheme": "string"
                                      }
                                    ],
                                    "sleep": [
                                      "object",
                                      {
                                        "seconds": "number"
                                      }
                                    ],
                                    "tcpSocket": [
                                      "object",
                                      {
                                        "host": "string",
                                        "port": "string"
                                      }
                                    ]
                                  }
                                ]
                              }
                            ],
                            "livenessProbe": [
                              "object",
                              {
                                "exec": [
                                  "object",
                                  {
                                    "command": [
                                      "list",
                                      "string"
                                    ]
                                  }
                                ],
                                "failureThreshold": "number",
                                "grpc": [
                                  "object",
                                  {
                                    "port": "number",
                                    "service": "string"
                                  }
                                ],
                                "httpGet": [
                                  "object",
                                  {
                                    "host": "string",
                                    "httpHeaders": [
                                      "list",
                                      [
                                        "object",
                                        {
                                          "name": "string",
                                          "value": "string"
                                        }
                                      ]
                                    ],
                                    "path": "string",
                                    "port": "string",
                                    "scheme": "string"
                                  }
                                ],
                                "initialDelaySeconds": "number",
                                "periodSeconds": "number",
                                "successThreshold": "number",
                                "tcpSocket": [
                                  "object",
                                  {
                                    "host": "string",
                                    "port": "string"
                                  }
                                ],
                                "terminationGracePeriodSeconds": "number",
                                "timeoutSeconds": "number"
                              }
                            ],
                            "name": "string",
                            "ports": [
                              "list",
                              [
                                "object",
                                {
                                  "containerPort": "number",
                                  "hostIP": "string",
                                  "hostPort": "number",
                                  "name": "string",
                                  "protocol": "string"
                                }
                              ]
                            ],
                            "readinessProbe": [
                              "object",
                              {
                                "exec": [
                                  "object",
                                  {
                                    "command": [
                                      "list",
                                      "string"
                                    ]
                                  }
                                ],
                                "failureThreshold": "number",
                                "grpc": [
                                  "object",
                                  {
                                    "port": "number",
                                    "service": "string"
                                  }
                                ],
                                "httpGet": [
                                  "object",
                                  {
                                    "host": "string",
                                    "httpHeaders": [
                                      "list",
                                      [
                                        "object",
                                        {
                                          "name": "string",
                                          "value": "string"
                                        }
                                      ]
                                    ],
                                    "path": "string",
                                    "port": "string",
                                    "scheme": "string"
                                  }
                                ],
                                "initialDelaySeconds": "number",
                                "periodSeconds": "number",
                                "successThreshold": "number",
                                "tcpSocket": [
                                  "object",
                                  {
                                    "host": "string",
                                    "port": "string"
                                  }
                                ],
                                "terminationGracePeriodSeconds": "number",
                                "timeoutSeconds": "number"
                              }
                            ],
                            "resizePolicy": [
                              "list",
                              [
                                "object",
                                {
                                  "resourceName": "string",
                                  "restartPolicy": "string"
                                }
                              ]
                            ],
                            "resources": [
                              "object",
                              {
                                "claims": [
                                  "list",
                                  [
                                    "object",
                                    {
                                      "name": "string"
                                    }
                                  ]
                                ],
                                "limits": [
                                  "map",
                                  "string"
                                ],
                                "requests": [
                                  "map",
                                  "string"
                                ]
                              }
                            ],
                            "restartPolicy": "string",
                            "securityContext": [
                              "object",
                              {
                                "allowPrivilegeEscalation": "bool",
                                "appArmorProfile": [
                                  "object",
                                  {
                                    "localhostProfile": "string",
                                    "type": "string"
                                  }
                                ],
                                "capabilities": [
                                  "object",
                                  {
                                    "add": [
                                      "list",
                                      "string"
                                    ],
                                    "drop": [
                                      "list",
                                      "string"
                                    ]
                                  }
                                ],
                                "privileged": "bool",
                                "procMount": "string",
                                "readOnlyRootFilesystem": "bool",
                                "runAsGroup": "number",
                                "runAsNonRoot": "bool",
                                "runAsUser": "number",
                                "seLinuxOptions": [
                                  "object",
                                  {
                                    "level": "string",
                                    "role": "string",
                                    "type": "string",
                                    "user": "string"
                                  }
                                ],
                                "seccompProfile": [
                                  "object",
                                  {
                                    "localhostProfile": "string",
                                    "type": "string"
                                  }
                                ],
                                "windowsOptions": [
                                  "object",
                                  {
                                    "gmsaCredentialSpec": "string",
                                    "gmsaCredentialSpecName": "string",
                                    "hostProcess": "bool",
                                    "runAsUserName": "string"
                                  }
                                ]
                              }
                            ],
                            "startupProbe": [
                              "object",
                              {
                                "exec": [
                                  "object",
                                  {
                                    "command": [
                                      "list",
                                      "string"
                                    ]
                                  }
                                ],
                                "failureThreshold": "number",
                                "grpc": [
                                  "object",
                                  {
                                    "port": "number",
                                    "service": "string"
                                  }
                                ],
                                "httpGet": [
                                  "object",
                                  {
                                    "host": "string",
                                    "httpHeaders": [
                                      "list",
                                      [
                                        "object",
                                        {
                                          "name": "string",
                                          "value": "string"
                                        }
                                      ]
                                    ],
                                    "path": "string",
                                    "port": "string",
                                    "scheme": "string"
                                  }
                                ],
                                "initialDelaySeconds": "number",
                                "periodSeconds": "number",
                                "successThreshold": "number",
                                "tcpSocket": [
                                  "object",
                                  {
                                    "host": "string",
                                    "port": "string"
                                  }
                                ],
                                "terminationGracePeriodSeconds": "number",
                                "timeoutSeconds": "number"
                              }
                            ],
                            "stdin": "bool",
                            "stdinOnce": "bool",
                            "terminationMessagePath": "string",
                            "terminationMessagePolicy": "string",
                            "tty": "bool",
                            "volumeDevices": [
                              "list",
                              [
                                "object",
                                {
                                  "devicePath": "string",
                                  "name": "string"
                                }
                              ]
                            ],
                            "volumeMounts": [
                              "list",
                              [
                                "object",
                                {
                                  "mountPath": "string",
                                  "mountPropagation": "string",
                                  "name": "string",
                                  "readOnly": "bool",
                                  "recursiveReadOnly": "string",
                                  "subPath": "string",
                                  "subPathExpr": "string"
                                }
                              ]
                            ],
                            "workingDir": "string"
                          }
                        ]
                      ],
                      "nodeName": "string",
                      "nodeSelector": [
                        "map",
                        "string"
                      ],
                      "os": [
                        "object",
                        {
                          "name": "string"
                        }
                      ],
                      "overhead": [
                        "map",
                        "string"
                      ],
                      "preemptionPolicy": "string",
                      "priority": "number",
                      "priorityClassName": "string",
                      "readinessGates": [
                        "list",
                        [
                          "object",
                          {
                            "conditionType": "string"
                          }
                        ]
                      ],
                      "resourceClaims": [
                        "list",
                        [
                          "object",
                          {
                            "name": "string",
                            "source": [
                              "object",
                              {
                                "resourceClaimName": "string",
                                "resourceClaimTemplateName": "string"
                              }
                            ]
                          }
                        ]
                      ],
                      "restartPolicy": "string",
                      "runtimeClassName": "string",
                      "schedulerName": "string",
                      "schedulingGates": [
                        "list",
                        [
                          "object",
                          {
                            "name": "string"
                          }
                        ]
                      ],
                      "securityContext": [
                        "object",
                        {
                          "appArmorProfile": [
                            "object",
                            {
                              "localhostProfile": "string",
                              "type": "string"
                            }
                          ],
                          "fsGroup": "number",
                          "fsGroupChangePolicy": "string",
                          "runAsGroup": "number",
                          "runAsNonRoot": "bool",
                          "runAsUser": "number",
                          "seLinuxOptions": [
                            "object",
                            {
                              "level": "string",
                              "role": "string",
                              "type": "string",
                              "user": "string"
                            }
                          ],
                          "seccompProfile": [
                            "object",
                            {
                              "localhostProfile": "string",
                              "type": "string"
                            }
                          ],
                          "supplementalGroups": [
                            "list",
                            "number"
                          ],
                          "sysctls": [
                            "list",
                            [
                              "object",
                              {
                                "name": "string",
                                "value": "string"
                              }
                            ]
                          ],
                          "windowsOptions": [
                            "object",
                            {
                              "gmsaCredentialSpec": "string",
                              "gmsaCredentialSpecName": "string",
                              "hostProcess": "bool",
                              "runAsUserName": "string"
                            }
                          ]
                        }
                      ],
                      "serviceAccount": "string",
                      "serviceAccountName": "string",
                      "setHostnameAsFQDN": "bool",
                      "shareProcessNamespace": "bool",
                      "subdomain": "string",
                      "terminationGracePeriodSeconds": "number",
                      "tolerations": [
                        "list",
                        [
                          "object",
                          {
                            "effect": "string",
                            "key": "string",
                            "operator": "string",
                            "tolerationSeconds": "number",
                            "value": "string"
                          }
                        ]
                      ],
                      "topologySpreadConstraints": [
                        "list",
                        [
                          "object",
                          {
                            "labelSelector": [
                              "object",
                              {
                                "matchExpressions": [
                                  "list",
                                  [
                                    "object",
                                    {
                                      "key": "string",
                                      "operator": "string",
                                      "values": [
                                        "list",
                                        "string"
                                      ]
                                    }
                                  ]
                                ],
                                "matchLabels": [
                                  "map",
                                  "string"
                                ]
                              }
                            ],
                            "matchLabelKeys": [
                              "list",
                              "string"
                            ],
                            "maxSkew": "number",
                            "minDomains": "number",
                            "nodeAffinityPolicy": "string",
                            "nodeTaintsPolicy": "string",
                            "topologyKey": "string",
                            "whenUnsatisfiable": "string"
                          }
                        ]
                      ],
                      "volumes": [
                        "tuple",
                        [
                          [
                            "object",
                            {
                              "awsElasticBlockStore": [
                                "object",
                                {
                                  "fsType": "string",
                                  "partition": "number",
                                  "readOnly": "bool",
                                  "volumeID": "string"
                                }
                              ],
                              "azureDisk": [
                                "object",
                                {
                                  "cachingMode": "string",
                                  "diskName": "string",
                                  "diskURI": "string",
                                  "fsType": "string",
                                  "kind": "string",
                                  "readOnly": "bool"
                                }
                              ],
                              "azureFile": [
                                "object",
                                {
                                  "readOnly": "bool",
                                  "secretName": "string",
                                  "shareName": "string"
                                }
                              ],
                              "cephfs": [
                                "object",
                                {
                                  "monitors": [
                                    "list",
                                    "string"
                                  ],
                                  "path": "string",
                                  "readOnly": "bool",
                                  "secretFile": "string",
                                  "secretRef": [
                                    "object",
                                    {
                                      "name": "string"
                                    }
                                  ],
                                  "user": "string"
                                }
                              ],
                              "cinder": [
                                "object",
                                {
                                  "fsType": "string",
                                  "readOnly": "bool",
                                  "secretRef": [
                                    "object",
                                    {
                                      "name": "string"
                                    }
                                  ],
                                  "volumeID": "string"
                                }
                              ],
                              "configMap": [
                                "object",
                                {
                                  "defaultMode": "number",
                                  "items": [
                                    "list",
                                    [
                                      "object",
                                      {
                                        "key": "string",
                                        "mode": "number",
                                        "path": "string"
                                      }
                                    ]
                                  ],
                                  "name": "string",
                                  "optional": "bool"
                                }
                              ],
                              "csi": [
                                "object",
                                {
                                  "driver": "string",
                                  "fsType": "string",
                                  "nodePublishSecretRef": [
                                    "object",
                                    {
                                      "name": "string"
                                    }
                                  ],
                                  "readOnly": "bool",
                                  "volumeAttributes": [
                                    "map",
                                    "string"
                                  ]
                                }
                              ],
                              "downwardAPI": [
                                "object",
                                {
                                  "defaultMode": "number",
                                  "items": [
                                    "list",
                                    [
                                      "object",
                                      {
                                        "fieldRef": [
                                          "object",
                                          {
                                            "apiVersion": "string",
                                            "fieldPath": "string"
                                          }
                                        ],
                                        "mode": "number",
                                        "path": "string",
                                        "resourceFieldRef": [
                                          "object",
                                          {
                                            "containerName": "string",
                                            "divisor": "string",
                                            "resource": "string"
                                          }
                                        ]
                                      }
                                    ]
                                  ]
                                }
                              ],
                              "emptyDir": [
                                "object",
                                {
                                  "medium": "string",
                                  "sizeLimit": "string"
                                }
                              ],
                              "ephemeral": [
                                "object",
                                {
                                  "volumeClaimTemplate": [
                                    "object",
                                    {
                                      "metadata": [
                                        "object",
                                        {
                                          "annotations": [
                                            "map",
                                            "string"
                                          ],
                                          "creationTimestamp": "string",
                                          "deletionGracePeriodSeconds": "number",
                                          "deletionTimestamp": "string",
                                          "finalizers": [
                                            "list",
                                            "string"
                                          ],
                                          "generateName": "string",
                                          "generation": "number",
                                          "labels": [
                                            "map",
                                            "string"
                                          ],
                                          "managedFields": [
                                            "tuple",
                                            [
                                              [
                                                "object",
                                                {
                                                  "apiVersion": "string",
                                                  "fieldsType": "string",
                                                  "fieldsV1": "dynamic",
                                                  "manager": "string",
                                                  "operation": "string",
                                                  "subresource": "string",
                                                  "time": "string"
                                                }
                                              ]
                                            ]
                                          ],
                                          "name": "string",
                                          "namespace": "string",
                                          "ownerReferences": [
                                            "list",
                                            [
                                              "object",
                                              {
                                                "apiVersion": "string",
                                                "blockOwnerDeletion": "bool",
                                                "controller": "bool",
                                                "kind": "string",
                                                "name": "string",
                                                "uid": "string"
                                              }
                                            ]
                                          ],
                                          "resourceVersion": "string",
                                          "selfLink": "string",
                                          "uid": "string"
                                        }
                                      ],
                                      "spec": [
                                        "object",
                                        {
                                          "accessModes": [
                                            "list",
                                            "string"
                                          ],
                                          "dataSource": [
                                            "object",
                                            {
                                              "apiGroup": "string",
                                              "kind": "string",
                                              "name": "string"
                                            }
                                          ],
                                          "dataSourceRef": [
                                            "object",
                                            {
                                              "apiGroup": "string",
                                              "kind": "string",
                                              "name": "string",
                                              "namespace": "string"
                                            }
                                          ],
                                          "resources": [
                                            "object",
                                            {
                                              "limits": [
                                                "map",
                                                "string"
                                              ],
                                              "requests": [
                                                "map",
                                                "string"
                                              ]
                                            }
                                          ],
                                          "selector": [
                                            "object",
                                            {
                                              "matchExpressions": [
                                                "list",
                                                [
                                                  "object",
                                                  {
                                                    "key": "string",
                                                    "operator": "string",
                                                    "values": [
                                                      "list",
                                                      "string"
                                                    ]
                                                  }
                                                ]
                                              ],
                                              "matchLabels": [
                                                "map",
                                                "string"
                                              ]
                                            }
                                          ],
                                          "storageClassName": "string",
                                          "volumeAttributesClassName": "string",
                                          "volumeMode": "string",
                                          "volumeName": "string"
                                        }
                                      ]
                                    }
                                  ]
                                }
                              ],
                              "fc": [
                                "object",
                                {
                                  "fsType": "string",
                                  "lun": "number",
                                  "readOnly": "bool",
                                  "targetWWNs": [
                                    "list",
                                    "string"
                                  ],
                                  "wwids": [
                                    "list",
                                    "string"
                                  ]
                                }
                              ],
                              "flexVolume": [
                                "object",
                                {
                                  "driver": "string",
                                  "fsType": "string",
                                  "options": [
                                    "map",
                                    "string"
                                  ],
                                  "readOnly": "bool",
                                  "secretRef": [
                                    "object",
                                    {
                                      "name": "string"
                                    }
                                  ]
                                }
                              ],
                              "flocker": [
                                "object",
                                {
                                  "datasetName": "string",
                                  "datasetUUID": "string"
                                }
                              ],
                              "gcePersistentDisk": [
                                "object",
                                {
                                  "fsType": "string",
                                  "partition": "number",
                                  "pdName": "string",
                                  "readOnly": "bool"
                                }
                              ],
                              "gitRepo": [
                                "object",
                                {
                                  "directory": "string",
                                  "repository": "string",
                                  "revision": "string"
                                }
                              ],
                              "glusterfs": [
                                "object",
                                {
                                  "endpoints": "string",
                                  "path": "string",
                                  "readOnly": "bool"
                                }
                              ],
                              "hostPath": [
                                "object",
                                {
                                  "path": "string",
                                  "type": "string"
                                }
                              ],
                              "iscsi": [
                                "object",
                                {
                                  "chapAuthDiscovery": "bool",
                                  "chapAuthSession": "bool",
                                  "fsType": "string",
                                  "initiatorName": "string",
                                  "iqn": "string",
                                  "iscsiInterface": "string",
                                  "lun": "number",
                                  "portals": [
                                    "list",
                                    "string"
                                  ],
                                  "readOnly": "bool",
                                  "secretRef": [
                                    "object",
                                    {
                                      "name": "string"
                                    }
                                  ],
                                  "targetPortal": "string"
                                }
                              ],
                              "name": "string",
                              "nfs": [
                                "object",
                                {
                                  "path": "string",
                                  "readOnly": "bool",
                                  "server": "string"
                                }
                              ],
                              "persistentVolumeClaim": [
                                "object",
                                {
                                  "claimName": "string",
                                  "readOnly": "bool"
                                }
                              ],
                              "photonPersistentDisk": [
                                "object",
                                {
                                  "fsType": "string",
                                  "pdID": "string"
                                }
                              ],
                              "portworxVolume": [
                                "object",
                                {
                                  "fsType": "string",
                                  "readOnly": "bool",
                                  "volumeID": "string"
                                }
                              ],
                              "projected": [
                                "object",
                                {
                                  "defaultMode": "number",
                                  "sources": [
                                    "list",
                                    [
                                      "object",
                                      {
                                        "clusterTrustBundle": [
                                          "object",
                                          {
                                            "labelSelector": [
                                              "object",
                                              {
                                                "matchExpressions": [
                                                  "list",
                                                  [
                                                    "object",
                                                    {
                                                      "key": "string",
                                                      "operator": "string",
                                                      "values": [
                                                        "list",
                                                        "string"
                                                      ]
                                                    }
                                                  ]
                                                ],
                                                "matchLabels": [
                                                  "map",
                                                  "string"
                                                ]
                                              }
                                            ],
                                            "name": "string",
                                            "optional": "bool",
                                            "path": "string",
                                            "signerName": "string"
                                          }
                                        ],
                                        "configMap": [
                                          "object",
                                          {
                                            "items": [
                                              "list",
                                              [
                                                "object",
                                                {
                                                  "key": "string",
                                                  "mode": "number",
                                                  "path": "string"
                                                }
                                              ]
                                            ],
                                            "name": "string",
                                            "optional": "bool"
                                          }
                                        ],
                                        "downwardAPI": [
                                          "object",
                                          {
                                            "items": [
                                              "list",
                                              [
                                                "object",
                                                {
                                                  "fieldRef": [
                                                    "object",
                                                    {
                                                      "apiVersion": "string",
                                                      "fieldPath": "string"
                                                    }
                                                  ],
                                                  "mode": "number",
                                                  "path": "string",
                                                  "resourceFieldRef": [
                                                    "object",
                                                    {
                                                      "containerName": "string",
                                                      "divisor": "string",
                                                      "resource": "string"
                                                    }
                                                  ]
                                                }
                                              ]
                                            ]
                                          }
                                        ],
                                        "secret": [
                                          "object",
                                          {
                                            "items": [
                                              "list",
                                              [
                                                "object",
                                                {
                                                  "key": "string",
                                                  "mode": "number",
                                                  "path": "string"
                                                }
                                              ]
                                            ],
                                            "name": "string",
                                            "optional": "bool"
                                          }
                                        ],
                                        "serviceAccountToken": [
                                          "object",
                                          {
                                            "audience": "string",
                                            "expirationSeconds": "number",
                                            "path": "string"
                                          }
                                        ]
                                      }
                                    ]
                                  ]
                                }
                              ],
                              "quobyte": [
                                "object",
                                {
                                  "group": "string",
                                  "readOnly": "bool",
                                  "registry": "string",
                                  "tenant": "string",
                                  "user": "string",
                                  "volume": "string"
                                }
                              ],
                              "rbd": [
                                "object",
                                {
                                  "fsType": "string",
                                  "image": "string",
                                  "keyring": "string",
                                  "monitors": [
                                    "list",
                                    "string"
                                  ],
                                  "pool": "string",
                                  "readOnly": "bool",
                                  "secretRef": [
                                    "object",
                                    {
                                      "name": "string"
                                    }
                                  ],
                                  "user": "string"
                                }
                              ],
                              "scaleIO": [
                                "object",
                                {
                                  "fsType": "string",
                                  "gateway": "string",
                                  "protectionDomain": "string",
                                  "readOnly": "bool",
                                  "secretRef": [
                                    "object",
                                    {
                                      "name": "string"
                                    }
                                  ],
                                  "sslEnabled": "bool",
                                  "storageMode": "string",
                                  "storagePool": "string",
                                  "system": "string",
                                  "volumeName": "string"
                                }
                              ],
                              "secret": [
                                "object",
                                {
                                  "defaultMode": "number",
                                  "items": [
                                    "list",
                                    [
                                      "object",
                                      {
                                        "key": "string",
                                        "mode": "number",
                                        "path": "string"
                                      }
                                    ]
                                  ],
                                  "optional": "bool",
                                  "secretName": "string"
                                }
                              ],
                              "storageos": [
                                "object",
                                {
                                  "fsType": "string",
                                  "readOnly": "bool",
                                  "secretRef": [
                                    "object",
                                    {
                                      "name": "string"
                                    }
                                  ],
                                  "volumeName": "string",
                                  "volumeNamespace": "string"
                                }
                              ],
                              "vsphereVolume": [
                                "object",
                                {
                                  "fsType": "string",
                                  "storagePolicyID": "string",
                                  "storagePolicyName": "string",
                                  "volumePath": "string"
                                }
                              ]
                            }
                          ]
                        ]
                      ]
                    }
                  ]
                }
              ]
            },
            "timeouts": [],
            "wait": [],
            "wait_for": null
          },
          "sensitive_attributes": [],
          "identity_schema_version": 1,
          "identity": {
            "api_version": "v1",
            "kind": "Pod",
            "name": "alpine-tools",
            "namespace": "fiap-microservices"
          },
          "dependencies": [
            "data.aws_eks_cluster.cluster_info",
            "data.aws_eks_cluster_auth.cluster_auth",
            "module.cluster_manifests.kubernetes_manifest.fiap_microservices_namespace",
            "module.eks.aws_eks_addon.coredns",
            "module.eks.aws_eks_addon.kube_proxy",
            "module.eks.aws_eks_addon.node_monitoring",
            "module.eks.aws_eks_addon.pod_identity",
            "module.eks.aws_eks_cluster.eks_cluster",
            "module.eks.aws_eks_node_group.eks_node_group",
            "module.vpc.aws_subnet.private",
            "module.vpc.aws_vpc.main"
          ]
        }
      ]
    },
    {
      "module": "module.cluster_manifests",
      "mode": "managed",
      "type": "kubernetes_manifest",
      "name": "evaluation_ingress",
      "provider": "provider[\"registry.terraform.io/hashicorp/kubernetes\"]",
      "instances": [
        {
          "schema_version": 1,
          "attributes": {
            "computed_fields": null,
            "field_manager": [],
            "manifest": {
              "value": {
                "apiVersion": "networking.k8s.io/v1",
                "kind": "Ingress",
                "metadata": {
                  "name": "evaluation-ingress",
                  "namespace": "fiap-microservices"
                },
                "spec": {
                  "ingressClassName": "nginx",
                  "rules": [
                    {
                      "http": {
                        "paths": [
                          {
                            "backend": {
                              "service": {
                                "name": "evaluation-service",
                                "port": {
                                  "number": 8004
                                }
                              }
                            },
                            "path": "/",
                            "pathType": "Prefix"
                          }
                        ]
                      }
                    }
                  ]
                }
              },
              "type": [
                "object",
                {
                  "apiVersion": "string",
                  "kind": "string",
                  "metadata": [
                    "object",
                    {
                      "name": "string",
                      "namespace": "string"
                    }
                  ],
                  "spec": [
                    "object",
                    {
                      "ingressClassName": "string",
                      "rules": [
                        "tuple",
                        [
                          [
                            "object",
                            {
                              "http": [
                                "object",
                                {
                                  "paths": [
                                    "tuple",
                                    [
                                      [
                                        "object",
                                        {
                                          "backend": [
                                            "object",
                                            {
                                              "service": [
                                                "object",
                                                {
                                                  "name": "string",
                                                  "port": [
                                                    "object",
                                                    {
                                                      "number": "number"
                                                    }
                                                  ]
                                                }
                                              ]
                                            }
                                          ],
                                          "path": "string",
                                          "pathType": "string"
                                        }
                                      ]
                                    ]
                                  ]
                                }
                              ]
                            }
                          ]
                        ]
                      ]
                    }
                  ]
                }
              ]
            },
            "object": {
              "value": {
                "apiVersion": "networking.k8s.io/v1",
                "kind": "Ingress",
                "metadata": {
                  "annotations": null,
                  "creationTimestamp": null,
                  "deletionGracePeriodSeconds": null,
                  "deletionTimestamp": null,
                  "finalizers": null,
                  "generateName": null,
                  "generation": null,
                  "labels": null,
                  "managedFields": null,
                  "name": "evaluation-ingress",
                  "namespace": "fiap-microservices",
                  "ownerReferences": null,
                  "resourceVersion": null,
                  "selfLink": null,
                  "uid": null
                },
                "spec": {
                  "defaultBackend": {
                    "resource": {
                      "apiGroup": null,
                      "kind": null,
                      "name": null
                    },
                    "service": {
                      "name": null,
                      "port": {
                        "name": null,
                        "number": null
                      }
                    }
                  },
                  "ingressClassName": "nginx",
                  "rules": [
                    {
                      "host": null,
                      "http": {
                        "paths": [
                          {
                            "backend": {
                              "resource": {
                                "apiGroup": null,
                                "kind": null,
                                "name": null
                              },
                              "service": {
                                "name": "evaluation-service",
                                "port": {
                                  "name": null,
                                  "number": 8004
                                }
                              }
                            },
                            "path": "/",
                            "pathType": "Prefix"
                          }
                        ]
                      }
                    }
                  ],
                  "tls": null
                }
              },
              "type": [
                "object",
                {
                  "apiVersion": "string",
                  "kind": "string",
                  "metadata": [
                    "object",
                    {
                      "annotations": [
                        "map",
                        "string"
                      ],
                      "creationTimestamp": "string",
                      "deletionGracePeriodSeconds": "number",
                      "deletionTimestamp": "string",
                      "finalizers": [
                        "list",
                        "string"
                      ],
                      "generateName": "string",
                      "generation": "number",
                      "labels": [
                        "map",
                        "string"
                      ],
                      "managedFields": [
                        "tuple",
                        [
                          [
                            "object",
                            {
                              "apiVersion": "string",
                              "fieldsType": "string",
                              "fieldsV1": "dynamic",
                              "manager": "string",
                              "operation": "string",
                              "subresource": "string",
                              "time": "string"
                            }
                          ]
                        ]
                      ],
                      "name": "string",
                      "namespace": "string",
                      "ownerReferences": [
                        "list",
                        [
                          "object",
                          {
                            "apiVersion": "string",
                            "blockOwnerDeletion": "bool",
                            "controller": "bool",
                            "kind": "string",
                            "name": "string",
                            "uid": "string"
                          }
                        ]
                      ],
                      "resourceVersion": "string",
                      "selfLink": "string",
                      "uid": "string"
                    }
                  ],
                  "spec": [
                    "object",
                    {
                      "defaultBackend": [
                        "object",
                        {
                          "resource": [
                            "object",
                            {
                              "apiGroup": "string",
                              "kind": "string",
                              "name": "string"
                            }
                          ],
                          "service": [
                            "object",
                            {
                              "name": "string",
                              "port": [
                                "object",
                                {
                                  "name": "string",
                                  "number": "number"
                                }
                              ]
                            }
                          ]
                        }
                      ],
                      "ingressClassName": "string",
                      "rules": [
                        "list",
                        [
                          "object",
                          {
                            "host": "string",
                            "http": [
                              "object",
                              {
                                "paths": [
                                  "list",
                                  [
                                    "object",
                                    {
                                      "backend": [
                                        "object",
                                        {
                                          "resource": [
                                            "object",
                                            {
                                              "apiGroup": "string",
                                              "kind": "string",
                                              "name": "string"
                                            }
                                          ],
                                          "service": [
                                            "object",
                                            {
                                              "name": "string",
                                              "port": [
                                                "object",
                                                {
                                                  "name": "string",
                                                  "number": "number"
                                                }
                                              ]
                                            }
                                          ]
                                        }
                                      ],
                                      "path": "string",
                                      "pathType": "string"
                                    }
                                  ]
                                ]
                              }
                            ]
                          }
                        ]
                      ],
                      "tls": [
                        "list",
                        [
                          "object",
                          {
                            "hosts": [
                              "list",
                              "string"
                            ],
                            "secretName": "string"
                          }
                        ]
                      ]
                    }
                  ]
                }
              ]
            },
            "timeouts": [],
            "wait": [],
            "wait_for": null
          },
          "sensitive_attributes": [],
          "identity_schema_version": 1,
          "identity": {
            "api_version": "networking.k8s.io/v1",
            "kind": "Ingress",
            "name": "evaluation-ingress",
            "namespace": "fiap-microservices"
          },
          "dependencies": [
            "data.aws_eks_cluster.cluster_info",
            "data.aws_eks_cluster_auth.cluster_auth",
            "module.cluster_manifests.kubernetes_manifest.fiap_microservices_namespace",
            "module.cluster_manifests.kubernetes_manifest.ingress_nginx_class",
            "module.cluster_manifests.kubernetes_manifest.ingress_nginx_cluster_role",
            "module.cluster_manifests.kubernetes_manifest.ingress_nginx_cluster_role_binding",
            "module.cluster_manifests.kubernetes_manifest.ingress_nginx_controller",
            "module.cluster_manifests.kubernetes_manifest.ingress_nginx_namespace",
            "module.cluster_manifests.kubernetes_manifest.ingress_nginx_service",
            "module.cluster_manifests.kubernetes_manifest.ingress_nginx_service_account",
            "module.eks.aws_eks_addon.coredns",
            "module.eks.aws_eks_addon.kube_proxy",
            "module.eks.aws_eks_addon.node_monitoring",
            "module.eks.aws_eks_addon.pod_identity",
            "module.eks.aws_eks_cluster.eks_cluster",
            "module.eks.aws_eks_node_group.eks_node_group",
            "module.vpc.aws_subnet.private",
            "module.vpc.aws_subnet.public",
            "module.vpc.aws_vpc.main"
          ]
        }
      ]
    },
    {
      "module": "module.cluster_manifests",
      "mode": "managed",
      "type": "kubernetes_manifest",
      "name": "fiap_microservices_namespace",
      "provider": "provider[\"registry.terraform.io/hashicorp/kubernetes\"]",
      "instances": [
        {
          "schema_version": 1,
          "attributes": {
            "computed_fields": null,
            "field_manager": [],
            "manifest": {
              "value": {
                "apiVersion": "v1",
                "kind": "Namespace",
                "metadata": {
                  "name": "fiap-microservices"
                }
              },
              "type": [
                "object",
                {
                  "apiVersion": "string",
                  "kind": "string",
                  "metadata": [
                    "object",
                    {
                      "name": "string"
                    }
                  ]
                }
              ]
            },
            "object": {
              "value": {
                "apiVersion": "v1",
                "kind": "Namespace",
                "metadata": {
                  "annotations": null,
                  "creationTimestamp": null,
                  "deletionGracePeriodSeconds": null,
                  "deletionTimestamp": null,
                  "finalizers": null,
                  "generateName": null,
                  "generation": null,
                  "labels": {
                    "kubernetes.io/metadata.name": "fiap-microservices"
                  },
                  "managedFields": null,
                  "name": "fiap-microservices",
                  "namespace": null,
                  "ownerReferences": null,
                  "resourceVersion": null,
                  "selfLink": null,
                  "uid": null
                },
                "spec": {
                  "finalizers": [
                    "kubernetes"
                  ]
                }
              },
              "type": [
                "object",
                {
                  "apiVersion": "string",
                  "kind": "string",
                  "metadata": [
                    "object",
                    {
                      "annotations": [
                        "map",
                        "string"
                      ],
                      "creationTimestamp": "string",
                      "deletionGracePeriodSeconds": "number",
                      "deletionTimestamp": "string",
                      "finalizers": [
                        "list",
                        "string"
                      ],
                      "generateName": "string",
                      "generation": "number",
                      "labels": [
                        "map",
                        "string"
                      ],
                      "managedFields": [
                        "tuple",
                        [
                          [
                            "object",
                            {
                              "apiVersion": "string",
                              "fieldsType": "string",
                              "fieldsV1": "dynamic",
                              "manager": "string",
                              "operation": "string",
                              "subresource": "string",
                              "time": "string"
                            }
                          ]
                        ]
                      ],
                      "name": "string",
                      "namespace": "string",
                      "ownerReferences": [
                        "list",
                        [
                          "object",
                          {
                            "apiVersion": "string",
                            "blockOwnerDeletion": "bool",
                            "controller": "bool",
                            "kind": "string",
                            "name": "string",
                            "uid": "string"
                          }
                        ]
                      ],
                      "resourceVersion": "string",
                      "selfLink": "string",
                      "uid": "string"
                    }
                  ],
                  "spec": [
                    "object",
                    {
                      "finalizers": [
                        "list",
                        "string"
                      ]
                    }
                  ]
                }
              ]
            },
            "timeouts": [],
            "wait": [],
            "wait_for": null
          },
          "sensitive_attributes": [],
          "identity_schema_version": 1,
          "identity": {
            "api_version": "v1",
            "kind": "Namespace",
            "name": "fiap-microservices",
            "namespace": ""
          },
          "dependencies": [
            "data.aws_eks_cluster.cluster_info",
            "data.aws_eks_cluster_auth.cluster_auth",
            "module.eks.aws_eks_addon.coredns",
            "module.eks.aws_eks_addon.kube_proxy",
            "module.eks.aws_eks_addon.node_monitoring",
            "module.eks.aws_eks_addon.pod_identity",
            "module.eks.aws_eks_cluster.eks_cluster",
            "module.eks.aws_eks_node_group.eks_node_group",
            "module.vpc.aws_subnet.private",
            "module.vpc.aws_vpc.main"
          ]
        }
      ]
    },
    {
      "module": "module.cluster_manifests",
      "mode": "managed",
      "type": "kubernetes_manifest",
      "name": "ingress_nginx_cluster_role",
      "provider": "provider[\"registry.terraform.io/hashicorp/kubernetes\"]",
      "instances": [
        {
          "schema_version": 1,
          "attributes": {
            "computed_fields": null,
            "field_manager": [],
            "manifest": {
              "value": {
                "apiVersion": "rbac.authorization.k8s.io/v1",
                "kind": "ClusterRole",
                "metadata": {
                  "name": "ingress-nginx"
                },
                "rules": [
                  {
                    "apiGroups": [
                      ""
                    ],
                    "resources": [
                      "configmaps",
                      "endpoints",
                      "nodes",
                      "pods",
                      "secrets",
                      "services"
                    ],
                    "verbs": [
                      "list",
                      "watch"
                    ]
                  },
                  {
                    "apiGroups": [
                      ""
                    ],
                    "resources": [
                      "nodes"
                    ],
                    "verbs": [
                      "get"
                    ]
                  },
                  {
                    "apiGroups": [
                      ""
                    ],
                    "resources": [
                      "events"
                    ],
                    "verbs": [
                      "create",
                      "patch"
                    ]
                  },
                  {
                    "apiGroups": [
                      "networking.k8s.io"
                    ],
                    "resources": [
                      "ingresses",
                      "ingressclasses"
                    ],
                    "verbs": [
                      "get",
                      "list",
                      "watch"
                    ]
                  },
                  {
                    "apiGroups": [
                      "networking.k8s.io"
                    ],
                    "resources": [
                      "ingresses/status"
                    ],
                    "verbs": [
                      "update"
                    ]
                  },
                  {
                    "apiGroups": [
                      "discovery.k8s.io"
                    ],
                    "resources": [
                      "endpointslices"
                    ],
                    "verbs": [
                      "list",
                      "watch",
                      "get"
                    ]
                  }
                ]
              },
              "type": [
                "object",
                {
                  "apiVersion": "string",
                  "kind": "string",
                  "metadata": [
                    "object",
                    {
                      "name": "string"
                    }
                  ],
                  "rules": [
                    "tuple",
                    [
                      [
                        "object",
                        {
                          "apiGroups": [
                            "tuple",
                            [
                              "string"
                            ]
                          ],
                          "resources": [
                            "tuple",
                            [
                              "string",
                              "string",
                              "string",
                              "string",
                              "string",
                              "string"
                            ]
                          ],
                          "verbs": [
                            "tuple",
                            [
                              "string",
                              "string"
                            ]
                          ]
                        }
                      ],
                      [
                        "object",
                        {
                          "apiGroups": [
                            "tuple",
                            [
                              "string"
                            ]
                          ],
                          "resources": [
                            "tuple",
                            [
                              "string"
                            ]
                          ],
                          "verbs": [
                            "tuple",
                            [
                              "string"
                            ]
                          ]
                        }
                      ],
                      [
                        "object",
                        {
                          "apiGroups": [
                            "tuple",
                            [
                              "string"
                            ]
                          ],
                          "resources": [
                            "tuple",
                            [
                              "string"
                            ]
                          ],
                          "verbs": [
                            "tuple",
                            [
                              "string",
                              "string"
                            ]
                          ]
                        }
                      ],
                      [
                        "object",
                        {
                          "apiGroups": [
                            "tuple",
                            [
                              "string"
                            ]
                          ],
                          "resources": [
                            "tuple",
                            [
                              "string",
                              "string"
                            ]
                          ],
                          "verbs": [
                            "tuple",
                            [
                              "string",
                              "string",
                              "string"
                            ]
                          ]
                        }
                      ],
                      [
                        "object",
                        {
                          "apiGroups": [
                            "tuple",
                            [
                              "string"
                            ]
                          ],
                          "resources": [
                            "tuple",
                            [
                              "string"
                            ]
                          ],
                          "verbs": [
                            "tuple",
                            [
                              "string"
                            ]
                          ]
                        }
                      ],
                      [
                        "object",
                        {
                          "apiGroups": [
                            "tuple",
                            [
                              "string"
                            ]
                          ],
                          "resources": [
                            "tuple",
                            [
                              "string"
                            ]
                          ],
                          "verbs": [
                            "tuple",
                            [
                              "string",
                              "string",
                              "string"
                            ]
                          ]
                        }
                      ]
                    ]
                  ]
                }
              ]
            },
            "object": {
              "value": {
                "aggregationRule": {
                  "clusterRoleSelectors": null
                },
                "apiVersion": "rbac.authorization.k8s.io/v1",
                "kind": "ClusterRole",
                "metadata": {
                  "annotations": null,
                  "creationTimestamp": null,
                  "deletionGracePeriodSeconds": null,
                  "deletionTimestamp": null,
                  "finalizers": null,
                  "generateName": null,
                  "generation": null,
                  "labels": null,
                  "managedFields": null,
                  "name": "ingress-nginx",
                  "namespace": null,
                  "ownerReferences": null,
                  "resourceVersion": null,
                  "selfLink": null,
                  "uid": null
                },
                "rules": [
                  {
                    "apiGroups": [
                      ""
                    ],
                    "nonResourceURLs": null,
                    "resourceNames": null,
                    "resources": [
                      "configmaps",
                      "endpoints",
                      "nodes",
                      "pods",
                      "secrets",
                      "services"
                    ],
                    "verbs": [
                      "list",
                      "watch"
                    ]
                  },
                  {
                    "apiGroups": [
                      ""
                    ],
                    "nonResourceURLs": null,
                    "resourceNames": null,
                    "resources": [
                      "nodes"
                    ],
                    "verbs": [
                      "get"
                    ]
                  },
                  {
                    "apiGroups": [
                      ""
                    ],
                    "nonResourceURLs": null,
                    "resourceNames": null,
                    "resources": [
                      "events"
                    ],
                    "verbs": [
                      "create",
                      "patch"
                    ]
                  },
                  {
                    "apiGroups": [
                      "networking.k8s.io"
                    ],
                    "nonResourceURLs": null,
                    "resourceNames": null,
                    "resources": [
                      "ingresses",
                      "ingressclasses"
                    ],
                    "verbs": [
                      "get",
                      "list",
                      "watch"
                    ]
                  },
                  {
                    "apiGroups": [
                      "networking.k8s.io"
                    ],
                    "nonResourceURLs": null,
                    "resourceNames": null,
                    "resources": [
                      "ingresses/status"
                    ],
                    "verbs": [
                      "update"
                    ]
                  },
                  {
                    "apiGroups": [
                      "discovery.k8s.io"
                    ],
                    "nonResourceURLs": null,
                    "resourceNames": null,
                    "resources": [
                      "endpointslices"
                    ],
                    "verbs": [
                      "list",
                      "watch",
                      "get"
                    ]
                  }
                ]
              },
              "type": [
                "object",
                {
                  "aggregationRule": [
                    "object",
                    {
                      "clusterRoleSelectors": [
                        "list",
                        [
                          "object",
                          {
                            "matchExpressions": [
                              "list",
                              [
                                "object",
                                {
                                  "key": "string",
                                  "operator": "string",
                                  "values": [
                                    "list",
                                    "string"
                                  ]
                                }
                              ]
                            ],
                            "matchLabels": [
                              "map",
                              "string"
                            ]
                          }
                        ]
                      ]
                    }
                  ],
                  "apiVersion": "string",
                  "kind": "string",
                  "metadata": [
                    "object",
                    {
                      "annotations": [
                        "map",
                        "string"
                      ],
                      "creationTimestamp": "string",
                      "deletionGracePeriodSeconds": "number",
                      "deletionTimestamp": "string",
                      "finalizers": [
                        "list",
                        "string"
                      ],
                      "generateName": "string",
                      "generation": "number",
                      "labels": [
                        "map",
                        "string"
                      ],
                      "managedFields": [
                        "tuple",
                        [
                          [
                            "object",
                            {
                              "apiVersion": "string",
                              "fieldsType": "string",
                              "fieldsV1": "dynamic",
                              "manager": "string",
                              "operation": "string",
                              "subresource": "string",
                              "time": "string"
                            }
                          ]
                        ]
                      ],
                      "name": "string",
                      "namespace": "string",
                      "ownerReferences": [
                        "list",
                        [
                          "object",
                          {
                            "apiVersion": "string",
                            "blockOwnerDeletion": "bool",
                            "controller": "bool",
                            "kind": "string",
                            "name": "string",
                            "uid": "string"
                          }
                        ]
                      ],
                      "resourceVersion": "string",
                      "selfLink": "string",
                      "uid": "string"
                    }
                  ],
                  "rules": [
                    "list",
                    [
                      "object",
                      {
                        "apiGroups": [
                          "list",
                          "string"
                        ],
                        "nonResourceURLs": [
                          "list",
                          "string"
                        ],
                        "resourceNames": [
                          "list",
                          "string"
                        ],
                        "resources": [
                          "list",
                          "string"
                        ],
                        "verbs": [
                          "list",
                          "string"
                        ]
                      }
                    ]
                  ]
                }
              ]
            },
            "timeouts": [],
            "wait": [],
            "wait_for": null
          },
          "sensitive_attributes": [],
          "identity_schema_version": 1,
          "identity": {
            "api_version": "rbac.authorization.k8s.io/v1",
            "kind": "ClusterRole",
            "name": "ingress-nginx",
            "namespace": ""
          },
          "dependencies": [
            "data.aws_eks_cluster.cluster_info",
            "data.aws_eks_cluster_auth.cluster_auth",
            "module.cluster_manifests.kubernetes_manifest.ingress_nginx_namespace",
            "module.eks.aws_eks_addon.coredns",
            "module.eks.aws_eks_addon.kube_proxy",
            "module.eks.aws_eks_addon.node_monitoring",
            "module.eks.aws_eks_addon.pod_identity",
            "module.eks.aws_eks_cluster.eks_cluster",
            "module.eks.aws_eks_node_group.eks_node_group",
            "module.vpc.aws_subnet.private",
            "module.vpc.aws_vpc.main"
          ]
        }
      ]
    },
    {
      "module": "module.cluster_manifests",
      "mode": "managed",
      "type": "kubernetes_manifest",
      "name": "ingress_nginx_cluster_role_binding",
      "provider": "provider[\"registry.terraform.io/hashicorp/kubernetes\"]",
      "instances": [
        {
          "schema_version": 1,
          "attributes": {
            "computed_fields": null,
            "field_manager": [],
            "manifest": {
              "value": {
                "apiVersion": "rbac.authorization.k8s.io/v1",
                "kind": "ClusterRoleBinding",
                "metadata": {
                  "name": "ingress-nginx"
                },
                "roleRef": {
                  "apiGroup": "rbac.authorization.k8s.io",
                  "kind": "ClusterRole",
                  "name": "ingress-nginx"
                },
                "subjects": [
                  {
                    "kind": "ServiceAccount",
                    "name": "ingress-nginx",
                    "namespace": "ingress-nginx"
                  }
                ]
              },
              "type": [
                "object",
                {
                  "apiVersion": "string",
                  "kind": "string",
                  "metadata": [
                    "object",
                    {
                      "name": "string"
                    }
                  ],
                  "roleRef": [
                    "object",
                    {
                      "apiGroup": "string",
                      "kind": "string",
                      "name": "string"
                    }
                  ],
                  "subjects": [
                    "tuple",
                    [
                      [
                        "object",
                        {
                          "kind": "string",
                          "name": "string",
                          "namespace": "string"
                        }
                      ]
                    ]
                  ]
                }
              ]
            },
            "object": {
              "value": {
                "apiVersion": "rbac.authorization.k8s.io/v1",
                "kind": "ClusterRoleBinding",
                "metadata": {
                  "annotations": null,
                  "creationTimestamp": null,
                  "deletionGracePeriodSeconds": null,
                  "deletionTimestamp": null,
                  "finalizers": null,
                  "generateName": null,
                  "generation": null,
                  "labels": null,
                  "managedFields": null,
                  "name": "ingress-nginx",
                  "namespace": null,
                  "ownerReferences": null,
                  "resourceVersion": null,
                  "selfLink": null,
                  "uid": null
                },
                "roleRef": {
                  "apiGroup": "rbac.authorization.k8s.io",
                  "kind": "ClusterRole",
                  "name": "ingress-nginx"
                },
                "subjects": [
                  {
                    "apiGroup": null,
                    "kind": "ServiceAccount",
                    "name": "ingress-nginx",
                    "namespace": "ingress-nginx"
                  }
                ]
              },
              "type": [
                "object",
                {
                  "apiVersion": "string",
                  "kind": "string",
                  "metadata": [
                    "object",
                    {
                      "annotations": [
                        "map",
                        "string"
                      ],
                      "creationTimestamp": "string",
                      "deletionGracePeriodSeconds": "number",
                      "deletionTimestamp": "string",
                      "finalizers": [
                        "list",
                        "string"
                      ],
                      "generateName": "string",
                      "generation": "number",
                      "labels": [
                        "map",
                        "string"
                      ],
                      "managedFields": [
                        "tuple",
                        [
                          [
                            "object",
                            {
                              "apiVersion": "string",
                              "fieldsType": "string",
                              "fieldsV1": "dynamic",
                              "manager": "string",
                              "operation": "string",
                              "subresource": "string",
                              "time": "string"
                            }
                          ]
                        ]
                      ],
                      "name": "string",
                      "namespace": "string",
                      "ownerReferences": [
                        "list",
                        [
                          "object",
                          {
                            "apiVersion": "string",
                            "blockOwnerDeletion": "bool",
                            "controller": "bool",
                            "kind": "string",
                            "name": "string",
                            "uid": "string"
                          }
                        ]
                      ],
                      "resourceVersion": "string",
                      "selfLink": "string",
                      "uid": "string"
                    }
                  ],
                  "roleRef": [
                    "object",
                    {
                      "apiGroup": "string",
                      "kind": "string",
                      "name": "string"
                    }
                  ],
                  "subjects": [
                    "list",
                    [
                      "object",
                      {
                        "apiGroup": "string",
                        "kind": "string",
                        "name": "string",
                        "namespace": "string"
                      }
                    ]
                  ]
                }
              ]
            },
            "timeouts": [],
            "wait": [],
            "wait_for": null
          },
          "sensitive_attributes": [],
          "identity_schema_version": 1,
          "identity": {
            "api_version": "rbac.authorization.k8s.io/v1",
            "kind": "ClusterRoleBinding",
            "name": "ingress-nginx",
            "namespace": ""
          },
          "dependencies": [
            "data.aws_eks_cluster.cluster_info",
            "data.aws_eks_cluster_auth.cluster_auth",
            "module.cluster_manifests.kubernetes_manifest.ingress_nginx_cluster_role",
            "module.cluster_manifests.kubernetes_manifest.ingress_nginx_namespace",
            "module.cluster_manifests.kubernetes_manifest.ingress_nginx_service_account",
            "module.eks.aws_eks_addon.coredns",
            "module.eks.aws_eks_addon.kube_proxy",
            "module.eks.aws_eks_addon.node_monitoring",
            "module.eks.aws_eks_addon.pod_identity",
            "module.eks.aws_eks_cluster.eks_cluster",
            "module.eks.aws_eks_node_group.eks_node_group",
            "module.vpc.aws_subnet.private",
            "module.vpc.aws_vpc.main"
          ]
        }
      ]
    },
    {
      "module": "module.cluster_manifests",
      "mode": "managed",
      "type": "kubernetes_manifest",
      "name": "ingress_nginx_controller",
      "provider": "provider[\"registry.terraform.io/hashicorp/kubernetes\"]",
      "instances": [
        {
          "schema_version": 1,
          "attributes": {
            "computed_fields": null,
            "field_manager": [],
            "manifest": {
              "value": {
                "apiVersion": "apps/v1",
                "kind": "Deployment",
                "metadata": {
                  "labels": {
                    "app.kubernetes.io/name": "ingress-nginx"
                  },
                  "name": "ingress-nginx-controller",
                  "namespace": "ingress-nginx"
                },
                "spec": {
                  "replicas": 1,
                  "selector": {
                    "matchLabels": {
                      "app.kubernetes.io/name": "ingress-nginx"
                    }
                  },
                  "template": {
                    "metadata": {
                      "labels": {
                        "app.kubernetes.io/name": "ingress-nginx"
                      }
                    },
                    "spec": {
                      "containers": [
                        {
                          "args": [
                            "/nginx-ingress-controller",
                            "--publish-service=$(POD_NAMESPACE)/ingress-nginx-controller",
                            "--ingress-class=nginx"
                          ],
                          "env": [
                            {
                              "name": "POD_NAME",
                              "valueFrom": {
                                "fieldRef": {
                                  "fieldPath": "metadata.name"
                                }
                              }
                            },
                            {
                              "name": "POD_NAMESPACE",
                              "valueFrom": {
                                "fieldRef": {
                                  "fieldPath": "metadata.namespace"
                                }
                              }
                            }
                          ],
                          "image": "registry.k8s.io/ingress-nginx/controller:v1.14.1",
                          "name": "controller",
                          "ports": [
                            {
                              "containerPort": 80
                            },
                            {
                              "containerPort": 443
                            }
                          ]
                        }
                      ],
                      "serviceAccountName": "ingress-nginx"
                    }
                  }
                }
              },
              "type": [
                "object",
                {
                  "apiVersion": "string",
                  "kind": "string",
                  "metadata": [
                    "object",
                    {
                      "labels": [
                        "object",
                        {
                          "app.kubernetes.io/name": "string"
                        }
                      ],
                      "name": "string",
                      "namespace": "string"
                    }
                  ],
                  "spec": [
                    "object",
                    {
                      "replicas": "number",
                      "selector": [
                        "object",
                        {
                          "matchLabels": [
                            "object",
                            {
                              "app.kubernetes.io/name": "string"
                            }
                          ]
                        }
                      ],
                      "template": [
                        "object",
                        {
                          "metadata": [
                            "object",
                            {
                              "labels": [
                                "object",
                                {
                                  "app.kubernetes.io/name": "string"
                                }
                              ]
                            }
                          ],
                          "spec": [
                            "object",
                            {
                              "containers": [
                                "tuple",
                                [
                                  [
                                    "object",
                                    {
                                      "args": [
                                        "tuple",
                                        [
                                          "string",
                                          "string",
                                          "string"
                                        ]
                                      ],
                                      "env": [
                                        "tuple",
                                        [
                                          [
                                            "object",
                                            {
                                              "name": "string",
                                              "valueFrom": [
                                                "object",
                                                {
                                                  "fieldRef": [
                                                    "object",
                                                    {
                                                      "fieldPath": "string"
                                                    }
                                                  ]
                                                }
                                              ]
                                            }
                                          ],
                                          [
                                            "object",
                                            {
                                              "name": "string",
                                              "valueFrom": [
                                                "object",
                                                {
                                                  "fieldRef": [
                                                    "object",
                                                    {
                                                      "fieldPath": "string"
                                                    }
                                                  ]
                                                }
                                              ]
                                            }
                                          ]
                                        ]
                                      ],
                                      "image": "string",
                                      "name": "string",
                                      "ports": [
                                        "tuple",
                                        [
                                          [
                                            "object",
                                            {
                                              "containerPort": "number"
                                            }
                                          ],
                                          [
                                            "object",
                                            {
                                              "containerPort": "number"
                                            }
                                          ]
                                        ]
                                      ]
                                    }
                                  ]
                                ]
                              ],
                              "serviceAccountName": "string"
                            }
                          ]
                        }
                      ]
                    }
                  ]
                }
              ]
            },
            "object": {
              "value": {
                "apiVersion": "apps/v1",
                "kind": "Deployment",
                "metadata": {
                  "annotations": {
                    "deployment.kubernetes.io/revision": "1"
                  },
                  "creationTimestamp": null,
                  "deletionGracePeriodSeconds": null,
                  "deletionTimestamp": null,
                  "finalizers": null,
                  "generateName": null,
                  "generation": null,
                  "labels": {
                    "app.kubernetes.io/name": "ingress-nginx"
                  },
                  "managedFields": null,
                  "name": "ingress-nginx-controller",
                  "namespace": "ingress-nginx",
                  "ownerReferences": null,
                  "resourceVersion": null,
                  "selfLink": null,
                  "uid": null
                },
                "spec": {
                  "minReadySeconds": null,
                  "paused": null,
                  "progressDeadlineSeconds": 600,
                  "replicas": 1,
                  "revisionHistoryLimit": 10,
                  "selector": {
                    "matchExpressions": null,
                    "matchLabels": {
                      "app.kubernetes.io/name": "ingress-nginx"
                    }
                  },
                  "strategy": {
                    "rollingUpdate": {
                      "maxSurge": "25%",
                      "maxUnavailable": "25%"
                    },
                    "type": "RollingUpdate"
                  },
                  "template": {
                    "metadata": {
                      "annotations": null,
                      "creationTimestamp": null,
                      "deletionGracePeriodSeconds": null,
                      "deletionTimestamp": null,
                      "finalizers": null,
                      "generateName": null,
                      "generation": null,
                      "labels": {
                        "app.kubernetes.io/name": "ingress-nginx"
                      },
                      "managedFields": null,
                      "name": null,
                      "namespace": null,
                      "ownerReferences": null,
                      "resourceVersion": null,
                      "selfLink": null,
                      "uid": null
                    },
                    "spec": {
                      "activeDeadlineSeconds": null,
                      "affinity": {
                        "nodeAffinity": {
                          "preferredDuringSchedulingIgnoredDuringExecution": null,
                          "requiredDuringSchedulingIgnoredDuringExecution": {
                            "nodeSelectorTerms": null
                          }
                        },
                        "podAffinity": {
                          "preferredDuringSchedulingIgnoredDuringExecution": null,
                          "requiredDuringSchedulingIgnoredDuringExecution": null
                        },
                        "podAntiAffinity": {
                          "preferredDuringSchedulingIgnoredDuringExecution": null,
                          "requiredDuringSchedulingIgnoredDuringExecution": null
                        }
                      },
                      "automountServiceAccountToken": null,
                      "containers": [
                        {
                          "args": [
                            "/nginx-ingress-controller",
                            "--publish-service=$(POD_NAMESPACE)/ingress-nginx-controller",
                            "--ingress-class=nginx"
                          ],
                          "command": null,
                          "env": [
                            {
                              "name": "POD_NAME",
                              "value": null,
                              "valueFrom": {
                                "configMapKeyRef": {
                                  "key": null,
                                  "name": null,
                                  "optional": null
                                },
                                "fieldRef": {
                                  "apiVersion": "v1",
                                  "fieldPath": "metadata.name"
                                },
                                "resourceFieldRef": {
                                  "containerName": null,
                                  "divisor": null,
                                  "resource": null
                                },
                                "secretKeyRef": {
                                  "key": null,
                                  "name": null,
                                  "optional": null
                                }
                              }
                            },
                            {
                              "name": "POD_NAMESPACE",
                              "value": null,
                              "valueFrom": {
                                "configMapKeyRef": {
                                  "key": null,
                                  "name": null,
                                  "optional": null
                                },
                                "fieldRef": {
                                  "apiVersion": "v1",
                                  "fieldPath": "metadata.namespace"
                                },
                                "resourceFieldRef": {
                                  "containerName": null,
                                  "divisor": null,
                                  "resource": null
                                },
                                "secretKeyRef": {
                                  "key": null,
                                  "name": null,
                                  "optional": null
                                }
                              }
                            }
                          ],
                          "envFrom": null,
                          "image": "registry.k8s.io/ingress-nginx/controller:v1.14.1",
                          "imagePullPolicy": "IfNotPresent",
                          "lifecycle": {
                            "postStart": {
                              "exec": {
                                "command": null
                              },
                              "httpGet": {
                                "host": null,
                                "httpHeaders": null,
                                "path": null,
                                "port": null,
                                "scheme": null
                              },
                              "sleep": {
                                "seconds": null
                              },
                              "tcpSocket": {
                                "host": null,
                                "port": null
                              }
                            },
                            "preStop": {
                              "exec": {
                                "command": null
                              },
                              "httpGet": {
                                "host": null,
                                "httpHeaders": null,
                                "path": null,
                                "port": null,
                                "scheme": null
                              },
                              "sleep": {
                                "seconds": null
                              },
                              "tcpSocket": {
                                "host": null,
                                "port": null
                              }
                            }
                          },
                          "livenessProbe": {
                            "exec": {
                              "command": null
                            },
                            "failureThreshold": null,
                            "grpc": {
                              "port": null,
                              "service": null
                            },
                            "httpGet": {
                              "host": null,
                              "httpHeaders": null,
                              "path": null,
                              "port": null,
                              "scheme": null
                            },
                            "initialDelaySeconds": null,
                            "periodSeconds": null,
                            "successThreshold": null,
                            "tcpSocket": {
                              "host": null,
                              "port": null
                            },
                            "terminationGracePeriodSeconds": null,
                            "timeoutSeconds": null
                          },
                          "name": "controller",
                          "ports": [
                            {
                              "containerPort": 80,
                              "hostIP": null,
                              "hostPort": null,
                              "name": null,
                              "protocol": "TCP"
                            },
                            {
                              "containerPort": 443,
                              "hostIP": null,
                              "hostPort": null,
                              "name": null,
                              "protocol": "TCP"
                            }
                          ],
                          "readinessProbe": {
                            "exec": {
                              "command": null
                            },
                            "failureThreshold": null,
                            "grpc": {
                              "port": null,
                              "service": null
                            },
                            "httpGet": {
                              "host": null,
                              "httpHeaders": null,
                              "path": null,
                              "port": null,
                              "scheme": null
                            },
                            "initialDelaySeconds": null,
                            "periodSeconds": null,
                            "successThreshold": null,
                            "tcpSocket": {
                              "host": null,
                              "port": null
                            },
                            "terminationGracePeriodSeconds": null,
                            "timeoutSeconds": null
                          },
                          "resizePolicy": null,
                          "resources": {
                            "claims": null,
                            "limits": null,
                            "requests": null
                          },
                          "restartPolicy": null,
                          "securityContext": {
                            "allowPrivilegeEscalation": null,
                            "appArmorProfile": {
                              "localhostProfile": null,
                              "type": null
                            },
                            "capabilities": {
                              "add": null,
                              "drop": null
                            },
                            "privileged": null,
                            "procMount": null,
                            "readOnlyRootFilesystem": null,
                            "runAsGroup": null,
                            "runAsNonRoot": null,
                            "runAsUser": null,
                            "seLinuxOptions": {
                              "level": null,
                              "role": null,
                              "type": null,
                              "user": null
                            },
                            "seccompProfile": {
                              "localhostProfile": null,
                              "type": null
                            },
                            "windowsOptions": {
                              "gmsaCredentialSpec": null,
                              "gmsaCredentialSpecName": null,
                              "hostProcess": null,
                              "runAsUserName": null
                            }
                          },
                          "startupProbe": {
                            "exec": {
                              "command": null
                            },
                            "failureThreshold": null,
                            "grpc": {
                              "port": null,
                              "service": null
                            },
                            "httpGet": {
                              "host": null,
                              "httpHeaders": null,
                              "path": null,
                              "port": null,
                              "scheme": null
                            },
                            "initialDelaySeconds": null,
                            "periodSeconds": null,
                            "successThreshold": null,
                            "tcpSocket": {
                              "host": null,
                              "port": null
                            },
                            "terminationGracePeriodSeconds": null,
                            "timeoutSeconds": null
                          },
                          "stdin": null,
                          "stdinOnce": null,
                          "terminationMessagePath": "/dev/termination-log",
                          "terminationMessagePolicy": "File",
                          "tty": null,
                          "volumeDevices": null,
                          "volumeMounts": null,
                          "workingDir": null
                        }
                      ],
                      "dnsConfig": {
                        "nameservers": null,
                        "options": null,
                        "searches": null
                      },
                      "dnsPolicy": "ClusterFirst",
                      "enableServiceLinks": null,
                      "ephemeralContainers": null,
                      "hostAliases": null,
                      "hostIPC": null,
                      "hostNetwork": null,
                      "hostPID": null,
                      "hostUsers": null,
                      "hostname": null,
                      "imagePullSecrets": null,
                      "initContainers": null,
                      "nodeName": null,
                      "nodeSelector": null,
                      "os": {
                        "name": null
                      },
                      "overhead": null,
                      "preemptionPolicy": null,
                      "priority": null,
                      "priorityClassName": null,
                      "readinessGates": null,
                      "resourceClaims": null,
                      "restartPolicy": "Always",
                      "runtimeClassName": null,
                      "schedulerName": "default-scheduler",
                      "schedulingGates": null,
                      "securityContext": {
                        "appArmorProfile": {
                          "localhostProfile": null,
                          "type": null
                        },
                        "fsGroup": null,
                        "fsGroupChangePolicy": null,
                        "runAsGroup": null,
                        "runAsNonRoot": null,
                        "runAsUser": null,
                        "seLinuxOptions": {
                          "level": null,
                          "role": null,
                          "type": null,
                          "user": null
                        },
                        "seccompProfile": {
                          "localhostProfile": null,
                          "type": null
                        },
                        "supplementalGroups": null,
                        "sysctls": null,
                        "windowsOptions": {
                          "gmsaCredentialSpec": null,
                          "gmsaCredentialSpecName": null,
                          "hostProcess": null,
                          "runAsUserName": null
                        }
                      },
                      "serviceAccount": "ingress-nginx",
                      "serviceAccountName": "ingress-nginx",
                      "setHostnameAsFQDN": null,
                      "shareProcessNamespace": null,
                      "subdomain": null,
                      "terminationGracePeriodSeconds": 30,
                      "tolerations": null,
                      "topologySpreadConstraints": null,
                      "volumes": null
                    }
                  }
                }
              },
              "type": [
                "object",
                {
                  "apiVersion": "string",
                  "kind": "string",
                  "metadata": [
                    "object",
                    {
                      "annotations": [
                        "map",
                        "string"
                      ],
                      "creationTimestamp": "string",
                      "deletionGracePeriodSeconds": "number",
                      "deletionTimestamp": "string",
                      "finalizers": [
                        "list",
                        "string"
                      ],
                      "generateName": "string",
                      "generation": "number",
                      "labels": [
                        "map",
                        "string"
                      ],
                      "managedFields": [
                        "tuple",
                        [
                          [
                            "object",
                            {
                              "apiVersion": "string",
                              "fieldsType": "string",
                              "fieldsV1": "dynamic",
                              "manager": "string",
                              "operation": "string",
                              "subresource": "string",
                              "time": "string"
                            }
                          ]
                        ]
                      ],
                      "name": "string",
                      "namespace": "string",
                      "ownerReferences": [
                        "list",
                        [
                          "object",
                          {
                            "apiVersion": "string",
                            "blockOwnerDeletion": "bool",
                            "controller": "bool",
                            "kind": "string",
                            "name": "string",
                            "uid": "string"
                          }
                        ]
                      ],
                      "resourceVersion": "string",
                      "selfLink": "string",
                      "uid": "string"
                    }
                  ],
                  "spec": [
                    "object",
                    {
                      "minReadySeconds": "number",
                      "paused": "bool",
                      "progressDeadlineSeconds": "number",
                      "replicas": "number",
                      "revisionHistoryLimit": "number",
                      "selector": [
                        "object",
                        {
                          "matchExpressions": [
                            "list",
                            [
                              "object",
                              {
                                "key": "string",
                                "operator": "string",
                                "values": [
                                  "list",
                                  "string"
                                ]
                              }
                            ]
                          ],
                          "matchLabels": [
                            "map",
                            "string"
                          ]
                        }
                      ],
                      "strategy": [
                        "object",
                        {
                          "rollingUpdate": [
                            "object",
                            {
                              "maxSurge": "string",
                              "maxUnavailable": "string"
                            }
                          ],
                          "type": "string"
                        }
                      ],
                      "template": [
                        "object",
                        {
                          "metadata": [
                            "object",
                            {
                              "annotations": [
                                "map",
                                "string"
                              ],
                              "creationTimestamp": "string",
                              "deletionGracePeriodSeconds": "number",
                              "deletionTimestamp": "string",
                              "finalizers": [
                                "list",
                                "string"
                              ],
                              "generateName": "string",
                              "generation": "number",
                              "labels": [
                                "map",
                                "string"
                              ],
                              "managedFields": [
                                "tuple",
                                [
                                  [
                                    "object",
                                    {
                                      "apiVersion": "string",
                                      "fieldsType": "string",
                                      "fieldsV1": "dynamic",
                                      "manager": "string",
                                      "operation": "string",
                                      "subresource": "string",
                                      "time": "string"
                                    }
                                  ]
                                ]
                              ],
                              "name": "string",
                              "namespace": "string",
                              "ownerReferences": [
                                "list",
                                [
                                  "object",
                                  {
                                    "apiVersion": "string",
                                    "blockOwnerDeletion": "bool",
                                    "controller": "bool",
                                    "kind": "string",
                                    "name": "string",
                                    "uid": "string"
                                  }
                                ]
                              ],
                              "resourceVersion": "string",
                              "selfLink": "string",
                              "uid": "string"
                            }
                          ],
                          "spec": [
                            "object",
                            {
                              "activeDeadlineSeconds": "number",
                              "affinity": [
                                "object",
                                {
                                  "nodeAffinity": [
                                    "object",
                                    {
                                      "preferredDuringSchedulingIgnoredDuringExecution": [
                                        "list",
                                        [
                                          "object",
                                          {
                                            "preference": [
                                              "object",
                                              {
                                                "matchExpressions": [
                                                  "list",
                                                  [
                                                    "object",
                                                    {
                                                      "key": "string",
                                                      "operator": "string",
                                                      "values": [
                                                        "list",
                                                        "string"
                                                      ]
                                                    }
                                                  ]
                                                ],
                                                "matchFields": [
                                                  "list",
                                                  [
                                                    "object",
                                                    {
                                                      "key": "string",
                                                      "operator": "string",
                                                      "values": [
                                                        "list",
                                                        "string"
                                                      ]
                                                    }
                                                  ]
                                                ]
                                              }
                                            ],
                                            "weight": "number"
                                          }
                                        ]
                                      ],
                                      "requiredDuringSchedulingIgnoredDuringExecution": [
                                        "object",
                                        {
                                          "nodeSelectorTerms": [
                                            "list",
                                            [
                                              "object",
                                              {
                                                "matchExpressions": [
                                                  "list",
                                                  [
                                                    "object",
                                                    {
                                                      "key": "string",
                                                      "operator": "string",
                                                      "values": [
                                                        "list",
                                                        "string"
                                                      ]
                                                    }
                                                  ]
                                                ],
                                                "matchFields": [
                                                  "list",
                                                  [
                                                    "object",
                                                    {
                                                      "key": "string",
                                                      "operator": "string",
                                                      "values": [
                                                        "list",
                                                        "string"
                                                      ]
                                                    }
                                                  ]
                                                ]
                                              }
                                            ]
                                          ]
                                        }
                                      ]
                                    }
                                  ],
                                  "podAffinity": [
                                    "object",
                                    {
                                      "preferredDuringSchedulingIgnoredDuringExecution": [
                                        "list",
                                        [
                                          "object",
                                          {
                                            "podAffinityTerm": [
                                              "object",
                                              {
                                                "labelSelector": [
                                                  "object",
                                                  {
                                                    "matchExpressions": [
                                                      "list",
                                                      [
                                                        "object",
                                                        {
                                                          "key": "string",
                                                          "operator": "string",
                                                          "values": [
                                                            "list",
                                                            "string"
                                                          ]
                                                        }
                                                      ]
                                                    ],
                                                    "matchLabels": [
                                                      "map",
                                                      "string"
                                                    ]
                                                  }
                                                ],
                                                "matchLabelKeys": [
                                                  "list",
                                                  "string"
                                                ],
                                                "mismatchLabelKeys": [
                                                  "list",
                                                  "string"
                                                ],
                                                "namespaceSelector": [
                                                  "object",
                                                  {
                                                    "matchExpressions": [
                                                      "list",
                                                      [
                                                        "object",
                                                        {
                                                          "key": "string",
                                                          "operator": "string",
                                                          "values": [
                                                            "list",
                                                            "string"
                                                          ]
                                                        }
                                                      ]
                                                    ],
                                                    "matchLabels": [
                                                      "map",
                                                      "string"
                                                    ]
                                                  }
                                                ],
                                                "namespaces": [
                                                  "list",
                                                  "string"
                                                ],
                                                "topologyKey": "string"
                                              }
                                            ],
                                            "weight": "number"
                                          }
                                        ]
                                      ],
                                      "requiredDuringSchedulingIgnoredDuringExecution": [
                                        "list",
                                        [
                                          "object",
                                          {
                                            "labelSelector": [
                                              "object",
                                              {
                                                "matchExpressions": [
                                                  "list",
                                                  [
                                                    "object",
                                                    {
                                                      "key": "string",
                                                      "operator": "string",
                                                      "values": [
                                                        "list",
                                                        "string"
                                                      ]
                                                    }
                                                  ]
                                                ],
                                                "matchLabels": [
                                                  "map",
                                                  "string"
                                                ]
                                              }
                                            ],
                                            "matchLabelKeys": [
                                              "list",
                                              "string"
                                            ],
                                            "mismatchLabelKeys": [
                                              "list",
                                              "string"
                                            ],
                                            "namespaceSelector": [
                                              "object",
                                              {
                                                "matchExpressions": [
                                                  "list",
                                                  [
                                                    "object",
                                                    {
                                                      "key": "string",
                                                      "operator": "string",
                                                      "values": [
                                                        "list",
                                                        "string"
                                                      ]
                                                    }
                                                  ]
                                                ],
                                                "matchLabels": [
                                                  "map",
                                                  "string"
                                                ]
                                              }
                                            ],
                                            "namespaces": [
                                              "list",
                                              "string"
                                            ],
                                            "topologyKey": "string"
                                          }
                                        ]
                                      ]
                                    }
                                  ],
                                  "podAntiAffinity": [
                                    "object",
                                    {
                                      "preferredDuringSchedulingIgnoredDuringExecution": [
                                        "list",
                                        [
                                          "object",
                                          {
                                            "podAffinityTerm": [
                                              "object",
                                              {
                                                "labelSelector": [
                                                  "object",
                                                  {
                                                    "matchExpressions": [
                                                      "list",
                                                      [
                                                        "object",
                                                        {
                                                          "key": "string",
                                                          "operator": "string",
                                                          "values": [
                                                            "list",
                                                            "string"
                                                          ]
                                                        }
                                                      ]
                                                    ],
                                                    "matchLabels": [
                                                      "map",
                                                      "string"
                                                    ]
                                                  }
                                                ],
                                                "matchLabelKeys": [
                                                  "list",
                                                  "string"
                                                ],
                                                "mismatchLabelKeys": [
                                                  "list",
                                                  "string"
                                                ],
                                                "namespaceSelector": [
                                                  "object",
                                                  {
                                                    "matchExpressions": [
                                                      "list",
                                                      [
                                                        "object",
                                                        {
                                                          "key": "string",
                                                          "operator": "string",
                                                          "values": [
                                                            "list",
                                                            "string"
                                                          ]
                                                        }
                                                      ]
                                                    ],
                                                    "matchLabels": [
                                                      "map",
                                                      "string"
                                                    ]
                                                  }
                                                ],
                                                "namespaces": [
                                                  "list",
                                                  "string"
                                                ],
                                                "topologyKey": "string"
                                              }
                                            ],
                                            "weight": "number"
                                          }
                                        ]
                                      ],
                                      "requiredDuringSchedulingIgnoredDuringExecution": [
                                        "list",
                                        [
                                          "object",
                                          {
                                            "labelSelector": [
                                              "object",
                                              {
                                                "matchExpressions": [
                                                  "list",
                                                  [
                                                    "object",
                                                    {
                                                      "key": "string",
                                                      "operator": "string",
                                                      "values": [
                                                        "list",
                                                        "string"
                                                      ]
                                                    }
                                                  ]
                                                ],
                                                "matchLabels": [
                                                  "map",
                                                  "string"
                                                ]
                                              }
                                            ],
                                            "matchLabelKeys": [
                                              "list",
                                              "string"
                                            ],
                                            "mismatchLabelKeys": [
                                              "list",
                                              "string"
                                            ],
                                            "namespaceSelector": [
                                              "object",
                                              {
                                                "matchExpressions": [
                                                  "list",
                                                  [
                                                    "object",
                                                    {
                                                      "key": "string",
                                                      "operator": "string",
                                                      "values": [
                                                        "list",
                                                        "string"
                                                      ]
                                                    }
                                                  ]
                                                ],
                                                "matchLabels": [
                                                  "map",
                                                  "string"
                                                ]
                                              }
                                            ],
                                            "namespaces": [
                                              "list",
                                              "string"
                                            ],
                                            "topologyKey": "string"
                                          }
                                        ]
                                      ]
                                    }
                                  ]
                                }
                              ],
                              "automountServiceAccountToken": "bool",
                              "containers": [
                                "list",
                                [
                                  "object",
                                  {
                                    "args": [
                                      "list",
                                      "string"
                                    ],
                                    "command": [
                                      "list",
                                      "string"
                                    ],
                                    "env": [
                                      "list",
                                      [
                                        "object",
                                        {
                                          "name": "string",
                                          "value": "string",
                                          "valueFrom": [
                                            "object",
                                            {
                                              "configMapKeyRef": [
                                                "object",
                                                {
                                                  "key": "string",
                                                  "name": "string",
                                                  "optional": "bool"
                                                }
                                              ],
                                              "fieldRef": [
                                                "object",
                                                {
                                                  "apiVersion": "string",
                                                  "fieldPath": "string"
                                                }
                                              ],
                                              "resourceFieldRef": [
                                                "object",
                                                {
                                                  "containerName": "string",
                                                  "divisor": "string",
                                                  "resource": "string"
                                                }
                                              ],
                                              "secretKeyRef": [
                                                "object",
                                                {
                                                  "key": "string",
                                                  "name": "string",
                                                  "optional": "bool"
                                                }
                                              ]
                                            }
                                          ]
                                        }
                                      ]
                                    ],
                                    "envFrom": [
                                      "list",
                                      [
                                        "object",
                                        {
                                          "configMapRef": [
                                            "object",
                                            {
                                              "name": "string",
                                              "optional": "bool"
                                            }
                                          ],
                                          "prefix": "string",
                                          "secretRef": [
                                            "object",
                                            {
                                              "name": "string",
                                              "optional": "bool"
                                            }
                                          ]
                                        }
                                      ]
                                    ],
                                    "image": "string",
                                    "imagePullPolicy": "string",
                                    "lifecycle": [
                                      "object",
                                      {
                                        "postStart": [
                                          "object",
                                          {
                                            "exec": [
                                              "object",
                                              {
                                                "command": [
                                                  "list",
                                                  "string"
                                                ]
                                              }
                                            ],
                                            "httpGet": [
                                              "object",
                                              {
                                                "host": "string",
                                                "httpHeaders": [
                                                  "list",
                                                  [
                                                    "object",
                                                    {
                                                      "name": "string",
                                                      "value": "string"
                                                    }
                                                  ]
                                                ],
                                                "path": "string",
                                                "port": "string",
                                                "scheme": "string"
                                              }
                                            ],
                                            "sleep": [
                                              "object",
                                              {
                                                "seconds": "number"
                                              }
                                            ],
                                            "tcpSocket": [
                                              "object",
                                              {
                                                "host": "string",
                                                "port": "string"
                                              }
                                            ]
                                          }
                                        ],
                                        "preStop": [
                                          "object",
                                          {
                                            "exec": [
                                              "object",
                                              {
                                                "command": [
                                                  "list",
                                                  "string"
                                                ]
                                              }
                                            ],
                                            "httpGet": [
                                              "object",
                                              {
                                                "host": "string",
                                                "httpHeaders": [
                                                  "list",
                                                  [
                                                    "object",
                                                    {
                                                      "name": "string",
                                                      "value": "string"
                                                    }
                                                  ]
                                                ],
                                                "path": "string",
                                                "port": "string",
                                                "scheme": "string"
                                              }
                                            ],
                                            "sleep": [
                                              "object",
                                              {
                                                "seconds": "number"
                                              }
                                            ],
                                            "tcpSocket": [
                                              "object",
                                              {
                                                "host": "string",
                                                "port": "string"
                                              }
                                            ]
                                          }
                                        ]
                                      }
                                    ],
                                    "livenessProbe": [
                                      "object",
                                      {
                                        "exec": [
                                          "object",
                                          {
                                            "command": [
                                              "list",
                                              "string"
                                            ]
                                          }
                                        ],
                                        "failureThreshold": "number",
                                        "grpc": [
                                          "object",
                                          {
                                            "port": "number",
                                            "service": "string"
                                          }
                                        ],
                                        "httpGet": [
                                          "object",
                                          {
                                            "host": "string",
                                            "httpHeaders": [
                                              "list",
                                              [
                                                "object",
                                                {
                                                  "name": "string",
                                                  "value": "string"
                                                }
                                              ]
                                            ],
                                            "path": "string",
                                            "port": "string",
                                            "scheme": "string"
                                          }
                                        ],
                                        "initialDelaySeconds": "number",
                                        "periodSeconds": "number",
                                        "successThreshold": "number",
                                        "tcpSocket": [
                                          "object",
                                          {
                                            "host": "string",
                                            "port": "string"
                                          }
                                        ],
                                        "terminationGracePeriodSeconds": "number",
                                        "timeoutSeconds": "number"
                                      }
                                    ],
                                    "name": "string",
                                    "ports": [
                                      "list",
                                      [
                                        "object",
                                        {
                                          "containerPort": "number",
                                          "hostIP": "string",
                                          "hostPort": "number",
                                          "name": "string",
                                          "protocol": "string"
                                        }
                                      ]
                                    ],
                                    "readinessProbe": [
                                      "object",
                                      {
                                        "exec": [
                                          "object",
                                          {
                                            "command": [
                                              "list",
                                              "string"
                                            ]
                                          }
                                        ],
                                        "failureThreshold": "number",
                                        "grpc": [
                                          "object",
                                          {
                                            "port": "number",
                                            "service": "string"
                                          }
                                        ],
                                        "httpGet": [
                                          "object",
                                          {
                                            "host": "string",
                                            "httpHeaders": [
                                              "list",
                                              [
                                                "object",
                                                {
                                                  "name": "string",
                                                  "value": "string"
                                                }
                                              ]
                                            ],
                                            "path": "string",
                                            "port": "string",
                                            "scheme": "string"
                                          }
                                        ],
                                        "initialDelaySeconds": "number",
                                        "periodSeconds": "number",
                                        "successThreshold": "number",
                                        "tcpSocket": [
                                          "object",
                                          {
                                            "host": "string",
                                            "port": "string"
                                          }
                                        ],
                                        "terminationGracePeriodSeconds": "number",
                                        "timeoutSeconds": "number"
                                      }
                                    ],
                                    "resizePolicy": [
                                      "list",
                                      [
                                        "object",
                                        {
                                          "resourceName": "string",
                                          "restartPolicy": "string"
                                        }
                                      ]
                                    ],
                                    "resources": [
                                      "object",
                                      {
                                        "claims": [
                                          "list",
                                          [
                                            "object",
                                            {
                                              "name": "string"
                                            }
                                          ]
                                        ],
                                        "limits": [
                                          "map",
                                          "string"
                                        ],
                                        "requests": [
                                          "map",
                                          "string"
                                        ]
                                      }
                                    ],
                                    "restartPolicy": "string",
                                    "securityContext": [
                                      "object",
                                      {
                                        "allowPrivilegeEscalation": "bool",
                                        "appArmorProfile": [
                                          "object",
                                          {
                                            "localhostProfile": "string",
                                            "type": "string"
                                          }
                                        ],
                                        "capabilities": [
                                          "object",
                                          {
                                            "add": [
                                              "list",
                                              "string"
                                            ],
                                            "drop": [
                                              "list",
                                              "string"
                                            ]
                                          }
                                        ],
                                        "privileged": "bool",
                                        "procMount": "string",
                                        "readOnlyRootFilesystem": "bool",
                                        "runAsGroup": "number",
                                        "runAsNonRoot": "bool",
                                        "runAsUser": "number",
                                        "seLinuxOptions": [
                                          "object",
                                          {
                                            "level": "string",
                                            "role": "string",
                                            "type": "string",
                                            "user": "string"
                                          }
                                        ],
                                        "seccompProfile": [
                                          "object",
                                          {
                                            "localhostProfile": "string",
                                            "type": "string"
                                          }
                                        ],
                                        "windowsOptions": [
                                          "object",
                                          {
                                            "gmsaCredentialSpec": "string",
                                            "gmsaCredentialSpecName": "string",
                                            "hostProcess": "bool",
                                            "runAsUserName": "string"
                                          }
                                        ]
                                      }
                                    ],
                                    "startupProbe": [
                                      "object",
                                      {
                                        "exec": [
                                          "object",
                                          {
                                            "command": [
                                              "list",
                                              "string"
                                            ]
                                          }
                                        ],
                                        "failureThreshold": "number",
                                        "grpc": [
                                          "object",
                                          {
                                            "port": "number",
                                            "service": "string"
                                          }
                                        ],
                                        "httpGet": [
                                          "object",
                                          {
                                            "host": "string",
                                            "httpHeaders": [
                                              "list",
                                              [
                                                "object",
                                                {
                                                  "name": "string",
                                                  "value": "string"
                                                }
                                              ]
                                            ],
                                            "path": "string",
                                            "port": "string",
                                            "scheme": "string"
                                          }
                                        ],
                                        "initialDelaySeconds": "number",
                                        "periodSeconds": "number",
                                        "successThreshold": "number",
                                        "tcpSocket": [
                                          "object",
                                          {
                                            "host": "string",
                                            "port": "string"
                                          }
                                        ],
                                        "terminationGracePeriodSeconds": "number",
                                        "timeoutSeconds": "number"
                                      }
                                    ],
                                    "stdin": "bool",
                                    "stdinOnce": "bool",
                                    "terminationMessagePath": "string",
                                    "terminationMessagePolicy": "string",
                                    "tty": "bool",
                                    "volumeDevices": [
                                      "list",
                                      [
                                        "object",
                                        {
                                          "devicePath": "string",
                                          "name": "string"
                                        }
                                      ]
                                    ],
                                    "volumeMounts": [
                                      "list",
                                      [
                                        "object",
                                        {
                                          "mountPath": "string",
                                          "mountPropagation": "string",
                                          "name": "string",
                                          "readOnly": "bool",
                                          "recursiveReadOnly": "string",
                                          "subPath": "string",
                                          "subPathExpr": "string"
                                        }
                                      ]
                                    ],
                                    "workingDir": "string"
                                  }
                                ]
                              ],
                              "dnsConfig": [
                                "object",
                                {
                                  "nameservers": [
                                    "list",
                                    "string"
                                  ],
                                  "options": [
                                    "list",
                                    [
                                      "object",
                                      {
                                        "name": "string",
                                        "value": "string"
                                      }
                                    ]
                                  ],
                                  "searches": [
                                    "list",
                                    "string"
                                  ]
                                }
                              ],
                              "dnsPolicy": "string",
                              "enableServiceLinks": "bool",
                              "ephemeralContainers": [
                                "list",
                                [
                                  "object",
                                  {
                                    "args": [
                                      "list",
                                      "string"
                                    ],
                                    "command": [
                                      "list",
                                      "string"
                                    ],
                                    "env": [
                                      "list",
                                      [
                                        "object",
                                        {
                                          "name": "string",
                                          "value": "string",
                                          "valueFrom": [
                                            "object",
                                            {
                                              "configMapKeyRef": [
                                                "object",
                                                {
                                                  "key": "string",
                                                  "name": "string",
                                                  "optional": "bool"
                                                }
                                              ],
                                              "fieldRef": [
                                                "object",
                                                {
                                                  "apiVersion": "string",
                                                  "fieldPath": "string"
                                                }
                                              ],
                                              "resourceFieldRef": [
                                                "object",
                                                {
                                                  "containerName": "string",
                                                  "divisor": "string",
                                                  "resource": "string"
                                                }
                                              ],
                                              "secretKeyRef": [
                                                "object",
                                                {
                                                  "key": "string",
                                                  "name": "string",
                                                  "optional": "bool"
                                                }
                                              ]
                                            }
                                          ]
                                        }
                                      ]
                                    ],
                                    "envFrom": [
                                      "list",
                                      [
                                        "object",
                                        {
                                          "configMapRef": [
                                            "object",
                                            {
                                              "name": "string",
                                              "optional": "bool"
                                            }
                                          ],
                                          "prefix": "string",
                                          "secretRef": [
                                            "object",
                                            {
                                              "name": "string",
                                              "optional": "bool"
                                            }
                                          ]
                                        }
                                      ]
                                    ],
                                    "image": "string",
                                    "imagePullPolicy": "string",
                                    "lifecycle": [
                                      "object",
                                      {
                                        "postStart": [
                                          "object",
                                          {
                                            "exec": [
                                              "object",
                                              {
                                                "command": [
                                                  "list",
                                                  "string"
                                                ]
                                              }
                                            ],
                                            "httpGet": [
                                              "object",
                                              {
                                                "host": "string",
                                                "httpHeaders": [
                                                  "list",
                                                  [
                                                    "object",
                                                    {
                                                      "name": "string",
                                                      "value": "string"
                                                    }
                                                  ]
                                                ],
                                                "path": "string",
                                                "port": "string",
                                                "scheme": "string"
                                              }
                                            ],
                                            "sleep": [
                                              "object",
                                              {
                                                "seconds": "number"
                                              }
                                            ],
                                            "tcpSocket": [
                                              "object",
                                              {
                                                "host": "string",
                                                "port": "string"
                                              }
                                            ]
                                          }
                                        ],
                                        "preStop": [
                                          "object",
                                          {
                                            "exec": [
                                              "object",
                                              {
                                                "command": [
                                                  "list",
                                                  "string"
                                                ]
                                              }
                                            ],
                                            "httpGet": [
                                              "object",
                                              {
                                                "host": "string",
                                                "httpHeaders": [
                                                  "list",
                                                  [
                                                    "object",
                                                    {
                                                      "name": "string",
                                                      "value": "string"
                                                    }
                                                  ]
                                                ],
                                                "path": "string",
                                                "port": "string",
                                                "scheme": "string"
                                              }
                                            ],
                                            "sleep": [
                                              "object",
                                              {
                                                "seconds": "number"
                                              }
                                            ],
                                            "tcpSocket": [
                                              "object",
                                              {
                                                "host": "string",
                                                "port": "string"
                                              }
                                            ]
                                          }
                                        ]
                                      }
                                    ],
                                    "livenessProbe": [
                                      "object",
                                      {
                                        "exec": [
                                          "object",
                                          {
                                            "command": [
                                              "list",
                                              "string"
                                            ]
                                          }
                                        ],
                                        "failureThreshold": "number",
                                        "grpc": [
                                          "object",
                                          {
                                            "port": "number",
                                            "service": "string"
                                          }
                                        ],
                                        "httpGet": [
                                          "object",
                                          {
                                            "host": "string",
                                            "httpHeaders": [
                                              "list",
                                              [
                                                "object",
                                                {
                                                  "name": "string",
                                                  "value": "string"
                                                }
                                              ]
                                            ],
                                            "path": "string",
                                            "port": "string",
                                            "scheme": "string"
                                          }
                                        ],
                                        "initialDelaySeconds": "number",
                                        "periodSeconds": "number",
                                        "successThreshold": "number",
                                        "tcpSocket": [
                                          "object",
                                          {
                                            "host": "string",
                                            "port": "string"
                                          }
                                        ],
                                        "terminationGracePeriodSeconds": "number",
                                        "timeoutSeconds": "number"
                                      }
                                    ],
                                    "name": "string",
                                    "ports": [
                                      "list",
                                      [
                                        "object",
                                        {
                                          "containerPort": "number",
                                          "hostIP": "string",
                                          "hostPort": "number",
                                          "name": "string",
                                          "protocol": "string"
                                        }
                                      ]
                                    ],
                                    "readinessProbe": [
                                      "object",
                                      {
                                        "exec": [
                                          "object",
                                          {
                                            "command": [
                                              "list",
                                              "string"
                                            ]
                                          }
                                        ],
                                        "failureThreshold": "number",
                                        "grpc": [
                                          "object",
                                          {
                                            "port": "number",
                                            "service": "string"
                                          }
                                        ],
                                        "httpGet": [
                                          "object",
                                          {
                                            "host": "string",
                                            "httpHeaders": [
                                              "list",
                                              [
                                                "object",
                                                {
                                                  "name": "string",
                                                  "value": "string"
                                                }
                                              ]
                                            ],
                                            "path": "string",
                                            "port": "string",
                                            "scheme": "string"
                                          }
                                        ],
                                        "initialDelaySeconds": "number",
                                        "periodSeconds": "number",
                                        "successThreshold": "number",
                                        "tcpSocket": [
                                          "object",
                                          {
                                            "host": "string",
                                            "port": "string"
                                          }
                                        ],
                                        "terminationGracePeriodSeconds": "number",
                                        "timeoutSeconds": "number"
                                      }
                                    ],
                                    "resizePolicy": [
                                      "list",
                                      [
                                        "object",
                                        {
                                          "resourceName": "string",
                                          "restartPolicy": "string"
                                        }
                                      ]
                                    ],
                                    "resources": [
                                      "object",
                                      {
                                        "claims": [
                                          "list",
                                          [
                                            "object",
                                            {
                                              "name": "string"
                                            }
                                          ]
                                        ],
                                        "limits": [
                                          "map",
                                          "string"
                                        ],
                                        "requests": [
                                          "map",
                                          "string"
                                        ]
                                      }
                                    ],
                                    "restartPolicy": "string",
                                    "securityContext": [
                                      "object",
                                      {
                                        "allowPrivilegeEscalation": "bool",
                                        "appArmorProfile": [
                                          "object",
                                          {
                                            "localhostProfile": "string",
                                            "type": "string"
                                          }
                                        ],
                                        "capabilities": [
                                          "object",
                                          {
                                            "add": [
                                              "list",
                                              "string"
                                            ],
                                            "drop": [
                                              "list",
                                              "string"
                                            ]
                                          }
                                        ],
                                        "privileged": "bool",
                                        "procMount": "string",
                                        "readOnlyRootFilesystem": "bool",
                                        "runAsGroup": "number",
                                        "runAsNonRoot": "bool",
                                        "runAsUser": "number",
                                        "seLinuxOptions": [
                                          "object",
                                          {
                                            "level": "string",
                                            "role": "string",
                                            "type": "string",
                                            "user": "string"
                                          }
                                        ],
                                        "seccompProfile": [
                                          "object",
                                          {
                                            "localhostProfile": "string",
                                            "type": "string"
                                          }
                                        ],
                                        "windowsOptions": [
                                          "object",
                                          {
                                            "gmsaCredentialSpec": "string",
                                            "gmsaCredentialSpecName": "string",
                                            "hostProcess": "bool",
                                            "runAsUserName": "string"
                                          }
                                        ]
                                      }
                                    ],
                                    "startupProbe": [
                                      "object",
                                      {
                                        "exec": [
                                          "object",
                                          {
                                            "command": [
                                              "list",
                                              "string"
                                            ]
                                          }
                                        ],
                                        "failureThreshold": "number",
                                        "grpc": [
                                          "object",
                                          {
                                            "port": "number",
                                            "service": "string"
                                          }
                                        ],
                                        "httpGet": [
                                          "object",
                                          {
                                            "host": "string",
                                            "httpHeaders": [
                                              "list",
                                              [
                                                "object",
                                                {
                                                  "name": "string",
                                                  "value": "string"
                                                }
                                              ]
                                            ],
                                            "path": "string",
                                            "port": "string",
                                            "scheme": "string"
                                          }
                                        ],
                                        "initialDelaySeconds": "number",
                                        "periodSeconds": "number",
                                        "successThreshold": "number",
                                        "tcpSocket": [
                                          "object",
                                          {
                                            "host": "string",
                                            "port": "string"
                                          }
                                        ],
                                        "terminationGracePeriodSeconds": "number",
                                        "timeoutSeconds": "number"
                                      }
                                    ],
                                    "stdin": "bool",
                                    "stdinOnce": "bool",
                                    "targetContainerName": "string",
                                    "terminationMessagePath": "string",
                                    "terminationMessagePolicy": "string",
                                    "tty": "bool",
                                    "volumeDevices": [
                                      "list",
                                      [
                                        "object",
                                        {
                                          "devicePath": "string",
                                          "name": "string"
                                        }
                                      ]
                                    ],
                                    "volumeMounts": [
                                      "list",
                                      [
                                        "object",
                                        {
                                          "mountPath": "string",
                                          "mountPropagation": "string",
                                          "name": "string",
                                          "readOnly": "bool",
                                          "recursiveReadOnly": "string",
                                          "subPath": "string",
                                          "subPathExpr": "string"
                                        }
                                      ]
                                    ],
                                    "workingDir": "string"
                                  }
                                ]
                              ],
                              "hostAliases": [
                                "list",
                                [
                                  "object",
                                  {
                                    "hostnames": [
                                      "list",
                                      "string"
                                    ],
                                    "ip": "string"
                                  }
                                ]
                              ],
                              "hostIPC": "bool",
                              "hostNetwork": "bool",
                              "hostPID": "bool",
                              "hostUsers": "bool",
                              "hostname": "string",
                              "imagePullSecrets": [
                                "list",
                                [
                                  "object",
                                  {
                                    "name": "string"
                                  }
                                ]
                              ],
                              "initContainers": [
                                "list",
                                [
                                  "object",
                                  {
                                    "args": [
                                      "list",
                                      "string"
                                    ],
                                    "command": [
                                      "list",
                                      "string"
                                    ],
                                    "env": [
                                      "list",
                                      [
                                        "object",
                                        {
                                          "name": "string",
                                          "value": "string",
                                          "valueFrom": [
                                            "object",
                                            {
                                              "configMapKeyRef": [
                                                "object",
                                                {
                                                  "key": "string",
                                                  "name": "string",
                                                  "optional": "bool"
                                                }
                                              ],
                                              "fieldRef": [
                                                "object",
                                                {
                                                  "apiVersion": "string",
                                                  "fieldPath": "string"
                                                }
                                              ],
                                              "resourceFieldRef": [
                                                "object",
                                                {
                                                  "containerName": "string",
                                                  "divisor": "string",
                                                  "resource": "string"
                                                }
                                              ],
                                              "secretKeyRef": [
                                                "object",
                                                {
                                                  "key": "string",
                                                  "name": "string",
                                                  "optional": "bool"
                                                }
                                              ]
                                            }
                                          ]
                                        }
                                      ]
                                    ],
                                    "envFrom": [
                                      "list",
                                      [
                                        "object",
                                        {
                                          "configMapRef": [
                                            "object",
                                            {
                                              "name": "string",
                                              "optional": "bool"
                                            }
                                          ],
                                          "prefix": "string",
                                          "secretRef": [
                                            "object",
                                            {
                                              "name": "string",
                                              "optional": "bool"
                                            }
                                          ]
                                        }
                                      ]
                                    ],
                                    "image": "string",
                                    "imagePullPolicy": "string",
                                    "lifecycle": [
                                      "object",
                                      {
                                        "postStart": [
                                          "object",
                                          {
                                            "exec": [
                                              "object",
                                              {
                                                "command": [
                                                  "list",
                                                  "string"
                                                ]
                                              }
                                            ],
                                            "httpGet": [
                                              "object",
                                              {
                                                "host": "string",
                                                "httpHeaders": [
                                                  "list",
                                                  [
                                                    "object",
                                                    {
                                                      "name": "string",
                                                      "value": "string"
                                                    }
                                                  ]
                                                ],
                                                "path": "string",
                                                "port": "string",
                                                "scheme": "string"
                                              }
                                            ],
                                            "sleep": [
                                              "object",
                                              {
                                                "seconds": "number"
                                              }
                                            ],
                                            "tcpSocket": [
                                              "object",
                                              {
                                                "host": "string",
                                                "port": "string"
                                              }
                                            ]
                                          }
                                        ],
                                        "preStop": [
                                          "object",
                                          {
                                            "exec": [
                                              "object",
                                              {
                                                "command": [
                                                  "list",
                                                  "string"
                                                ]
                                              }
                                            ],
                                            "httpGet": [
                                              "object",
                                              {
                                                "host": "string",
                                                "httpHeaders": [
                                                  "list",
                                                  [
                                                    "object",
                                                    {
                                                      "name": "string",
                                                      "value": "string"
                                                    }
                                                  ]
                                                ],
                                                "path": "string",
                                                "port": "string",
                                                "scheme": "string"
                                              }
                                            ],
                                            "sleep": [
                                              "object",
                                              {
                                                "seconds": "number"
                                              }
                                            ],
                                            "tcpSocket": [
                                              "object",
                                              {
                                                "host": "string",
                                                "port": "string"
                                              }
                                            ]
                                          }
                                        ]
                                      }
                                    ],
                                    "livenessProbe": [
                                      "object",
                                      {
                                        "exec": [
                                          "object",
                                          {
                                            "command": [
                                              "list",
                                              "string"
                                            ]
                                          }
                                        ],
                                        "failureThreshold": "number",
                                        "grpc": [
                                          "object",
                                          {
                                            "port": "number",
                                            "service": "string"
                                          }
                                        ],
                                        "httpGet": [
                                          "object",
                                          {
                                            "host": "string",
                                            "httpHeaders": [
                                              "list",
                                              [
                                                "object",
                                                {
                                                  "name": "string",
                                                  "value": "string"
                                                }
                                              ]
                                            ],
                                            "path": "string",
                                            "port": "string",
                                            "scheme": "string"
                                          }
                                        ],
                                        "initialDelaySeconds": "number",
                                        "periodSeconds": "number",
                                        "successThreshold": "number",
                                        "tcpSocket": [
                                          "object",
                                          {
                                            "host": "string",
                                            "port": "string"
                                          }
                                        ],
                                        "terminationGracePeriodSeconds": "number",
                                        "timeoutSeconds": "number"
                                      }
                                    ],
                                    "name": "string",
                                    "ports": [
                                      "list",
                                      [
                                        "object",
                                        {
                                          "containerPort": "number",
                                          "hostIP": "string",
                                          "hostPort": "number",
                                          "name": "string",
                                          "protocol": "string"
                                        }
                                      ]
                                    ],
                                    "readinessProbe": [
                                      "object",
                                      {
                                        "exec": [
                                          "object",
                                          {
                                            "command": [
                                              "list",
                                              "string"
                                            ]
                                          }
                                        ],
                                        "failureThreshold": "number",
                                        "grpc": [
                                          "object",
                                          {
                                            "port": "number",
                                            "service": "string"
                                          }
                                        ],
                                        "httpGet": [
                                          "object",
                                          {
                                            "host": "string",
                                            "httpHeaders": [
                                              "list",
                                              [
                                                "object",
                                                {
                                                  "name": "string",
                                                  "value": "string"
                                                }
                                              ]
                                            ],
                                            "path": "string",
                                            "port": "string",
                                            "scheme": "string"
                                          }
                                        ],
                                        "initialDelaySeconds": "number",
                                        "periodSeconds": "number",
                                        "successThreshold": "number",
                                        "tcpSocket": [
                                          "object",
                                          {
                                            "host": "string",
                                            "port": "string"
                                          }
                                        ],
                                        "terminationGracePeriodSeconds": "number",
                                        "timeoutSeconds": "number"
                                      }
                                    ],
                                    "resizePolicy": [
                                      "list",
                                      [
                                        "object",
                                        {
                                          "resourceName": "string",
                                          "restartPolicy": "string"
                                        }
                                      ]
                                    ],
                                    "resources": [
                                      "object",
                                      {
                                        "claims": [
                                          "list",
                                          [
                                            "object",
                                            {
                                              "name": "string"
                                            }
                                          ]
                                        ],
                                        "limits": [
                                          "map",
                                          "string"
                                        ],
                                        "requests": [
                                          "map",
                                          "string"
                                        ]
                                      }
                                    ],
                                    "restartPolicy": "string",
                                    "securityContext": [
                                      "object",
                                      {
                                        "allowPrivilegeEscalation": "bool",
                                        "appArmorProfile": [
                                          "object",
                                          {
                                            "localhostProfile": "string",
                                            "type": "string"
                                          }
                                        ],
                                        "capabilities": [
                                          "object",
                                          {
                                            "add": [
                                              "list",
                                              "string"
                                            ],
                                            "drop": [
                                              "list",
                                              "string"
                                            ]
                                          }
                                        ],
                                        "privileged": "bool",
                                        "procMount": "string",
                                        "readOnlyRootFilesystem": "bool",
                                        "runAsGroup": "number",
                                        "runAsNonRoot": "bool",
                                        "runAsUser": "number",
                                        "seLinuxOptions": [
                                          "object",
                                          {
                                            "level": "string",
                                            "role": "string",
                                            "type": "string",
                                            "user": "string"
                                          }
                                        ],
                                        "seccompProfile": [
                                          "object",
                                          {
                                            "localhostProfile": "string",
                                            "type": "string"
                                          }
                                        ],
                                        "windowsOptions": [
                                          "object",
                                          {
                                            "gmsaCredentialSpec": "string",
                                            "gmsaCredentialSpecName": "string",
                                            "hostProcess": "bool",
                                            "runAsUserName": "string"
                                          }
                                        ]
                                      }
                                    ],
                                    "startupProbe": [
                                      "object",
                                      {
                                        "exec": [
                                          "object",
                                          {
                                            "command": [
                                              "list",
                                              "string"
                                            ]
                                          }
                                        ],
                                        "failureThreshold": "number",
                                        "grpc": [
                                          "object",
                                          {
                                            "port": "number",
                                            "service": "string"
                                          }
                                        ],
                                        "httpGet": [
                                          "object",
                                          {
                                            "host": "string",
                                            "httpHeaders": [
                                              "list",
                                              [
                                                "object",
                                                {
                                                  "name": "string",
                                                  "value": "string"
                                                }
                                              ]
                                            ],
                                            "path": "string",
                                            "port": "string",
                                            "scheme": "string"
                                          }
                                        ],
                                        "initialDelaySeconds": "number",
                                        "periodSeconds": "number",
                                        "successThreshold": "number",
                                        "tcpSocket": [
                                          "object",
                                          {
                                            "host": "string",
                                            "port": "string"
                                          }
                                        ],
                                        "terminationGracePeriodSeconds": "number",
                                        "timeoutSeconds": "number"
                                      }
                                    ],
                                    "stdin": "bool",
                                    "stdinOnce": "bool",
                                    "terminationMessagePath": "string",
                                    "terminationMessagePolicy": "string",
                                    "tty": "bool",
                                    "volumeDevices": [
                                      "list",
                                      [
                                        "object",
                                        {
                                          "devicePath": "string",
                                          "name": "string"
                                        }
                                      ]
                                    ],
                                    "volumeMounts": [
                                      "list",
                                      [
                                        "object",
                                        {
                                          "mountPath": "string",
                                          "mountPropagation": "string",
                                          "name": "string",
                                          "readOnly": "bool",
                                          "recursiveReadOnly": "string",
                                          "subPath": "string",
                                          "subPathExpr": "string"
                                        }
                                      ]
                                    ],
                                    "workingDir": "string"
                                  }
                                ]
                              ],
                              "nodeName": "string",
                              "nodeSelector": [
                                "map",
                                "string"
                              ],
                              "os": [
                                "object",
                                {
                                  "name": "string"
                                }
                              ],
                              "overhead": [
                                "map",
                                "string"
                              ],
                              "preemptionPolicy": "string",
                              "priority": "number",
                              "priorityClassName": "string",
                              "readinessGates": [
                                "list",
                                [
                                  "object",
                                  {
                                    "conditionType": "string"
                                  }
                                ]
                              ],
                              "resourceClaims": [
                                "list",
                                [
                                  "object",
                                  {
                                    "name": "string",
                                    "source": [
                                      "object",
                                      {
                                        "resourceClaimName": "string",
                                        "resourceClaimTemplateName": "string"
                                      }
                                    ]
                                  }
                                ]
                              ],
                              "restartPolicy": "string",
                              "runtimeClassName": "string",
                              "schedulerName": "string",
                              "schedulingGates": [
                                "list",
                                [
                                  "object",
                                  {
                                    "name": "string"
                                  }
                                ]
                              ],
                              "securityContext": [
                                "object",
                                {
                                  "appArmorProfile": [
                                    "object",
                                    {
                                      "localhostProfile": "string",
                                      "type": "string"
                                    }
                                  ],
                                  "fsGroup": "number",
                                  "fsGroupChangePolicy": "string",
                                  "runAsGroup": "number",
                                  "runAsNonRoot": "bool",
                                  "runAsUser": "number",
                                  "seLinuxOptions": [
                                    "object",
                                    {
                                      "level": "string",
                                      "role": "string",
                                      "type": "string",
                                      "user": "string"
                                    }
                                  ],
                                  "seccompProfile": [
                                    "object",
                                    {
                                      "localhostProfile": "string",
                                      "type": "string"
                                    }
                                  ],
                                  "supplementalGroups": [
                                    "list",
                                    "number"
                                  ],
                                  "sysctls": [
                                    "list",
                                    [
                                      "object",
                                      {
                                        "name": "string",
                                        "value": "string"
                                      }
                                    ]
                                  ],
                                  "windowsOptions": [
                                    "object",
                                    {
                                      "gmsaCredentialSpec": "string",
                                      "gmsaCredentialSpecName": "string",
                                      "hostProcess": "bool",
                                      "runAsUserName": "string"
                                    }
                                  ]
                                }
                              ],
                              "serviceAccount": "string",
                              "serviceAccountName": "string",
                              "setHostnameAsFQDN": "bool",
                              "shareProcessNamespace": "bool",
                              "subdomain": "string",
                              "terminationGracePeriodSeconds": "number",
                              "tolerations": [
                                "list",
                                [
                                  "object",
                                  {
                                    "effect": "string",
                                    "key": "string",
                                    "operator": "string",
                                    "tolerationSeconds": "number",
                                    "value": "string"
                                  }
                                ]
                              ],
                              "topologySpreadConstraints": [
                                "list",
                                [
                                  "object",
                                  {
                                    "labelSelector": [
                                      "object",
                                      {
                                        "matchExpressions": [
                                          "list",
                                          [
                                            "object",
                                            {
                                              "key": "string",
                                              "operator": "string",
                                              "values": [
                                                "list",
                                                "string"
                                              ]
                                            }
                                          ]
                                        ],
                                        "matchLabels": [
                                          "map",
                                          "string"
                                        ]
                                      }
                                    ],
                                    "matchLabelKeys": [
                                      "list",
                                      "string"
                                    ],
                                    "maxSkew": "number",
                                    "minDomains": "number",
                                    "nodeAffinityPolicy": "string",
                                    "nodeTaintsPolicy": "string",
                                    "topologyKey": "string",
                                    "whenUnsatisfiable": "string"
                                  }
                                ]
                              ],
                              "volumes": [
                                "tuple",
                                [
                                  [
                                    "object",
                                    {
                                      "awsElasticBlockStore": [
                                        "object",
                                        {
                                          "fsType": "string",
                                          "partition": "number",
                                          "readOnly": "bool",
                                          "volumeID": "string"
                                        }
                                      ],
                                      "azureDisk": [
                                        "object",
                                        {
                                          "cachingMode": "string",
                                          "diskName": "string",
                                          "diskURI": "string",
                                          "fsType": "string",
                                          "kind": "string",
                                          "readOnly": "bool"
                                        }
                                      ],
                                      "azureFile": [
                                        "object",
                                        {
                                          "readOnly": "bool",
                                          "secretName": "string",
                                          "shareName": "string"
                                        }
                                      ],
                                      "cephfs": [
                                        "object",
                                        {
                                          "monitors": [
                                            "list",
                                            "string"
                                          ],
                                          "path": "string",
                                          "readOnly": "bool",
                                          "secretFile": "string",
                                          "secretRef": [
                                            "object",
                                            {
                                              "name": "string"
                                            }
                                          ],
                                          "user": "string"
                                        }
                                      ],
                                      "cinder": [
                                        "object",
                                        {
                                          "fsType": "string",
                                          "readOnly": "bool",
                                          "secretRef": [
                                            "object",
                                            {
                                              "name": "string"
                                            }
                                          ],
                                          "volumeID": "string"
                                        }
                                      ],
                                      "configMap": [
                                        "object",
                                        {
                                          "defaultMode": "number",
                                          "items": [
                                            "list",
                                            [
                                              "object",
                                              {
                                                "key": "string",
                                                "mode": "number",
                                                "path": "string"
                                              }
                                            ]
                                          ],
                                          "name": "string",
                                          "optional": "bool"
                                        }
                                      ],
                                      "csi": [
                                        "object",
                                        {
                                          "driver": "string",
                                          "fsType": "string",
                                          "nodePublishSecretRef": [
                                            "object",
                                            {
                                              "name": "string"
                                            }
                                          ],
                                          "readOnly": "bool",
                                          "volumeAttributes": [
                                            "map",
                                            "string"
                                          ]
                                        }
                                      ],
                                      "downwardAPI": [
                                        "object",
                                        {
                                          "defaultMode": "number",
                                          "items": [
                                            "list",
                                            [
                                              "object",
                                              {
                                                "fieldRef": [
                                                  "object",
                                                  {
                                                    "apiVersion": "string",
                                                    "fieldPath": "string"
                                                  }
                                                ],
                                                "mode": "number",
                                                "path": "string",
                                                "resourceFieldRef": [
                                                  "object",
                                                  {
                                                    "containerName": "string",
                                                    "divisor": "string",
                                                    "resource": "string"
                                                  }
                                                ]
                                              }
                                            ]
                                          ]
                                        }
                                      ],
                                      "emptyDir": [
                                        "object",
                                        {
                                          "medium": "string",
                                          "sizeLimit": "string"
                                        }
                                      ],
                                      "ephemeral": [
                                        "object",
                                        {
                                          "volumeClaimTemplate": [
                                            "object",
                                            {
                                              "metadata": [
                                                "object",
                                                {
                                                  "annotations": [
                                                    "map",
                                                    "string"
                                                  ],
                                                  "creationTimestamp": "string",
                                                  "deletionGracePeriodSeconds": "number",
                                                  "deletionTimestamp": "string",
                                                  "finalizers": [
                                                    "list",
                                                    "string"
                                                  ],
                                                  "generateName": "string",
                                                  "generation": "number",
                                                  "labels": [
                                                    "map",
                                                    "string"
                                                  ],
                                                  "managedFields": [
                                                    "tuple",
                                                    [
                                                      [
                                                        "object",
                                                        {
                                                          "apiVersion": "string",
                                                          "fieldsType": "string",
                                                          "fieldsV1": "dynamic",
                                                          "manager": "string",
                                                          "operation": "string",
                                                          "subresource": "string",
                                                          "time": "string"
                                                        }
                                                      ]
                                                    ]
                                                  ],
                                                  "name": "string",
                                                  "namespace": "string",
                                                  "ownerReferences": [
                                                    "list",
                                                    [
                                                      "object",
                                                      {
                                                        "apiVersion": "string",
                                                        "blockOwnerDeletion": "bool",
                                                        "controller": "bool",
                                                        "kind": "string",
                                                        "name": "string",
                                                        "uid": "string"
                                                      }
                                                    ]
                                                  ],
                                                  "resourceVersion": "string",
                                                  "selfLink": "string",
                                                  "uid": "string"
                                                }
                                              ],
                                              "spec": [
                                                "object",
                                                {
                                                  "accessModes": [
                                                    "list",
                                                    "string"
                                                  ],
                                                  "dataSource": [
                                                    "object",
                                                    {
                                                      "apiGroup": "string",
                                                      "kind": "string",
                                                      "name": "string"
                                                    }
                                                  ],
                                                  "dataSourceRef": [
                                                    "object",
                                                    {
                                                      "apiGroup": "string",
                                                      "kind": "string",
                                                      "name": "string",
                                                      "namespace": "string"
                                                    }
                                                  ],
                                                  "resources": [
                                                    "object",
                                                    {
                                                      "limits": [
                                                        "map",
                                                        "string"
                                                      ],
                                                      "requests": [
                                                        "map",
                                                        "string"
                                                      ]
                                                    }
                                                  ],
                                                  "selector": [
                                                    "object",
                                                    {
                                                      "matchExpressions": [
                                                        "list",
                                                        [
                                                          "object",
                                                          {
                                                            "key": "string",
                                                            "operator": "string",
                                                            "values": [
                                                              "list",
                                                              "string"
                                                            ]
                                                          }
                                                        ]
                                                      ],
                                                      "matchLabels": [
                                                        "map",
                                                        "string"
                                                      ]
                                                    }
                                                  ],
                                                  "storageClassName": "string",
                                                  "volumeAttributesClassName": "string",
                                                  "volumeMode": "string",
                                                  "volumeName": "string"
                                                }
                                              ]
                                            }
                                          ]
                                        }
                                      ],
                                      "fc": [
                                        "object",
                                        {
                                          "fsType": "string",
                                          "lun": "number",
                                          "readOnly": "bool",
                                          "targetWWNs": [
                                            "list",
                                            "string"
                                          ],
                                          "wwids": [
                                            "list",
                                            "string"
                                          ]
                                        }
                                      ],
                                      "flexVolume": [
                                        "object",
                                        {
                                          "driver": "string",
                                          "fsType": "string",
                                          "options": [
                                            "map",
                                            "string"
                                          ],
                                          "readOnly": "bool",
                                          "secretRef": [
                                            "object",
                                            {
                                              "name": "string"
                                            }
                                          ]
                                        }
                                      ],
                                      "flocker": [
                                        "object",
                                        {
                                          "datasetName": "string",
                                          "datasetUUID": "string"
                                        }
                                      ],
                                      "gcePersistentDisk": [
                                        "object",
                                        {
                                          "fsType": "string",
                                          "partition": "number",
                                          "pdName": "string",
                                          "readOnly": "bool"
                                        }
                                      ],
                                      "gitRepo": [
                                        "object",
                                        {
                                          "directory": "string",
                                          "repository": "string",
                                          "revision": "string"
                                        }
                                      ],
                                      "glusterfs": [
                                        "object",
                                        {
                                          "endpoints": "string",
                                          "path": "string",
                                          "readOnly": "bool"
                                        }
                                      ],
                                      "hostPath": [
                                        "object",
                                        {
                                          "path": "string",
                                          "type": "string"
                                        }
                                      ],
                                      "iscsi": [
                                        "object",
                                        {
                                          "chapAuthDiscovery": "bool",
                                          "chapAuthSession": "bool",
                                          "fsType": "string",
                                          "initiatorName": "string",
                                          "iqn": "string",
                                          "iscsiInterface": "string",
                                          "lun": "number",
                                          "portals": [
                                            "list",
                                            "string"
                                          ],
                                          "readOnly": "bool",
                                          "secretRef": [
                                            "object",
                                            {
                                              "name": "string"
                                            }
                                          ],
                                          "targetPortal": "string"
                                        }
                                      ],
                                      "name": "string",
                                      "nfs": [
                                        "object",
                                        {
                                          "path": "string",
                                          "readOnly": "bool",
                                          "server": "string"
                                        }
                                      ],
                                      "persistentVolumeClaim": [
                                        "object",
                                        {
                                          "claimName": "string",
                                          "readOnly": "bool"
                                        }
                                      ],
                                      "photonPersistentDisk": [
                                        "object",
                                        {
                                          "fsType": "string",
                                          "pdID": "string"
                                        }
                                      ],
                                      "portworxVolume": [
                                        "object",
                                        {
                                          "fsType": "string",
                                          "readOnly": "bool",
                                          "volumeID": "string"
                                        }
                                      ],
                                      "projected": [
                                        "object",
                                        {
                                          "defaultMode": "number",
                                          "sources": [
                                            "list",
                                            [
                                              "object",
                                              {
                                                "clusterTrustBundle": [
                                                  "object",
                                                  {
                                                    "labelSelector": [
                                                      "object",
                                                      {
                                                        "matchExpressions": [
                                                          "list",
                                                          [
                                                            "object",
                                                            {
                                                              "key": "string",
                                                              "operator": "string",
                                                              "values": [
                                                                "list",
                                                                "string"
                                                              ]
                                                            }
                                                          ]
                                                        ],
                                                        "matchLabels": [
                                                          "map",
                                                          "string"
                                                        ]
                                                      }
                                                    ],
                                                    "name": "string",
                                                    "optional": "bool",
                                                    "path": "string",
                                                    "signerName": "string"
                                                  }
                                                ],
                                                "configMap": [
                                                  "object",
                                                  {
                                                    "items": [
                                                      "list",
                                                      [
                                                        "object",
                                                        {
                                                          "key": "string",
                                                          "mode": "number",
                                                          "path": "string"
                                                        }
                                                      ]
                                                    ],
                                                    "name": "string",
                                                    "optional": "bool"
                                                  }
                                                ],
                                                "downwardAPI": [
                                                  "object",
                                                  {
                                                    "items": [
                                                      "list",
                                                      [
                                                        "object",
                                                        {
                                                          "fieldRef": [
                                                            "object",
                                                            {
                                                              "apiVersion": "string",
                                                              "fieldPath": "string"
                                                            }
                                                          ],
                                                          "mode": "number",
                                                          "path": "string",
                                                          "resourceFieldRef": [
                                                            "object",
                                                            {
                                                              "containerName": "string",
                                                              "divisor": "string",
                                                              "resource": "string"
                                                            }
                                                          ]
                                                        }
                                                      ]
                                                    ]
                                                  }
                                                ],
                                                "secret": [
                                                  "object",
                                                  {
                                                    "items": [
                                                      "list",
                                                      [
                                                        "object",
                                                        {
                                                          "key": "string",
                                                          "mode": "number",
                                                          "path": "string"
                                                        }
                                                      ]
                                                    ],
                                                    "name": "string",
                                                    "optional": "bool"
                                                  }
                                                ],
                                                "serviceAccountToken": [
                                                  "object",
                                                  {
                                                    "audience": "string",
                                                    "expirationSeconds": "number",
                                                    "path": "string"
                                                  }
                                                ]
                                              }
                                            ]
                                          ]
                                        }
                                      ],
                                      "quobyte": [
                                        "object",
                                        {
                                          "group": "string",
                                          "readOnly": "bool",
                                          "registry": "string",
                                          "tenant": "string",
                                          "user": "string",
                                          "volume": "string"
                                        }
                                      ],
                                      "rbd": [
                                        "object",
                                        {
                                          "fsType": "string",
                                          "image": "string",
                                          "keyring": "string",
                                          "monitors": [
                                            "list",
                                            "string"
                                          ],
                                          "pool": "string",
                                          "readOnly": "bool",
                                          "secretRef": [
                                            "object",
                                            {
                                              "name": "string"
                                            }
                                          ],
                                          "user": "string"
                                        }
                                      ],
                                      "scaleIO": [
                                        "object",
                                        {
                                          "fsType": "string",
                                          "gateway": "string",
                                          "protectionDomain": "string",
                                          "readOnly": "bool",
                                          "secretRef": [
                                            "object",
                                            {
                                              "name": "string"
                                            }
                                          ],
                                          "sslEnabled": "bool",
                                          "storageMode": "string",
                                          "storagePool": "string",
                                          "system": "string",
                                          "volumeName": "string"
                                        }
                                      ],
                                      "secret": [
                                        "object",
                                        {
                                          "defaultMode": "number",
                                          "items": [
                                            "list",
                                            [
                                              "object",
                                              {
                                                "key": "string",
                                                "mode": "number",
                                                "path": "string"
                                              }
                                            ]
                                          ],
                                          "optional": "bool",
                                          "secretName": "string"
                                        }
                                      ],
                                      "storageos": [
                                        "object",
                                        {
                                          "fsType": "string",
                                          "readOnly": "bool",
                                          "secretRef": [
                                            "object",
                                            {
                                              "name": "string"
                                            }
                                          ],
                                          "volumeName": "string",
                                          "volumeNamespace": "string"
                                        }
                                      ],
                                      "vsphereVolume": [
                                        "object",
                                        {
                                          "fsType": "string",
                                          "storagePolicyID": "string",
                                          "storagePolicyName": "string",
                                          "volumePath": "string"
                                        }
                                      ]
                                    }
                                  ]
                                ]
                              ]
                            }
                          ]
                        }
                      ]
                    }
                  ]
                }
              ]
            },
            "timeouts": [],
            "wait": [],
            "wait_for": null
          },
          "sensitive_attributes": [],
          "identity_schema_version": 1,
          "identity": {
            "api_version": "apps/v1",
            "kind": "Deployment",
            "name": "ingress-nginx-controller",
            "namespace": "ingress-nginx"
          },
          "dependencies": [
            "data.aws_eks_cluster.cluster_info",
            "data.aws_eks_cluster_auth.cluster_auth",
            "module.cluster_manifests.kubernetes_manifest.ingress_nginx_cluster_role",
            "module.cluster_manifests.kubernetes_manifest.ingress_nginx_cluster_role_binding",
            "module.cluster_manifests.kubernetes_manifest.ingress_nginx_namespace",
            "module.cluster_manifests.kubernetes_manifest.ingress_nginx_service_account",
            "module.eks.aws_eks_addon.coredns",
            "module.eks.aws_eks_addon.kube_proxy",
            "module.eks.aws_eks_addon.node_monitoring",
            "module.eks.aws_eks_addon.pod_identity",
            "module.eks.aws_eks_cluster.eks_cluster",
            "module.eks.aws_eks_node_group.eks_node_group",
            "module.vpc.aws_subnet.private",
            "module.vpc.aws_vpc.main"
          ]
        }
      ]
    },
    {
      "module": "module.cluster_manifests",
      "mode": "managed",
      "type": "kubernetes_manifest",
      "name": "ingress_nginx_namespace",
      "provider": "provider[\"registry.terraform.io/hashicorp/kubernetes\"]",
      "instances": [
        {
          "schema_version": 1,
          "attributes": {
            "computed_fields": null,
            "field_manager": [],
            "manifest": {
              "value": {
                "apiVersion": "v1",
                "kind": "Namespace",
                "metadata": {
                  "name": "ingress-nginx"
                }
              },
              "type": [
                "object",
                {
                  "apiVersion": "string",
                  "kind": "string",
                  "metadata": [
                    "object",
                    {
                      "name": "string"
                    }
                  ]
                }
              ]
            },
            "object": {
              "value": {
                "apiVersion": "v1",
                "kind": "Namespace",
                "metadata": {
                  "annotations": null,
                  "creationTimestamp": null,
                  "deletionGracePeriodSeconds": null,
                  "deletionTimestamp": null,
                  "finalizers": null,
                  "generateName": null,
                  "generation": null,
                  "labels": {
                    "kubernetes.io/metadata.name": "ingress-nginx"
                  },
                  "managedFields": null,
                  "name": "ingress-nginx",
                  "namespace": null,
                  "ownerReferences": null,
                  "resourceVersion": null,
                  "selfLink": null,
                  "uid": null
                },
                "spec": {
                  "finalizers": [
                    "kubernetes"
                  ]
                }
              },
              "type": [
                "object",
                {
                  "apiVersion": "string",
                  "kind": "string",
                  "metadata": [
                    "object",
                    {
                      "annotations": [
                        "map",
                        "string"
                      ],
                      "creationTimestamp": "string",
                      "deletionGracePeriodSeconds": "number",
                      "deletionTimestamp": "string",
                      "finalizers": [
                        "list",
                        "string"
                      ],
                      "generateName": "string",
                      "generation": "number",
                      "labels": [
                        "map",
                        "string"
                      ],
                      "managedFields": [
                        "tuple",
                        [
                          [
                            "object",
                            {
                              "apiVersion": "string",
                              "fieldsType": "string",
                              "fieldsV1": "dynamic",
                              "manager": "string",
                              "operation": "string",
                              "subresource": "string",
                              "time": "string"
                            }
                          ]
                        ]
                      ],
                      "name": "string",
                      "namespace": "string",
                      "ownerReferences": [
                        "list",
                        [
                          "object",
                          {
                            "apiVersion": "string",
                            "blockOwnerDeletion": "bool",
                            "controller": "bool",
                            "kind": "string",
                            "name": "string",
                            "uid": "string"
                          }
                        ]
                      ],
                      "resourceVersion": "string",
                      "selfLink": "string",
                      "uid": "string"
                    }
                  ],
                  "spec": [
                    "object",
                    {
                      "finalizers": [
                        "list",
                        "string"
                      ]
                    }
                  ]
                }
              ]
            },
            "timeouts": [],
            "wait": [],
            "wait_for": null
          },
          "sensitive_attributes": [],
          "identity_schema_version": 1,
          "identity": {
            "api_version": "v1",
            "kind": "Namespace",
            "name": "ingress-nginx",
            "namespace": ""
          },
          "dependencies": [
            "data.aws_eks_cluster.cluster_info",
            "data.aws_eks_cluster_auth.cluster_auth",
            "module.eks.aws_eks_addon.coredns",
            "module.eks.aws_eks_addon.kube_proxy",
            "module.eks.aws_eks_addon.node_monitoring",
            "module.eks.aws_eks_addon.pod_identity",
            "module.eks.aws_eks_cluster.eks_cluster",
            "module.eks.aws_eks_node_group.eks_node_group",
            "module.vpc.aws_subnet.private",
            "module.vpc.aws_vpc.main"
          ]
        }
      ]
    },
    {
      "module": "module.cluster_manifests",
      "mode": "managed",
      "type": "kubernetes_manifest",
      "name": "ingress_nginx_service",
      "provider": "provider[\"registry.terraform.io/hashicorp/kubernetes\"]",
      "instances": [
        {
          "schema_version": 1,
          "attributes": {
            "computed_fields": null,
            "field_manager": [],
            "manifest": {
              "value": {
                "apiVersion": "v1",
                "kind": "Service",
                "metadata": {
                  "annotations": {
                    "service.beta.kubernetes.io/aws-load-balancer-internal": "false",
                    "service.beta.kubernetes.io/aws-load-balancer-subnets": "subnet-0d635fbc1e41278e8,subnet-0abd92e6b81d4310f",
                    "service.beta.kubernetes.io/aws-load-balancer-type": "nlb"
                  },
                  "name": "ingress-nginx-controller",
                  "namespace": "ingress-nginx"
                },
                "spec": {
                  "ports": [
                    {
                      "name": "http",
                      "port": 80,
                      "protocol": "TCP",
                      "targetPort": 80
                    },
                    {
                      "name": "https",
                      "port": 443,
                      "protocol": "TCP",
                      "targetPort": 443
                    }
                  ],
                  "selector": {
                    "app.kubernetes.io/name": "ingress-nginx"
                  },
                  "type": "LoadBalancer"
                }
              },
              "type": [
                "object",
                {
                  "apiVersion": "string",
                  "kind": "string",
                  "metadata": [
                    "object",
                    {
                      "annotations": [
                        "object",
                        {
                          "service.beta.kubernetes.io/aws-load-balancer-internal": "string",
                          "service.beta.kubernetes.io/aws-load-balancer-subnets": "string",
                          "service.beta.kubernetes.io/aws-load-balancer-type": "string"
                        }
                      ],
                      "name": "string",
                      "namespace": "string"
                    }
                  ],
                  "spec": [
                    "object",
                    {
                      "ports": [
                        "tuple",
                        [
                          [
                            "object",
                            {
                              "name": "string",
                              "port": "number",
                              "protocol": "string",
                              "targetPort": "number"
                            }
                          ],
                          [
                            "object",
                            {
                              "name": "string",
                              "port": "number",
                              "protocol": "string",
                              "targetPort": "number"
                            }
                          ]
                        ]
                      ],
                      "selector": [
                        "object",
                        {
                          "app.kubernetes.io/name": "string"
                        }
                      ],
                      "type": "string"
                    }
                  ]
                }
              ]
            },
            "object": {
              "value": {
                "apiVersion": "v1",
                "kind": "Service",
                "metadata": {
                  "annotations": {
                    "service.beta.kubernetes.io/aws-load-balancer-internal": "false",
                    "service.beta.kubernetes.io/aws-load-balancer-subnets": "subnet-0d635fbc1e41278e8,subnet-0abd92e6b81d4310f",
                    "service.beta.kubernetes.io/aws-load-balancer-type": "nlb"
                  },
                  "creationTimestamp": null,
                  "deletionGracePeriodSeconds": null,
                  "deletionTimestamp": null,
                  "finalizers": [
                    "service.kubernetes.io/load-balancer-cleanup"
                  ],
                  "generateName": null,
                  "generation": null,
                  "labels": null,
                  "managedFields": null,
                  "name": "ingress-nginx-controller",
                  "namespace": "ingress-nginx",
                  "ownerReferences": null,
                  "resourceVersion": null,
                  "selfLink": null,
                  "uid": null
                },
                "spec": {
                  "allocateLoadBalancerNodePorts": true,
                  "clusterIP": "172.20.179.92",
                  "clusterIPs": [
                    "172.20.179.92"
                  ],
                  "externalIPs": null,
                  "externalName": null,
                  "externalTrafficPolicy": "Cluster",
                  "healthCheckNodePort": null,
                  "internalTrafficPolicy": "Cluster",
                  "ipFamilies": [
                    "IPv4"
                  ],
                  "ipFamilyPolicy": "SingleStack",
                  "loadBalancerClass": null,
                  "loadBalancerIP": null,
                  "loadBalancerSourceRanges": null,
                  "ports": [
                    {
                      "appProtocol": null,
                      "name": "http",
                      "nodePort": 30927,
                      "port": 80,
                      "protocol": "TCP",
                      "targetPort": "80"
                    },
                    {
                      "appProtocol": null,
                      "name": "https",
                      "nodePort": 32100,
                      "port": 443,
                      "protocol": "TCP",
                      "targetPort": "443"
                    }
                  ],
                  "publishNotReadyAddresses": null,
                  "selector": {
                    "app.kubernetes.io/name": "ingress-nginx"
                  },
                  "sessionAffinity": "None",
                  "sessionAffinityConfig": {
                    "clientIP": {
                      "timeoutSeconds": null
                    }
                  },
                  "trafficDistribution": null,
                  "type": "LoadBalancer"
                }
              },
              "type": [
                "object",
                {
                  "apiVersion": "string",
                  "kind": "string",
                  "metadata": [
                    "object",
                    {
                      "annotations": [
                        "map",
                        "string"
                      ],
                      "creationTimestamp": "string",
                      "deletionGracePeriodSeconds": "number",
                      "deletionTimestamp": "string",
                      "finalizers": [
                        "list",
                        "string"
                      ],
                      "generateName": "string",
                      "generation": "number",
                      "labels": [
                        "map",
                        "string"
                      ],
                      "managedFields": [
                        "tuple",
                        [
                          [
                            "object",
                            {
                              "apiVersion": "string",
                              "fieldsType": "string",
                              "fieldsV1": "dynamic",
                              "manager": "string",
                              "operation": "string",
                              "subresource": "string",
                              "time": "string"
                            }
                          ]
                        ]
                      ],
                      "name": "string",
                      "namespace": "string",
                      "ownerReferences": [
                        "list",
                        [
                          "object",
                          {
                            "apiVersion": "string",
                            "blockOwnerDeletion": "bool",
                            "controller": "bool",
                            "kind": "string",
                            "name": "string",
                            "uid": "string"
                          }
                        ]
                      ],
                      "resourceVersion": "string",
                      "selfLink": "string",
                      "uid": "string"
                    }
                  ],
                  "spec": [
                    "object",
                    {
                      "allocateLoadBalancerNodePorts": "bool",
                      "clusterIP": "string",
                      "clusterIPs": [
                        "list",
                        "string"
                      ],
                      "externalIPs": [
                        "list",
                        "string"
                      ],
                      "externalName": "string",
                      "externalTrafficPolicy": "string",
                      "healthCheckNodePort": "number",
                      "internalTrafficPolicy": "string",
                      "ipFamilies": [
                        "list",
                        "string"
                      ],
                      "ipFamilyPolicy": "string",
                      "loadBalancerClass": "string",
                      "loadBalancerIP": "string",
                      "loadBalancerSourceRanges": [
                        "list",
                        "string"
                      ],
                      "ports": [
                        "list",
                        [
                          "object",
                          {
                            "appProtocol": "string",
                            "name": "string",
                            "nodePort": "number",
                            "port": "number",
                            "protocol": "string",
                            "targetPort": "string"
                          }
                        ]
                      ],
                      "publishNotReadyAddresses": "bool",
                      "selector": [
                        "map",
                        "string"
                      ],
                      "sessionAffinity": "string",
                      "sessionAffinityConfig": [
                        "object",
                        {
                          "clientIP": [
                            "object",
                            {
                              "timeoutSeconds": "number"
                            }
                          ]
                        }
                      ],
                      "trafficDistribution": "string",
                      "type": "string"
                    }
                  ]
                }
              ]
            },
            "timeouts": [],
            "wait": [],
            "wait_for": null
          },
          "sensitive_attributes": [],
          "identity_schema_version": 1,
          "identity": {
            "api_version": "v1",
            "kind": "Service",
            "name": "ingress-nginx-controller",
            "namespace": "ingress-nginx"
          },
          "dependencies": [
            "data.aws_eks_cluster.cluster_info",
            "data.aws_eks_cluster_auth.cluster_auth",
            "module.cluster_manifests.kubernetes_manifest.ingress_nginx_cluster_role",
            "module.cluster_manifests.kubernetes_manifest.ingress_nginx_cluster_role_binding",
            "module.cluster_manifests.kubernetes_manifest.ingress_nginx_controller",
            "module.cluster_manifests.kubernetes_manifest.ingress_nginx_namespace",
            "module.cluster_manifests.kubernetes_manifest.ingress_nginx_service_account",
            "module.eks.aws_eks_addon.coredns",
            "module.eks.aws_eks_addon.kube_proxy",
            "module.eks.aws_eks_addon.node_monitoring",
            "module.eks.aws_eks_addon.pod_identity",
            "module.eks.aws_eks_cluster.eks_cluster",
            "module.eks.aws_eks_node_group.eks_node_group",
            "module.vpc.aws_subnet.private",
            "module.vpc.aws_subnet.public",
            "module.vpc.aws_vpc.main"
          ]
        }
      ]
    },
    {
      "module": "module.cluster_manifests",
      "mode": "managed",
      "type": "kubernetes_manifest",
      "name": "ingress_nginx_service_account",
      "provider": "provider[\"registry.terraform.io/hashicorp/kubernetes\"]",
      "instances": [
        {
          "schema_version": 1,
          "attributes": {
            "computed_fields": null,
            "field_manager": [],
            "manifest": {
              "value": {
                "apiVersion": "v1",
                "kind": "ServiceAccount",
                "metadata": {
                  "name": "ingress-nginx",
                  "namespace": "ingress-nginx"
                }
              },
              "type": [
                "object",
                {
                  "apiVersion": "string",
                  "kind": "string",
                  "metadata": [
                    "object",
                    {
                      "name": "string",
                      "namespace": "string"
                    }
                  ]
                }
              ]
            },
            "object": {
              "value": {
                "apiVersion": "v1",
                "automountServiceAccountToken": null,
                "imagePullSecrets": null,
                "kind": "ServiceAccount",
                "metadata": {
                  "annotations": null,
                  "creationTimestamp": null,
                  "deletionGracePeriodSeconds": null,
                  "deletionTimestamp": null,
                  "finalizers": null,
                  "generateName": null,
                  "generation": null,
                  "labels": null,
                  "managedFields": null,
                  "name": "ingress-nginx",
                  "namespace": "ingress-nginx",
                  "ownerReferences": null,
                  "resourceVersion": null,
                  "selfLink": null,
                  "uid": null
                },
                "secrets": null
              },
              "type": [
                "object",
                {
                  "apiVersion": "string",
                  "automountServiceAccountToken": "bool",
                  "imagePullSecrets": [
                    "list",
                    [
                      "object",
                      {
                        "name": "string"
                      }
                    ]
                  ],
                  "kind": "string",
                  "metadata": [
                    "object",
                    {
                      "annotations": [
                        "map",
                        "string"
                      ],
                      "creationTimestamp": "string",
                      "deletionGracePeriodSeconds": "number",
                      "deletionTimestamp": "string",
                      "finalizers": [
                        "list",
                        "string"
                      ],
                      "generateName": "string",
                      "generation": "number",
                      "labels": [
                        "map",
                        "string"
                      ],
                      "managedFields": [
                        "tuple",
                        [
                          [
                            "object",
                            {
                              "apiVersion": "string",
                              "fieldsType": "string",
                              "fieldsV1": "dynamic",
                              "manager": "string",
                              "operation": "string",
                              "subresource": "string",
                              "time": "string"
                            }
                          ]
                        ]
                      ],
                      "name": "string",
                      "namespace": "string",
                      "ownerReferences": [
                        "list",
                        [
                          "object",
                          {
                            "apiVersion": "string",
                            "blockOwnerDeletion": "bool",
                            "controller": "bool",
                            "kind": "string",
                            "name": "string",
                            "uid": "string"
                          }
                        ]
                      ],
                      "resourceVersion": "string",
                      "selfLink": "string",
                      "uid": "string"
                    }
                  ],
                  "secrets": [
                    "list",
                    [
                      "object",
                      {
                        "apiVersion": "string",
                        "fieldPath": "string",
                        "kind": "string",
                        "name": "string",
                        "namespace": "string",
                        "resourceVersion": "string",
                        "uid": "string"
                      }
                    ]
                  ]
                }
              ]
            },
            "timeouts": [],
            "wait": [],
            "wait_for": null
          },
          "sensitive_attributes": [],
          "identity_schema_version": 1,
          "identity": {
            "api_version": "v1",
            "kind": "ServiceAccount",
            "name": "ingress-nginx",
            "namespace": "ingress-nginx"
          },
          "dependencies": [
            "data.aws_eks_cluster.cluster_info",
            "data.aws_eks_cluster_auth.cluster_auth",
            "module.cluster_manifests.kubernetes_manifest.ingress_nginx_namespace",
            "module.eks.aws_eks_addon.coredns",
            "module.eks.aws_eks_addon.kube_proxy",
            "module.eks.aws_eks_addon.node_monitoring",
            "module.eks.aws_eks_addon.pod_identity",
            "module.eks.aws_eks_cluster.eks_cluster",
            "module.eks.aws_eks_node_group.eks_node_group",
            "module.vpc.aws_subnet.private",
            "module.vpc.aws_vpc.main"
          ]
        }
      ]
    },
    {
      "module": "module.cluster_manifests",
      "mode": "managed",
      "type": "kubernetes_secret_v1",
      "name": "aws_credentials",
      "provider": "provider[\"registry.terraform.io/hashicorp/kubernetes\"]",
      "instances": [
        {
          "schema_version": 0,
          "attributes": {
            "binary_data": null,
            "binary_data_wo": null,
            "binary_data_wo_revision": null,
            "data": {
              "AWS_ACCESS_KEY_ID": "QVNJQTNDSFlLRUtFQkFWVk1JN1o=",
              "AWS_SECRET_ACCESS_KEY": "TUFOWGZOakowM3k1SzNvdUt4SWlLRktuVEtJSUNvcWRNNitOUEExWg==",
              "AWS_SESSION_TOKEN": "SVFvSmIzSnBaMmx1WDJWakVKci8vLy8vLy8vLy93RWFDWFZ6TFhkbGMzUXRNaUpITUVVQ0lRRFl1RjA4aWwvTzBGSjh0a1c3ZVV5Rk5mZXA1WndwKzVLQmQrWkIwUDlXeWdJZ0lOYmNaaDdaS3BNWjZYNzlzN2FZU3NWSGZoYy85MElFVmlSTXljN1FtOGNxdEFJSVl4QURHZ3czTmpBM01qazVOamt5T0RnaURJMW9XUkJqYlY4UjFSV2laQ3FSQWllNkMrVUN4U002SGZVVUZjRlAwMVZtcVRJVlBwdWFhdXlPSUZGVXI1L2x0emR5V3RiZldTQ0RnckNhenRMWHhsQVRGNXpzK2ZVOVVpUlZBaEdzaCtSWXBqc0t4Tk42aW1YOFl0ekR4UGxWMys4QkRNclk5TTJHbWFWTWJzd0xHc0VPKzE4ZGxYL0ZIVHFhQ3hNcGdZTHFaZGdqT0l5VXhHSkJueEM4NXlIM3diZTRDejFPQWExSGQwSFp0TVpMd0F1TDVNdzhPTEhHZWdnWUF1VlBYVTM1cmg0MDlLeXg4YnJLUW9OOUNZNUNPWEEzQ3A4RXFLUXRwWFNkdmZSOTc3ZW1WaWhvbVpiYkVpTDBuR0t1Vi9aL3ZCNDZqczJiT3hpTThTa2x2blMxd2o1VnBIUWdVOWttZEFUQ0wvR0pkM01jNitxR0NCQUpuLzE1M1lyaExjMFVoS2tZbXBTL2FZSFlWbDZSaHdhN0x6RGZvUFhLQmpxZEFXZWg2Q0E1VlV4cVgxUE0xaXZyK1g5RHl3ZSt4R216eTZad1FRc2x0alNEVGZsbjZsS0FDTTNkTkE1SVhzREgxbklIakJGRkF3MkZMV3Y3ZC9pUDdRS0RFUVlNK25YTzVxcDNRaGRrRFMwYmZ4elJrVkdKeGJTZVFtQ28rYlpzTG1kMWJxenVFbGpTbjByZVpEZm54YkF5VTZwTk15"
            },
            "data_wo": null,
            "data_wo_revision": null,
            "id": "fiap-microservices/aws-credentials",
            "immutable": false,
            "metadata": [
              {
                "annotations": {},
                "generate_name": "",
                "generation": 0,
                "labels": {},
                "name": "aws-credentials",
                "namespace": "fiap-microservices",
                "resource_version": "38753",
                "uid": "bf799dd6-e73b-40c5-aec8-c749bfdca203"
              }
            ],
            "timeouts": null,
            "type": "Opaque",
            "wait_for_service_account_token": true
          },
          "sensitive_attributes": [
            [
              {
                "type": "get_attr",
                "value": "binary_data"
              }
            ],
            [
              {
                "type": "get_attr",
                "value": "data"
              }
            ],
            [
              {
                "type": "get_attr",
                "value": "data"
              },
              {
                "type": "index",
                "value": {
                  "value": "AWS_ACCESS_KEY_ID",
                  "type": "string"
                }
              }
            ],
            [
              {
                "type": "get_attr",
                "value": "data"
              },
              {
                "type": "index",
                "value": {
                  "value": "AWS_SECRET_ACCESS_KEY",
                  "type": "string"
                }
              }
            ],
            [
              {
                "type": "get_attr",
                "value": "data"
              },
              {
                "type": "index",
                "value": {
                  "value": "AWS_SESSION_TOKEN",
                  "type": "string"
                }
              }
            ]
          ],
          "identity_schema_version": 1,
          "identity": {
            "api_version": "v1",
            "kind": "Secret",
            "name": "aws-credentials",
            "namespace": "fiap-microservices"
          },
          "private": "eyJlMmJmYjczMC1lY2FhLTExZTYtOGY4OC0zNDM2M2JjN2M0YzAiOnsiY3JlYXRlIjo2MDAwMDAwMDAwMH19",
          "dependencies": [
            "data.aws_eks_cluster.cluster_info",
            "data.aws_eks_cluster_auth.cluster_auth",
            "module.cluster_manifests.kubernetes_manifest.fiap_microservices_namespace",
            "module.eks.aws_eks_addon.coredns",
            "module.eks.aws_eks_addon.kube_proxy",
            "module.eks.aws_eks_addon.node_monitoring",
            "module.eks.aws_eks_addon.pod_identity",
            "module.eks.aws_eks_cluster.eks_cluster",
            "module.eks.aws_eks_node_group.eks_node_group",
            "module.vpc.aws_subnet.private",
            "module.vpc.aws_vpc.main"
          ]
        }
      ]
    },
    {
      "module": "module.ecr",
      "mode": "managed",
      "type": "aws_ecr_repository",
      "name": "repositories",
      "provider": "provider[\"registry.terraform.io/hashicorp/aws\"]",
      "instances": [
        {
          "index_key": "analytics-service",
          "schema_version": 0,
          "attributes": {
            "arn": "arn:aws:ecr:us-east-1:654654184825:repository/fiap-microservices/analytics-service",
            "encryption_configuration": [
              {
                "encryption_type": "AES256",
                "kms_key": ""
              }
            ],
            "force_delete": null,
            "id": "fiap-microservices/analytics-service",
            "image_scanning_configuration": [
              {
                "scan_on_push": true
              }
            ],
            "image_tag_mutability": "MUTABLE",
            "name": "fiap-microservices/analytics-service",
            "registry_id": "654654184825",
            "repository_url": "654654184825.dkr.ecr.us-east-1.amazonaws.com/fiap-microservices/analytics-service",
            "tags": {
              "Environment": "lab",
              "ManagedBy": "Terraform",
              "Name": "fiap-microservices/analytics-service",
              "Project": "microservices"
            },
            "tags_all": {
              "Environment": "lab",
              "ManagedBy": "Terraform",
              "Name": "fiap-microservices/analytics-service",
              "Project": "microservices"
            },
            "timeouts": null
          },
          "sensitive_attributes": [],
          "identity_schema_version": 0,
          "private": "eyJlMmJmYjczMC1lY2FhLTExZTYtOGY4OC0zNDM2M2JjN2M0YzAiOnsiZGVsZXRlIjoxMjAwMDAwMDAwMDAwfX0="
        },
        {
          "index_key": "auth-service",
          "schema_version": 0,
          "attributes": {
            "arn": "arn:aws:ecr:us-east-1:654654184825:repository/fiap-microservices/auth-service",
            "encryption_configuration": [
              {
                "encryption_type": "AES256",
                "kms_key": ""
              }
            ],
            "force_delete": null,
            "id": "fiap-microservices/auth-service",
            "image_scanning_configuration": [
              {
                "scan_on_push": true
              }
            ],
            "image_tag_mutability": "MUTABLE",
            "name": "fiap-microservices/auth-service",
            "registry_id": "654654184825",
            "repository_url": "654654184825.dkr.ecr.us-east-1.amazonaws.com/fiap-microservices/auth-service",
            "tags": {
              "Environment": "lab",
              "ManagedBy": "Terraform",
              "Name": "fiap-microservices/auth-service",
              "Project": "microservices"
            },
            "tags_all": {
              "Environment": "lab",
              "ManagedBy": "Terraform",
              "Name": "fiap-microservices/auth-service",
              "Project": "microservices"
            },
            "timeouts": null
          },
          "sensitive_attributes": [],
          "identity_schema_version": 0,
          "private": "eyJlMmJmYjczMC1lY2FhLTExZTYtOGY4OC0zNDM2M2JjN2M0YzAiOnsiZGVsZXRlIjoxMjAwMDAwMDAwMDAwfX0="
        },
        {
          "index_key": "evaluation-service",
          "schema_version": 0,
          "attributes": {
            "arn": "arn:aws:ecr:us-east-1:654654184825:repository/fiap-microservices/evaluation-service",
            "encryption_configuration": [
              {
                "encryption_type": "AES256",
                "kms_key": ""
              }
            ],
            "force_delete": null,
            "id": "fiap-microservices/evaluation-service",
            "image_scanning_configuration": [
              {
                "scan_on_push": true
              }
            ],
            "image_tag_mutability": "MUTABLE",
            "name": "fiap-microservices/evaluation-service",
            "registry_id": "654654184825",
            "repository_url": "654654184825.dkr.ecr.us-east-1.amazonaws.com/fiap-microservices/evaluation-service",
            "tags": {
              "Environment": "lab",
              "ManagedBy": "Terraform",
              "Name": "fiap-microservices/evaluation-service",
              "Project": "microservices"
            },
            "tags_all": {
              "Environment": "lab",
              "ManagedBy": "Terraform",
              "Name": "fiap-microservices/evaluation-service",
              "Project": "microservices"
            },
            "timeouts": null
          },
          "sensitive_attributes": [],
          "identity_schema_version": 0,
          "private": "eyJlMmJmYjczMC1lY2FhLTExZTYtOGY4OC0zNDM2M2JjN2M0YzAiOnsiZGVsZXRlIjoxMjAwMDAwMDAwMDAwfX0="
        },
        {
          "index_key": "flag-service",
          "schema_version": 0,
          "attributes": {
            "arn": "arn:aws:ecr:us-east-1:654654184825:repository/fiap-microservices/flag-service",
            "encryption_configuration": [
              {
                "encryption_type": "AES256",
                "kms_key": ""
              }
            ],
            "force_delete": null,
            "id": "fiap-microservices/flag-service",
            "image_scanning_configuration": [
              {
                "scan_on_push": true
              }
            ],
            "image_tag_mutability": "MUTABLE",
            "name": "fiap-microservices/flag-service",
            "registry_id": "654654184825",
            "repository_url": "654654184825.dkr.ecr.us-east-1.amazonaws.com/fiap-microservices/flag-service",
            "tags": {
              "Environment": "lab",
              "ManagedBy": "Terraform",
              "Name": "fiap-microservices/flag-service",
              "Project": "microservices"
            },
            "tags_all": {
              "Environment": "lab",
              "ManagedBy": "Terraform",
              "Name": "fiap-microservices/flag-service",
              "Project": "microservices"
            },
            "timeouts": null
          },
          "sensitive_attributes": [],
          "identity_schema_version": 0,
          "private": "eyJlMmJmYjczMC1lY2FhLTExZTYtOGY4OC0zNDM2M2JjN2M0YzAiOnsiZGVsZXRlIjoxMjAwMDAwMDAwMDAwfX0="
        },
        {
          "index_key": "redis",
          "schema_version": 0,
          "attributes": {
            "arn": "arn:aws:ecr:us-east-1:654654184825:repository/fiap-microservices/redis",
            "encryption_configuration": [
              {
                "encryption_type": "AES256",
                "kms_key": ""
              }
            ],
            "force_delete": null,
            "id": "fiap-microservices/redis",
            "image_scanning_configuration": [
              {
                "scan_on_push": true
              }
            ],
            "image_tag_mutability": "MUTABLE",
            "name": "fiap-microservices/redis",
            "registry_id": "654654184825",
            "repository_url": "654654184825.dkr.ecr.us-east-1.amazonaws.com/fiap-microservices/redis",
            "tags": {
              "Environment": "lab",
              "ManagedBy": "Terraform",
              "Name": "fiap-microservices/redis",
              "Project": "microservices"
            },
            "tags_all": {
              "Environment": "lab",
              "ManagedBy": "Terraform",
              "Name": "fiap-microservices/redis",
              "Project": "microservices"
            },
            "timeouts": null
          },
          "sensitive_attributes": [],
          "identity_schema_version": 0,
          "private": "eyJlMmJmYjczMC1lY2FhLTExZTYtOGY4OC0zNDM2M2JjN2M0YzAiOnsiZGVsZXRlIjoxMjAwMDAwMDAwMDAwfX0="
        },
        {
          "index_key": "targeting-service",
          "schema_version": 0,
          "attributes": {
            "arn": "arn:aws:ecr:us-east-1:654654184825:repository/fiap-microservices/targeting-service",
            "encryption_configuration": [
              {
                "encryption_type": "AES256",
                "kms_key": ""
              }
            ],
            "force_delete": null,
            "id": "fiap-microservices/targeting-service",
            "image_scanning_configuration": [
              {
                "scan_on_push": true
              }
            ],
            "image_tag_mutability": "MUTABLE",
            "name": "fiap-microservices/targeting-service",
            "registry_id": "654654184825",
            "repository_url": "654654184825.dkr.ecr.us-east-1.amazonaws.com/fiap-microservices/targeting-service",
            "tags": {
              "Environment": "lab",
              "ManagedBy": "Terraform",
              "Name": "fiap-microservices/targeting-service",
              "Project": "microservices"
            },
            "tags_all": {
              "Environment": "lab",
              "ManagedBy": "Terraform",
              "Name": "fiap-microservices/targeting-service",
              "Project": "microservices"
            },
            "timeouts": null
          },
          "sensitive_attributes": [],
          "identity_schema_version": 0,
          "private": "eyJlMmJmYjczMC1lY2FhLTExZTYtOGY4OC0zNDM2M2JjN2M0YzAiOnsiZGVsZXRlIjoxMjAwMDAwMDAwMDAwfX0="
        }
      ]
    },
    {
      "module": "module.eks",
      "mode": "managed",
      "type": "aws_eks_addon",
      "name": "coredns",
      "provider": "provider[\"registry.terraform.io/hashicorp/aws\"]",
      "instances": [
        {
          "schema_version": 0,
          "attributes": {
            "addon_name": "coredns",
            "addon_version": "v1.11.1-eksbuild.8",
            "arn": "arn:aws:eks:us-east-1:654654184825:addon/microservices-eks-cluster/coredns/20ce851b-5225-6e2b-3434-9d75c6728a36",
            "cluster_name": "microservices-eks-cluster",
            "configuration_values": "",
            "created_at": "2026-03-20T07:47:26Z",
            "id": "microservices-eks-cluster:coredns",
            "modified_at": "2026-03-20T07:47:58Z",
            "pod_identity_association": [],
            "preserve": null,
            "resolve_conflicts": null,
            "resolve_conflicts_on_create": "OVERWRITE",
            "resolve_conflicts_on_update": null,
            "service_account_role_arn": "",
            "tags": {},
            "tags_all": {},
            "timeouts": null
          },
          "sensitive_attributes": [],
          "identity_schema_version": 0,
          "private": "eyJlMmJmYjczMC1lY2FhLTExZTYtOGY4OC0zNDM2M2JjN2M0YzAiOnsiY3JlYXRlIjoxMjAwMDAwMDAwMDAwLCJkZWxldGUiOjI0MDAwMDAwMDAwMDAsInVwZGF0ZSI6MTIwMDAwMDAwMDAwMH19",
          "dependencies": [
            "module.eks.aws_eks_cluster.eks_cluster",
            "module.vpc.aws_subnet.private",
            "module.vpc.aws_vpc.main"
          ]
        }
      ]
    },
    {
      "module": "module.eks",
      "mode": "managed",
      "type": "aws_eks_addon",
      "name": "kube_proxy",
      "provider": "provider[\"registry.terraform.io/hashicorp/aws\"]",
      "instances": [
        {
          "schema_version": 0,
          "attributes": {
            "addon_name": "kube-proxy",
            "addon_version": "v1.30.14-eksbuild.8",
            "arn": "arn:aws:eks:us-east-1:654654184825:addon/microservices-eks-cluster/kube-proxy/aace851b-5221-9482-f3bc-522fd08faaa5",
            "cluster_name": "microservices-eks-cluster",
            "configuration_values": "",
            "created_at": "2026-03-20T07:47:26Z",
            "id": "microservices-eks-cluster:kube-proxy",
            "modified_at": "2026-03-20T07:48:02Z",
            "pod_identity_association": [],
            "preserve": null,
            "resolve_conflicts": null,
            "resolve_conflicts_on_create": "OVERWRITE",
            "resolve_conflicts_on_update": null,
            "service_account_role_arn": "",
            "tags": {},
            "tags_all": {},
            "timeouts": null
          },
          "sensitive_attributes": [],
          "identity_schema_version": 0,
          "private": "eyJlMmJmYjczMC1lY2FhLTExZTYtOGY4OC0zNDM2M2JjN2M0YzAiOnsiY3JlYXRlIjoxMjAwMDAwMDAwMDAwLCJkZWxldGUiOjI0MDAwMDAwMDAwMDAsInVwZGF0ZSI6MTIwMDAwMDAwMDAwMH19",
          "dependencies": [
            "module.eks.aws_eks_cluster.eks_cluster",
            "module.vpc.aws_subnet.private",
            "module.vpc.aws_vpc.main"
          ]
        }
      ]
    },
    {
      "module": "module.eks",
      "mode": "managed",
      "type": "aws_eks_addon",
      "name": "node_monitoring",
      "provider": "provider[\"registry.terraform.io/hashicorp/aws\"]",
      "instances": [
        {
          "schema_version": 0,
          "attributes": {
            "addon_name": "eks-node-monitoring-agent",
            "addon_version": "v1.6.1-eksbuild.1",
            "arn": "arn:aws:eks:us-east-1:654654184825:addon/microservices-eks-cluster/eks-node-monitoring-agent/94ce851b-5225-61e7-6da3-b6fb89e952f7",
            "cluster_name": "microservices-eks-cluster",
            "configuration_values": "",
            "created_at": "2026-03-20T07:47:26Z",
            "id": "microservices-eks-cluster:eks-node-monitoring-agent",
            "modified_at": "2026-03-20T07:48:03Z",
            "pod_identity_association": [],
            "preserve": null,
            "resolve_conflicts": null,
            "resolve_conflicts_on_create": "OVERWRITE",
            "resolve_conflicts_on_update": null,
            "service_account_role_arn": "",
            "tags": {},
            "tags_all": {},
            "timeouts": null
          },
          "sensitive_attributes": [],
          "identity_schema_version": 0,
          "private": "eyJlMmJmYjczMC1lY2FhLTExZTYtOGY4OC0zNDM2M2JjN2M0YzAiOnsiY3JlYXRlIjoxMjAwMDAwMDAwMDAwLCJkZWxldGUiOjI0MDAwMDAwMDAwMDAsInVwZGF0ZSI6MTIwMDAwMDAwMDAwMH19",
          "dependencies": [
            "module.eks.aws_eks_cluster.eks_cluster",
            "module.vpc.aws_subnet.private",
            "module.vpc.aws_vpc.main"
          ]
        }
      ]
    },
    {
      "module": "module.eks",
      "mode": "managed",
      "type": "aws_eks_addon",
      "name": "pod_identity",
      "provider": "provider[\"registry.terraform.io/hashicorp/aws\"]",
      "instances": [
        {
          "schema_version": 0,
          "attributes": {
            "addon_name": "eks-pod-identity-agent",
            "addon_version": "v1.3.10-eksbuild.2",
            "arn": "arn:aws:eks:us-east-1:654654184825:addon/microservices-eks-cluster/eks-pod-identity-agent/60ce851b-5223-dc8d-ea4a-253bc433eec0",
            "cluster_name": "microservices-eks-cluster",
            "configuration_values": "",
            "created_at": "2026-03-20T07:47:26Z",
            "id": "microservices-eks-cluster:eks-pod-identity-agent",
            "modified_at": "2026-03-20T07:48:02Z",
            "pod_identity_association": [],
            "preserve": null,
            "resolve_conflicts": null,
            "resolve_conflicts_on_create": "OVERWRITE",
            "resolve_conflicts_on_update": null,
            "service_account_role_arn": "",
            "tags": {},
            "tags_all": {},
            "timeouts": null
          },
          "sensitive_attributes": [],
          "identity_schema_version": 0,
          "private": "eyJlMmJmYjczMC1lY2FhLTExZTYtOGY4OC0zNDM2M2JjN2M0YzAiOnsiY3JlYXRlIjoxMjAwMDAwMDAwMDAwLCJkZWxldGUiOjI0MDAwMDAwMDAwMDAsInVwZGF0ZSI6MTIwMDAwMDAwMDAwMH19",
          "dependencies": [
            "module.eks.aws_eks_cluster.eks_cluster",
            "module.vpc.aws_subnet.private",
            "module.vpc.aws_vpc.main"
          ]
        }
      ]
    },
    {
      "module": "module.eks",
      "mode": "managed",
      "type": "aws_eks_cluster",
      "name": "eks_cluster",
      "provider": "provider[\"registry.terraform.io/hashicorp/aws\"]",
      "instances": [
        {
          "schema_version": 1,
          "attributes": {
            "access_config": [
              {
                "authentication_mode": "CONFIG_MAP",
                "bootstrap_cluster_creator_admin_permissions": true
              }
            ],
            "arn": "arn:aws:eks:us-east-1:654654184825:cluster/microservices-eks-cluster",
            "bootstrap_self_managed_addons": true,
            "certificate_authority": [
              {
                "data": "LS0tLS1CRUdJTiBDRVJUSUZJQ0FURS0tLS0tCk1JSURCVENDQWUyZ0F3SUJBZ0lJUWV2bmFqQjdxMlF3RFFZSktvWklodmNOQVFFTEJRQXdGVEVUTUJFR0ExVUUKQXhNS2EzVmlaWEp1WlhSbGN6QWVGdzB5TmpBek1qQXdNelUwTlRaYUZ3MHpOakF6TVRjd016VTVOVFphTUJVeApFekFSQmdOVkJBTVRDbXQxWW1WeWJtVjBaWE13Z2dFaU1BMEdDU3FHU0liM0RRRUJBUVVBQTRJQkR3QXdnZ0VLCkFvSUJBUUREbUlFRTQveUdYVE9vSm1aSzRvNEY2aVpyWkJVNit2eUR0SXRqRUwvNGtJNVM1dnZzV3JJeGdiR0kKOU5QN3FzbE9keUJPdUY3VkpqM09CRWxkZUxvN2FsK0R3ZjlZN0NGVGJMSHhaaVZPamQ2YStXaUVBMytGR3ZzdAo5ZkdEN0RPRkZ3SmRKbWhLZ1FXZitQc2YzNktZalFGR0ZlMmhFWnptcDdUc0dNcDNZclFHYlY4MkptTzJBQ29WCi9GR1VmSDBLeEFpeXpCZVk3VHhnS21QSkdyZml2Y2dXeUZPODgzM24vNEUrbjQwWnB1cFJIYWhLR2NzYnd2MnMKUFdUWTZJckpvK2VuRjRQck9MdVBBVm4vQy9JUyttT0lMZlYvdExFeUJtWWNLbnBRZUZSYUc3Rk9nSUVzb2NDdgo2RlV4em5PZjJQanVwekkrV05CWkdERlhHNlR6QWdNQkFBR2pXVEJYTUE0R0ExVWREd0VCL3dRRUF3SUNwREFQCkJnTlZIUk1CQWY4RUJUQURBUUgvTUIwR0ExVWREZ1FXQkJRTWpDMGh4VitMaTJ3KzdoanZOSTlEcFRRU3VqQVYKQmdOVkhSRUVEakFNZ2dwcmRXSmxjbTVsZEdWek1BMEdDU3FHU0liM0RRRUJDd1VBQTRJQkFRQ0MzcDhkd3g2ZApvRGdBNE0vM29VWENCTU93M2N1UzJidkNtM2c5VTRrenpFVU1uN0NXWTRnN3pqM2RiZ0pVcS9PQStrZ3Z2UTA2CnhtZnVYams3aW5YZTMrTHRYZXlpWE9oajlJdUlhQlg2NitxY3QxMXlIZ1VJa2NtSitYQndNZ0JSZi90SVlSdmkKeXgyaE5wUDJPSVVYNWd0RjRicCtMY25OVUk5aUNkb1dMak84dURmQTJxSEZnbVVTSkFzNXp5bm9teXNqTGdsNApnNmdnS2pkZWNPRDFpcEVYdll2UDBtTDBTYXpMT0gvVm1jS0ZTZG1NY2FQalVzaTN6QlkxdytVSm9Nam5PQzhZCnFKOXVubllHNFpMN0NRZ3I4cDVxVVU3NUxhU0pZckZxWjh6eEI5eGtibnQ3N21iTkJiRmVvZy9qenVLQlowRmIKdWhjeGtVMkFENGlzCi0tLS0tRU5EIENFUlRJRklDQVRFLS0tLS0K"
              }
            ],
            "cluster_id": null,
            "compute_config": [],
            "created_at": "2026-03-20T03:54:27Z",
            "enabled_cluster_log_types": [],
            "encryption_config": [],
            "endpoint": "https://51A1B549687EA382C3DE40650C7BC55F.gr7.us-east-1.eks.amazonaws.com",
            "force_update_version": null,
            "id": "microservices-eks-cluster",
            "identity": [
              {
                "oidc": [
                  {
                    "issuer": "https://oidc.eks.us-east-1.amazonaws.com/id/51A1B549687EA382C3DE40650C7BC55F"
                  }
                ]
              }
            ],
            "kubernetes_network_config": [
              {
                "elastic_load_balancing": [
                  {
                    "enabled": false
                  }
                ],
                "ip_family": "ipv4",
                "service_ipv4_cidr": "172.20.0.0/16",
                "service_ipv6_cidr": ""
              }
            ],
            "name": "microservices-eks-cluster",
            "outpost_config": [],
            "platform_version": "eks.63",
            "remote_network_config": [],
            "role_arn": "arn:aws:iam::654654184825:role/c204094a5205123l14214074t1w654654-LabEksClusterRole-YWV18Mvw5Znf",
            "status": "ACTIVE",
            "storage_config": [],
            "tags": {
              "Environment": "lab",
              "ManagedBy": "Terraform",
              "Name": "microservices-eks-cluster",
              "Project": "microservices"
            },
            "tags_all": {
              "Environment": "lab",
              "ManagedBy": "Terraform",
              "Name": "microservices-eks-cluster",
              "Project": "microservices"
            },
            "timeouts": null,
            "upgrade_policy": [
              {
                "support_type": "EXTENDED"
              }
            ],
            "version": "1.30",
            "vpc_config": [
              {
                "cluster_security_group_id": "sg-0579a02adfb95fdd7",
                "endpoint_private_access": true,
                "endpoint_public_access": true,
                "public_access_cidrs": [
                  "0.0.0.0/0"
                ],
                "security_group_ids": [],
                "subnet_ids": [
                  "subnet-0909dbd181eaee63c",
                  "subnet-0a08ca0cca115652a"
                ],
                "vpc_id": "vpc-007e49668ab1deebe"
              }
            ],
            "zonal_shift_config": []
          },
          "sensitive_attributes": [],
          "identity_schema_version": 0,
          "private": "eyJlMmJmYjczMC1lY2FhLTExZTYtOGY4OC0zNDM2M2JjN2M0YzAiOnsiY3JlYXRlIjoxODAwMDAwMDAwMDAwLCJkZWxldGUiOjkwMDAwMDAwMDAwMCwidXBkYXRlIjozNjAwMDAwMDAwMDAwfSwic2NoZW1hX3ZlcnNpb24iOiIxIn0=",
          "dependencies": [
            "module.vpc.aws_subnet.private",
            "module.vpc.aws_vpc.main"
          ]
        }
      ]
    },
    {
      "module": "module.eks",
      "mode": "managed",
      "type": "aws_eks_node_group",
      "name": "eks_node_group",
      "provider": "provider[\"registry.terraform.io/hashicorp/aws\"]",
      "instances": [
        {
          "schema_version": 0,
          "attributes": {
            "ami_type": "AL2_x86_64",
            "arn": "arn:aws:eks:us-east-1:654654184825:nodegroup/microservices-eks-cluster/microservices-eks-nodes/9cce84b5-2f12-aa83-194d-1e604539cdd3",
            "capacity_type": "SPOT",
            "cluster_name": "microservices-eks-cluster",
            "disk_size": 20,
            "force_update_version": null,
            "id": "microservices-eks-cluster:microservices-eks-nodes",
            "instance_types": [
              "t3.small"
            ],
            "labels": {},
            "launch_template": [],
            "node_group_name": "microservices-eks-nodes",
            "node_group_name_prefix": "",
            "node_repair_config": [],
            "node_role_arn": "arn:aws:iam::654654184825:role/c204094a5205123l14214074t1w654654184-LabEksNodeRole-68tJGgiNWax2",
            "release_version": "1.29.15-20251209",
            "remote_access": [],
            "resources": [
              {
                "autoscaling_groups": [
                  {
                    "name": "eks-microservices-eks-nodes-9cce84b5-2f12-aa83-194d-1e604539cdd3"
                  }
                ],
                "remote_access_security_group_id": ""
              }
            ],
            "scaling_config": [
              {
                "desired_size": 2,
                "max_size": 3,
                "min_size": 1
              }
            ],
            "status": "ACTIVE",
            "subnet_ids": [
              "subnet-0909dbd181eaee63c",
              "subnet-0a08ca0cca115652a"
            ],
            "tags": {
              "Environment": "lab",
              "ManagedBy": "Terraform",
              "Name": "microservices-eks-nodes",
              "Project": "microservices"
            },
            "tags_all": {
              "Environment": "lab",
              "ManagedBy": "Terraform",
              "Name": "microservices-eks-nodes",
              "Project": "microservices"
            },
            "taint": [],
            "timeouts": null,
            "update_config": [
              {
                "max_unavailable": 1,
                "max_unavailable_percentage": 0
              }
            ],
            "version": "1.29"
          },
          "sensitive_attributes": [],
          "identity_schema_version": 0,
          "private": "eyJlMmJmYjczMC1lY2FhLTExZTYtOGY4OC0zNDM2M2JjN2M0YzAiOnsiY3JlYXRlIjozNjAwMDAwMDAwMDAwLCJkZWxldGUiOjM2MDAwMDAwMDAwMDAsInVwZGF0ZSI6MzYwMDAwMDAwMDAwMH19",
          "dependencies": [
            "module.eks.aws_eks_cluster.eks_cluster",
            "module.vpc.aws_subnet.private",
            "module.vpc.aws_vpc.main"
          ]
        }
      ]
    },
    {
      "module": "module.microservices_manifests",
      "mode": "managed",
      "type": "kubernetes_manifest",
      "name": "redis_deployment",
      "provider": "provider[\"registry.terraform.io/hashicorp/kubernetes\"]",
      "instances": [
        {
          "schema_version": 1,
          "attributes": {
            "computed_fields": null,
            "field_manager": [],
            "manifest": {
              "value": {
                "apiVersion": "apps/v1",
                "kind": "Deployment",
                "metadata": {
                  "name": "redis-deployment",
                  "namespace": "fiap-microservices"
                },
                "spec": {
                  "replicas": 1,
                  "selector": {
                    "matchLabels": {
                      "app": "redis-server"
                    }
                  },
                  "template": {
                    "metadata": {
                      "labels": {
                        "app": "redis-server"
                      }
                    },
                    "spec": {
                      "containers": [
                        {
                          "command": [
                            "redis-server",
                            "--bind",
                            "0.0.0.0"
                          ],
                          "env": [
                            {
                              "name": "REDIS_PORT",
                              "value": "6379"
                            }
                          ],
                          "image": "760729969288.dkr.ecr.us-east-1.amazonaws.com/fiap-microservices/redis:latest",
                          "name": "redis-server",
                          "ports": [
                            {
                              "containerPort": 6379
                            }
                          ]
                        }
                      ],
                      "restartPolicy": "Always"
                    }
                  }
                }
              },
              "type": [
                "object",
                {
                  "apiVersion": "string",
                  "kind": "string",
                  "metadata": [
                    "object",
                    {
                      "name": "string",
                      "namespace": "string"
                    }
                  ],
                  "spec": [
                    "object",
                    {
                      "replicas": "number",
                      "selector": [
                        "object",
                        {
                          "matchLabels": [
                            "object",
                            {
                              "app": "string"
                            }
                          ]
                        }
                      ],
                      "template": [
                        "object",
                        {
                          "metadata": [
                            "object",
                            {
                              "labels": [
                                "object",
                                {
                                  "app": "string"
                                }
                              ]
                            }
                          ],
                          "spec": [
                            "object",
                            {
                              "containers": [
                                "tuple",
                                [
                                  [
                                    "object",
                                    {
                                      "command": [
                                        "tuple",
                                        [
                                          "string",
                                          "string",
                                          "string"
                                        ]
                                      ],
                                      "env": [
                                        "tuple",
                                        [
                                          [
                                            "object",
                                            {
                                              "name": "string",
                                              "value": "string"
                                            }
                                          ]
                                        ]
                                      ],
                                      "image": "string",
                                      "name": "string",
                                      "ports": [
                                        "tuple",
                                        [
                                          [
                                            "object",
                                            {
                                              "containerPort": "number"
                                            }
                                          ]
                                        ]
                                      ]
                                    }
                                  ]
                                ]
                              ],
                              "restartPolicy": "string"
                            }
                          ]
                        }
                      ]
                    }
                  ]
                }
              ]
            },
            "object": {
              "value": {
                "apiVersion": "apps/v1",
                "kind": "Deployment",
                "metadata": {
                  "annotations": {
                    "deployment.kubernetes.io/revision": "1"
                  },
                  "creationTimestamp": null,
                  "deletionGracePeriodSeconds": null,
                  "deletionTimestamp": null,
                  "finalizers": null,
                  "generateName": null,
                  "generation": null,
                  "labels": null,
                  "managedFields": null,
                  "name": "redis-deployment",
                  "namespace": "fiap-microservices",
                  "ownerReferences": null,
                  "resourceVersion": null,
                  "selfLink": null,
                  "uid": null
                },
                "spec": {
                  "minReadySeconds": null,
                  "paused": null,
                  "progressDeadlineSeconds": 600,
                  "replicas": 1,
                  "revisionHistoryLimit": 10,
                  "selector": {
                    "matchExpressions": null,
                    "matchLabels": {
                      "app": "redis-server"
                    }
                  },
                  "strategy": {
                    "rollingUpdate": {
                      "maxSurge": "25%",
                      "maxUnavailable": "25%"
                    },
                    "type": "RollingUpdate"
                  },
                  "template": {
                    "metadata": {
                      "annotations": null,
                      "creationTimestamp": null,
                      "deletionGracePeriodSeconds": null,
                      "deletionTimestamp": null,
                      "finalizers": null,
                      "generateName": null,
                      "generation": null,
                      "labels": {
                        "app": "redis-server"
                      },
                      "managedFields": null,
                      "name": null,
                      "namespace": null,
                      "ownerReferences": null,
                      "resourceVersion": null,
                      "selfLink": null,
                      "uid": null
                    },
                    "spec": {
                      "activeDeadlineSeconds": null,
                      "affinity": {
                        "nodeAffinity": {
                          "preferredDuringSchedulingIgnoredDuringExecution": null,
                          "requiredDuringSchedulingIgnoredDuringExecution": {
                            "nodeSelectorTerms": null
                          }
                        },
                        "podAffinity": {
                          "preferredDuringSchedulingIgnoredDuringExecution": null,
                          "requiredDuringSchedulingIgnoredDuringExecution": null
                        },
                        "podAntiAffinity": {
                          "preferredDuringSchedulingIgnoredDuringExecution": null,
                          "requiredDuringSchedulingIgnoredDuringExecution": null
                        }
                      },
                      "automountServiceAccountToken": null,
                      "containers": [
                        {
                          "args": null,
                          "command": [
                            "redis-server",
                            "--bind",
                            "0.0.0.0"
                          ],
                          "env": [
                            {
                              "name": "REDIS_PORT",
                              "value": "6379",
                              "valueFrom": {
                                "configMapKeyRef": {
                                  "key": null,
                                  "name": null,
                                  "optional": null
                                },
                                "fieldRef": {
                                  "apiVersion": null,
                                  "fieldPath": null
                                },
                                "resourceFieldRef": {
                                  "containerName": null,
                                  "divisor": null,
                                  "resource": null
                                },
                                "secretKeyRef": {
                                  "key": null,
                                  "name": null,
                                  "optional": null
                                }
                              }
                            }
                          ],
                          "envFrom": null,
                          "image": "760729969288.dkr.ecr.us-east-1.amazonaws.com/fiap-microservices/redis:latest",
                          "imagePullPolicy": "Always",
                          "lifecycle": {
                            "postStart": {
                              "exec": {
                                "command": null
                              },
                              "httpGet": {
                                "host": null,
                                "httpHeaders": null,
                                "path": null,
                                "port": null,
                                "scheme": null
                              },
                              "sleep": {
                                "seconds": null
                              },
                              "tcpSocket": {
                                "host": null,
                                "port": null
                              }
                            },
                            "preStop": {
                              "exec": {
                                "command": null
                              },
                              "httpGet": {
                                "host": null,
                                "httpHeaders": null,
                                "path": null,
                                "port": null,
                                "scheme": null
                              },
                              "sleep": {
                                "seconds": null
                              },
                              "tcpSocket": {
                                "host": null,
                                "port": null
                              }
                            }
                          },
                          "livenessProbe": {
                            "exec": {
                              "command": null
                            },
                            "failureThreshold": null,
                            "grpc": {
                              "port": null,
                              "service": null
                            },
                            "httpGet": {
                              "host": null,
                              "httpHeaders": null,
                              "path": null,
                              "port": null,
                              "scheme": null
                            },
                            "initialDelaySeconds": null,
                            "periodSeconds": null,
                            "successThreshold": null,
                            "tcpSocket": {
                              "host": null,
                              "port": null
                            },
                            "terminationGracePeriodSeconds": null,
                            "timeoutSeconds": null
                          },
                          "name": "redis-server",
                          "ports": [
                            {
                              "containerPort": 6379,
                              "hostIP": null,
                              "hostPort": null,
                              "name": null,
                              "protocol": "TCP"
                            }
                          ],
                          "readinessProbe": {
                            "exec": {
                              "command": null
                            },
                            "failureThreshold": null,
                            "grpc": {
                              "port": null,
                              "service": null
                            },
                            "httpGet": {
                              "host": null,
                              "httpHeaders": null,
                              "path": null,
                              "port": null,
                              "scheme": null
                            },
                            "initialDelaySeconds": null,
                            "periodSeconds": null,
                            "successThreshold": null,
                            "tcpSocket": {
                              "host": null,
                              "port": null
                            },
                            "terminationGracePeriodSeconds": null,
                            "timeoutSeconds": null
                          },
                          "resizePolicy": null,
                          "resources": {
                            "claims": null,
                            "limits": null,
                            "requests": null
                          },
                          "restartPolicy": null,
                          "securityContext": {
                            "allowPrivilegeEscalation": null,
                            "appArmorProfile": {
                              "localhostProfile": null,
                              "type": null
                            },
                            "capabilities": {
                              "add": null,
                              "drop": null
                            },
                            "privileged": null,
                            "procMount": null,
                            "readOnlyRootFilesystem": null,
                            "runAsGroup": null,
                            "runAsNonRoot": null,
                            "runAsUser": null,
                            "seLinuxOptions": {
                              "level": null,
                              "role": null,
                              "type": null,
                              "user": null
                            },
                            "seccompProfile": {
                              "localhostProfile": null,
                              "type": null
                            },
                            "windowsOptions": {
                              "gmsaCredentialSpec": null,
                              "gmsaCredentialSpecName": null,
                              "hostProcess": null,
                              "runAsUserName": null
                            }
                          },
                          "startupProbe": {
                            "exec": {
                              "command": null
                            },
                            "failureThreshold": null,
                            "grpc": {
                              "port": null,
                              "service": null
                            },
                            "httpGet": {
                              "host": null,
                              "httpHeaders": null,
                              "path": null,
                              "port": null,
                              "scheme": null
                            },
                            "initialDelaySeconds": null,
                            "periodSeconds": null,
                            "successThreshold": null,
                            "tcpSocket": {
                              "host": null,
                              "port": null
                            },
                            "terminationGracePeriodSeconds": null,
                            "timeoutSeconds": null
                          },
                          "stdin": null,
                          "stdinOnce": null,
                          "terminationMessagePath": "/dev/termination-log",
                          "terminationMessagePolicy": "File",
                          "tty": null,
                          "volumeDevices": null,
                          "volumeMounts": null,
                          "workingDir": null
                        }
                      ],
                      "dnsConfig": {
                        "nameservers": null,
                        "options": null,
                        "searches": null
                      },
                      "dnsPolicy": "ClusterFirst",
                      "enableServiceLinks": null,
                      "ephemeralContainers": null,
                      "hostAliases": null,
                      "hostIPC": null,
                      "hostNetwork": null,
                      "hostPID": null,
                      "hostUsers": null,
                      "hostname": null,
                      "imagePullSecrets": null,
                      "initContainers": null,
                      "nodeName": null,
                      "nodeSelector": null,
                      "os": {
                        "name": null
                      },
                      "overhead": null,
                      "preemptionPolicy": null,
                      "priority": null,
                      "priorityClassName": null,
                      "readinessGates": null,
                      "resourceClaims": null,
                      "restartPolicy": "Always",
                      "runtimeClassName": null,
                      "schedulerName": "default-scheduler",
                      "schedulingGates": null,
                      "securityContext": {
                        "appArmorProfile": {
                          "localhostProfile": null,
                          "type": null
                        },
                        "fsGroup": null,
                        "fsGroupChangePolicy": null,
                        "runAsGroup": null,
                        "runAsNonRoot": null,
                        "runAsUser": null,
                        "seLinuxOptions": {
                          "level": null,
                          "role": null,
                          "type": null,
                          "user": null
                        },
                        "seccompProfile": {
                          "localhostProfile": null,
                          "type": null
                        },
                        "supplementalGroups": null,
                        "sysctls": null,
                        "windowsOptions": {
                          "gmsaCredentialSpec": null,
                          "gmsaCredentialSpecName": null,
                          "hostProcess": null,
                          "runAsUserName": null
                        }
                      },
                      "serviceAccount": null,
                      "serviceAccountName": null,
                      "setHostnameAsFQDN": null,
                      "shareProcessNamespace": null,
                      "subdomain": null,
                      "terminationGracePeriodSeconds": 30,
                      "tolerations": null,
                      "topologySpreadConstraints": null,
                      "volumes": null
                    }
                  }
                }
              },
              "type": [
                "object",
                {
                  "apiVersion": "string",
                  "kind": "string",
                  "metadata": [
                    "object",
                    {
                      "annotations": [
                        "map",
                        "string"
                      ],
                      "creationTimestamp": "string",
                      "deletionGracePeriodSeconds": "number",
                      "deletionTimestamp": "string",
                      "finalizers": [
                        "list",
                        "string"
                      ],
                      "generateName": "string",
                      "generation": "number",
                      "labels": [
                        "map",
                        "string"
                      ],
                      "managedFields": [
                        "tuple",
                        [
                          [
                            "object",
                            {
                              "apiVersion": "string",
                              "fieldsType": "string",
                              "fieldsV1": "dynamic",
                              "manager": "string",
                              "operation": "string",
                              "subresource": "string",
                              "time": "string"
                            }
                          ]
                        ]
                      ],
                      "name": "string",
                      "namespace": "string",
                      "ownerReferences": [
                        "list",
                        [
                          "object",
                          {
                            "apiVersion": "string",
                            "blockOwnerDeletion": "bool",
                            "controller": "bool",
                            "kind": "string",
                            "name": "string",
                            "uid": "string"
                          }
                        ]
                      ],
                      "resourceVersion": "string",
                      "selfLink": "string",
                      "uid": "string"
                    }
                  ],
                  "spec": [
                    "object",
                    {
                      "minReadySeconds": "number",
                      "paused": "bool",
                      "progressDeadlineSeconds": "number",
                      "replicas": "number",
                      "revisionHistoryLimit": "number",
                      "selector": [
                        "object",
                        {
                          "matchExpressions": [
                            "list",
                            [
                              "object",
                              {
                                "key": "string",
                                "operator": "string",
                                "values": [
                                  "list",
                                  "string"
                                ]
                              }
                            ]
                          ],
                          "matchLabels": [
                            "map",
                            "string"
                          ]
                        }
                      ],
                      "strategy": [
                        "object",
                        {
                          "rollingUpdate": [
                            "object",
                            {
                              "maxSurge": "string",
                              "maxUnavailable": "string"
                            }
                          ],
                          "type": "string"
                        }
                      ],
                      "template": [
                        "object",
                        {
                          "metadata": [
                            "object",
                            {
                              "annotations": [
                                "map",
                                "string"
                              ],
                              "creationTimestamp": "string",
                              "deletionGracePeriodSeconds": "number",
                              "deletionTimestamp": "string",
                              "finalizers": [
                                "list",
                                "string"
                              ],
                              "generateName": "string",
                              "generation": "number",
                              "labels": [
                                "map",
                                "string"
                              ],
                              "managedFields": [
                                "tuple",
                                [
                                  [
                                    "object",
                                    {
                                      "apiVersion": "string",
                                      "fieldsType": "string",
                                      "fieldsV1": "dynamic",
                                      "manager": "string",
                                      "operation": "string",
                                      "subresource": "string",
                                      "time": "string"
                                    }
                                  ]
                                ]
                              ],
                              "name": "string",
                              "namespace": "string",
                              "ownerReferences": [
                                "list",
                                [
                                  "object",
                                  {
                                    "apiVersion": "string",
                                    "blockOwnerDeletion": "bool",
                                    "controller": "bool",
                                    "kind": "string",
                                    "name": "string",
                                    "uid": "string"
                                  }
                                ]
                              ],
                              "resourceVersion": "string",
                              "selfLink": "string",
                              "uid": "string"
                            }
                          ],
                          "spec": [
                            "object",
                            {
                              "activeDeadlineSeconds": "number",
                              "affinity": [
                                "object",
                                {
                                  "nodeAffinity": [
                                    "object",
                                    {
                                      "preferredDuringSchedulingIgnoredDuringExecution": [
                                        "list",
                                        [
                                          "object",
                                          {
                                            "preference": [
                                              "object",
                                              {
                                                "matchExpressions": [
                                                  "list",
                                                  [
                                                    "object",
                                                    {
                                                      "key": "string",
                                                      "operator": "string",
                                                      "values": [
                                                        "list",
                                                        "string"
                                                      ]
                                                    }
                                                  ]
                                                ],
                                                "matchFields": [
                                                  "list",
                                                  [
                                                    "object",
                                                    {
                                                      "key": "string",
                                                      "operator": "string",
                                                      "values": [
                                                        "list",
                                                        "string"
                                                      ]
                                                    }
                                                  ]
                                                ]
                                              }
                                            ],
                                            "weight": "number"
                                          }
                                        ]
                                      ],
                                      "requiredDuringSchedulingIgnoredDuringExecution": [
                                        "object",
                                        {
                                          "nodeSelectorTerms": [
                                            "list",
                                            [
                                              "object",
                                              {
                                                "matchExpressions": [
                                                  "list",
                                                  [
                                                    "object",
                                                    {
                                                      "key": "string",
                                                      "operator": "string",
                                                      "values": [
                                                        "list",
                                                        "string"
                                                      ]
                                                    }
                                                  ]
                                                ],
                                                "matchFields": [
                                                  "list",
                                                  [
                                                    "object",
                                                    {
                                                      "key": "string",
                                                      "operator": "string",
                                                      "values": [
                                                        "list",
                                                        "string"
                                                      ]
                                                    }
                                                  ]
                                                ]
                                              }
                                            ]
                                          ]
                                        }
                                      ]
                                    }
                                  ],
                                  "podAffinity": [
                                    "object",
                                    {
                                      "preferredDuringSchedulingIgnoredDuringExecution": [
                                        "list",
                                        [
                                          "object",
                                          {
                                            "podAffinityTerm": [
                                              "object",
                                              {
                                                "labelSelector": [
                                                  "object",
                                                  {
                                                    "matchExpressions": [
                                                      "list",
                                                      [
                                                        "object",
                                                        {
                                                          "key": "string",
                                                          "operator": "string",
                                                          "values": [
                                                            "list",
                                                            "string"
                                                          ]
                                                        }
                                                      ]
                                                    ],
                                                    "matchLabels": [
                                                      "map",
                                                      "string"
                                                    ]
                                                  }
                                                ],
                                                "matchLabelKeys": [
                                                  "list",
                                                  "string"
                                                ],
                                                "mismatchLabelKeys": [
                                                  "list",
                                                  "string"
                                                ],
                                                "namespaceSelector": [
                                                  "object",
                                                  {
                                                    "matchExpressions": [
                                                      "list",
                                                      [
                                                        "object",
                                                        {
                                                          "key": "string",
                                                          "operator": "string",
                                                          "values": [
                                                            "list",
                                                            "string"
                                                          ]
                                                        }
                                                      ]
                                                    ],
                                                    "matchLabels": [
                                                      "map",
                                                      "string"
                                                    ]
                                                  }
                                                ],
                                                "namespaces": [
                                                  "list",
                                                  "string"
                                                ],
                                                "topologyKey": "string"
                                              }
                                            ],
                                            "weight": "number"
                                          }
                                        ]
                                      ],
                                      "requiredDuringSchedulingIgnoredDuringExecution": [
                                        "list",
                                        [
                                          "object",
                                          {
                                            "labelSelector": [
                                              "object",
                                              {
                                                "matchExpressions": [
                                                  "list",
                                                  [
                                                    "object",
                                                    {
                                                      "key": "string",
                                                      "operator": "string",
                                                      "values": [
                                                        "list",
                                                        "string"
                                                      ]
                                                    }
                                                  ]
                                                ],
                                                "matchLabels": [
                                                  "map",
                                                  "string"
                                                ]
                                              }
                                            ],
                                            "matchLabelKeys": [
                                              "list",
                                              "string"
                                            ],
                                            "mismatchLabelKeys": [
                                              "list",
                                              "string"
                                            ],
                                            "namespaceSelector": [
                                              "object",
                                              {
                                                "matchExpressions": [
                                                  "list",
                                                  [
                                                    "object",
                                                    {
                                                      "key": "string",
                                                      "operator": "string",
                                                      "values": [
                                                        "list",
                                                        "string"
                                                      ]
                                                    }
                                                  ]
                                                ],
                                                "matchLabels": [
                                                  "map",
                                                  "string"
                                                ]
                                              }
                                            ],
                                            "namespaces": [
                                              "list",
                                              "string"
                                            ],
                                            "topologyKey": "string"
                                          }
                                        ]
                                      ]
                                    }
                                  ],
                                  "podAntiAffinity": [
                                    "object",
                                    {
                                      "preferredDuringSchedulingIgnoredDuringExecution": [
                                        "list",
                                        [
                                          "object",
                                          {
                                            "podAffinityTerm": [
                                              "object",
                                              {
                                                "labelSelector": [
                                                  "object",
                                                  {
                                                    "matchExpressions": [
                                                      "list",
                                                      [
                                                        "object",
                                                        {
                                                          "key": "string",
                                                          "operator": "string",
                                                          "values": [
                                                            "list",
                                                            "string"
                                                          ]
                                                        }
                                                      ]
                                                    ],
                                                    "matchLabels": [
                                                      "map",
                                                      "string"
                                                    ]
                                                  }
                                                ],
                                                "matchLabelKeys": [
                                                  "list",
                                                  "string"
                                                ],
                                                "mismatchLabelKeys": [
                                                  "list",
                                                  "string"
                                                ],
                                                "namespaceSelector": [
                                                  "object",
                                                  {
                                                    "matchExpressions": [
                                                      "list",
                                                      [
                                                        "object",
                                                        {
                                                          "key": "string",
                                                          "operator": "string",
                                                          "values": [
                                                            "list",
                                                            "string"
                                                          ]
                                                        }
                                                      ]
                                                    ],
                                                    "matchLabels": [
                                                      "map",
                                                      "string"
                                                    ]
                                                  }
                                                ],
                                                "namespaces": [
                                                  "list",
                                                  "string"
                                                ],
                                                "topologyKey": "string"
                                              }
                                            ],
                                            "weight": "number"
                                          }
                                        ]
                                      ],
                                      "requiredDuringSchedulingIgnoredDuringExecution": [
                                        "list",
                                        [
                                          "object",
                                          {
                                            "labelSelector": [
                                              "object",
                                              {
                                                "matchExpressions": [
                                                  "list",
                                                  [
                                                    "object",
                                                    {
                                                      "key": "string",
                                                      "operator": "string",
                                                      "values": [
                                                        "list",
                                                        "string"
                                                      ]
                                                    }
                                                  ]
                                                ],
                                                "matchLabels": [
                                                  "map",
                                                  "string"
                                                ]
                                              }
                                            ],
                                            "matchLabelKeys": [
                                              "list",
                                              "string"
                                            ],
                                            "mismatchLabelKeys": [
                                              "list",
                                              "string"
                                            ],
                                            "namespaceSelector": [
                                              "object",
                                              {
                                                "matchExpressions": [
                                                  "list",
                                                  [
                                                    "object",
                                                    {
                                                      "key": "string",
                                                      "operator": "string",
                                                      "values": [
                                                        "list",
                                                        "string"
                                                      ]
                                                    }
                                                  ]
                                                ],
                                                "matchLabels": [
                                                  "map",
                                                  "string"
                                                ]
                                              }
                                            ],
                                            "namespaces": [
                                              "list",
                                              "string"
                                            ],
                                            "topologyKey": "string"
                                          }
                                        ]
                                      ]
                                    }
                                  ]
                                }
                              ],
                              "automountServiceAccountToken": "bool",
                              "containers": [
                                "list",
                                [
                                  "object",
                                  {
                                    "args": [
                                      "list",
                                      "string"
                                    ],
                                    "command": [
                                      "list",
                                      "string"
                                    ],
                                    "env": [
                                      "list",
                                      [
                                        "object",
                                        {
                                          "name": "string",
                                          "value": "string",
                                          "valueFrom": [
                                            "object",
                                            {
                                              "configMapKeyRef": [
                                                "object",
                                                {
                                                  "key": "string",
                                                  "name": "string",
                                                  "optional": "bool"
                                                }
                                              ],
                                              "fieldRef": [
                                                "object",
                                                {
                                                  "apiVersion": "string",
                                                  "fieldPath": "string"
                                                }
                                              ],
                                              "resourceFieldRef": [
                                                "object",
                                                {
                                                  "containerName": "string",
                                                  "divisor": "string",
                                                  "resource": "string"
                                                }
                                              ],
                                              "secretKeyRef": [
                                                "object",
                                                {
                                                  "key": "string",
                                                  "name": "string",
                                                  "optional": "bool"
                                                }
                                              ]
                                            }
                                          ]
                                        }
                                      ]
                                    ],
                                    "envFrom": [
                                      "list",
                                      [
                                        "object",
                                        {
                                          "configMapRef": [
                                            "object",
                                            {
                                              "name": "string",
                                              "optional": "bool"
                                            }
                                          ],
                                          "prefix": "string",
                                          "secretRef": [
                                            "object",
                                            {
                                              "name": "string",
                                              "optional": "bool"
                                            }
                                          ]
                                        }
                                      ]
                                    ],
                                    "image": "string",
                                    "imagePullPolicy": "string",
                                    "lifecycle": [
                                      "object",
                                      {
                                        "postStart": [
                                          "object",
                                          {
                                            "exec": [
                                              "object",
                                              {
                                                "command": [
                                                  "list",
                                                  "string"
                                                ]
                                              }
                                            ],
                                            "httpGet": [
                                              "object",
                                              {
                                                "host": "string",
                                                "httpHeaders": [
                                                  "list",
                                                  [
                                                    "object",
                                                    {
                                                      "name": "string",
                                                      "value": "string"
                                                    }
                                                  ]
                                                ],
                                                "path": "string",
                                                "port": "string",
                                                "scheme": "string"
                                              }
                                            ],
                                            "sleep": [
                                              "object",
                                              {
                                                "seconds": "number"
                                              }
                                            ],
                                            "tcpSocket": [
                                              "object",
                                              {
                                                "host": "string",
                                                "port": "string"
                                              }
                                            ]
                                          }
                                        ],
                                        "preStop": [
                                          "object",
                                          {
                                            "exec": [
                                              "object",
                                              {
                                                "command": [
                                                  "list",
                                                  "string"
                                                ]
                                              }
                                            ],
                                            "httpGet": [
                                              "object",
                                              {
                                                "host": "string",
                                                "httpHeaders": [
                                                  "list",
                                                  [
                                                    "object",
                                                    {
                                                      "name": "string",
                                                      "value": "string"
                                                    }
                                                  ]
                                                ],
                                                "path": "string",
                                                "port": "string",
                                                "scheme": "string"
                                              }
                                            ],
                                            "sleep": [
                                              "object",
                                              {
                                                "seconds": "number"
                                              }
                                            ],
                                            "tcpSocket": [
                                              "object",
                                              {
                                                "host": "string",
                                                "port": "string"
                                              }
                                            ]
                                          }
                                        ]
                                      }
                                    ],
                                    "livenessProbe": [
                                      "object",
                                      {
                                        "exec": [
                                          "object",
                                          {
                                            "command": [
                                              "list",
                                              "string"
                                            ]
                                          }
                                        ],
                                        "failureThreshold": "number",
                                        "grpc": [
                                          "object",
                                          {
                                            "port": "number",
                                            "service": "string"
                                          }
                                        ],
                                        "httpGet": [
                                          "object",
                                          {
                                            "host": "string",
                                            "httpHeaders": [
                                              "list",
                                              [
                                                "object",
                                                {
                                                  "name": "string",
                                                  "value": "string"
                                                }
                                              ]
                                            ],
                                            "path": "string",
                                            "port": "string",
                                            "scheme": "string"
                                          }
                                        ],
                                        "initialDelaySeconds": "number",
                                        "periodSeconds": "number",
                                        "successThreshold": "number",
                                        "tcpSocket": [
                                          "object",
                                          {
                                            "host": "string",
                                            "port": "string"
                                          }
                                        ],
                                        "terminationGracePeriodSeconds": "number",
                                        "timeoutSeconds": "number"
                                      }
                                    ],
                                    "name": "string",
                                    "ports": [
                                      "list",
                                      [
                                        "object",
                                        {
                                          "containerPort": "number",
                                          "hostIP": "string",
                                          "hostPort": "number",
                                          "name": "string",
                                          "protocol": "string"
                                        }
                                      ]
                                    ],
                                    "readinessProbe": [
                                      "object",
                                      {
                                        "exec": [
                                          "object",
                                          {
                                            "command": [
                                              "list",
                                              "string"
                                            ]
                                          }
                                        ],
                                        "failureThreshold": "number",
                                        "grpc": [
                                          "object",
                                          {
                                            "port": "number",
                                            "service": "string"
                                          }
                                        ],
                                        "httpGet": [
                                          "object",
                                          {
                                            "host": "string",
                                            "httpHeaders": [
                                              "list",
                                              [
                                                "object",
                                                {
                                                  "name": "string",
                                                  "value": "string"
                                                }
                                              ]
                                            ],
                                            "path": "string",
                                            "port": "string",
                                            "scheme": "string"
                                          }
                                        ],
                                        "initialDelaySeconds": "number",
                                        "periodSeconds": "number",
                                        "successThreshold": "number",
                                        "tcpSocket": [
                                          "object",
                                          {
                                            "host": "string",
                                            "port": "string"
                                          }
                                        ],
                                        "terminationGracePeriodSeconds": "number",
                                        "timeoutSeconds": "number"
                                      }
                                    ],
                                    "resizePolicy": [
                                      "list",
                                      [
                                        "object",
                                        {
                                          "resourceName": "string",
                                          "restartPolicy": "string"
                                        }
                                      ]
                                    ],
                                    "resources": [
                                      "object",
                                      {
                                        "claims": [
                                          "list",
                                          [
                                            "object",
                                            {
                                              "name": "string"
                                            }
                                          ]
                                        ],
                                        "limits": [
                                          "map",
                                          "string"
                                        ],
                                        "requests": [
                                          "map",
                                          "string"
                                        ]
                                      }
                                    ],
                                    "restartPolicy": "string",
                                    "securityContext": [
                                      "object",
                                      {
                                        "allowPrivilegeEscalation": "bool",
                                        "appArmorProfile": [
                                          "object",
                                          {
                                            "localhostProfile": "string",
                                            "type": "string"
                                          }
                                        ],
                                        "capabilities": [
                                          "object",
                                          {
                                            "add": [
                                              "list",
                                              "string"
                                            ],
                                            "drop": [
                                              "list",
                                              "string"
                                            ]
                                          }
                                        ],
                                        "privileged": "bool",
                                        "procMount": "string",
                                        "readOnlyRootFilesystem": "bool",
                                        "runAsGroup": "number",
                                        "runAsNonRoot": "bool",
                                        "runAsUser": "number",
                                        "seLinuxOptions": [
                                          "object",
                                          {
                                            "level": "string",
                                            "role": "string",
                                            "type": "string",
                                            "user": "string"
                                          }
                                        ],
                                        "seccompProfile": [
                                          "object",
                                          {
                                            "localhostProfile": "string",
                                            "type": "string"
                                          }
                                        ],
                                        "windowsOptions": [
                                          "object",
                                          {
                                            "gmsaCredentialSpec": "string",
                                            "gmsaCredentialSpecName": "string",
                                            "hostProcess": "bool",
                                            "runAsUserName": "string"
                                          }
                                        ]
                                      }
                                    ],
                                    "startupProbe": [
                                      "object",
                                      {
                                        "exec": [
                                          "object",
                                          {
                                            "command": [
                                              "list",
                                              "string"
                                            ]
                                          }
                                        ],
                                        "failureThreshold": "number",
                                        "grpc": [
                                          "object",
                                          {
                                            "port": "number",
                                            "service": "string"
                                          }
                                        ],
                                        "httpGet": [
                                          "object",
                                          {
                                            "host": "string",
                                            "httpHeaders": [
                                              "list",
                                              [
                                                "object",
                                                {
                                                  "name": "string",
                                                  "value": "string"
                                                }
                                              ]
                                            ],
                                            "path": "string",
                                            "port": "string",
                                            "scheme": "string"
                                          }
                                        ],
                                        "initialDelaySeconds": "number",
                                        "periodSeconds": "number",
                                        "successThreshold": "number",
                                        "tcpSocket": [
                                          "object",
                                          {
                                            "host": "string",
                                            "port": "string"
                                          }
                                        ],
                                        "terminationGracePeriodSeconds": "number",
                                        "timeoutSeconds": "number"
                                      }
                                    ],
                                    "stdin": "bool",
                                    "stdinOnce": "bool",
                                    "terminationMessagePath": "string",
                                    "terminationMessagePolicy": "string",
                                    "tty": "bool",
                                    "volumeDevices": [
                                      "list",
                                      [
                                        "object",
                                        {
                                          "devicePath": "string",
                                          "name": "string"
                                        }
                                      ]
                                    ],
                                    "volumeMounts": [
                                      "list",
                                      [
                                        "object",
                                        {
                                          "mountPath": "string",
                                          "mountPropagation": "string",
                                          "name": "string",
                                          "readOnly": "bool",
                                          "recursiveReadOnly": "string",
                                          "subPath": "string",
                                          "subPathExpr": "string"
                                        }
                                      ]
                                    ],
                                    "workingDir": "string"
                                  }
                                ]
                              ],
                              "dnsConfig": [
                                "object",
                                {
                                  "nameservers": [
                                    "list",
                                    "string"
                                  ],
                                  "options": [
                                    "list",
                                    [
                                      "object",
                                      {
                                        "name": "string",
                                        "value": "string"
                                      }
                                    ]
                                  ],
                                  "searches": [
                                    "list",
                                    "string"
                                  ]
                                }
                              ],
                              "dnsPolicy": "string",
                              "enableServiceLinks": "bool",
                              "ephemeralContainers": [
                                "list",
                                [
                                  "object",
                                  {
                                    "args": [
                                      "list",
                                      "string"
                                    ],
                                    "command": [
                                      "list",
                                      "string"
                                    ],
                                    "env": [
                                      "list",
                                      [
                                        "object",
                                        {
                                          "name": "string",
                                          "value": "string",
                                          "valueFrom": [
                                            "object",
                                            {
                                              "configMapKeyRef": [
                                                "object",
                                                {
                                                  "key": "string",
                                                  "name": "string",
                                                  "optional": "bool"
                                                }
                                              ],
                                              "fieldRef": [
                                                "object",
                                                {
                                                  "apiVersion": "string",
                                                  "fieldPath": "string"
                                                }
                                              ],
                                              "resourceFieldRef": [
                                                "object",
                                                {
                                                  "containerName": "string",
                                                  "divisor": "string",
                                                  "resource": "string"
                                                }
                                              ],
                                              "secretKeyRef": [
                                                "object",
                                                {
                                                  "key": "string",
                                                  "name": "string",
                                                  "optional": "bool"
                                                }
                                              ]
                                            }
                                          ]
                                        }
                                      ]
                                    ],
                                    "envFrom": [
                                      "list",
                                      [
                                        "object",
                                        {
                                          "configMapRef": [
                                            "object",
                                            {
                                              "name": "string",
                                              "optional": "bool"
                                            }
                                          ],
                                          "prefix": "string",
                                          "secretRef": [
                                            "object",
                                            {
                                              "name": "string",
                                              "optional": "bool"
                                            }
                                          ]
                                        }
                                      ]
                                    ],
                                    "image": "string",
                                    "imagePullPolicy": "string",
                                    "lifecycle": [
                                      "object",
                                      {
                                        "postStart": [
                                          "object",
                                          {
                                            "exec": [
                                              "object",
                                              {
                                                "command": [
                                                  "list",
                                                  "string"
                                                ]
                                              }
                                            ],
                                            "httpGet": [
                                              "object",
                                              {
                                                "host": "string",
                                                "httpHeaders": [
                                                  "list",
                                                  [
                                                    "object",
                                                    {
                                                      "name": "string",
                                                      "value": "string"
                                                    }
                                                  ]
                                                ],
                                                "path": "string",
                                                "port": "string",
                                                "scheme": "string"
                                              }
                                            ],
                                            "sleep": [
                                              "object",
                                              {
                                                "seconds": "number"
                                              }
                                            ],
                                            "tcpSocket": [
                                              "object",
                                              {
                                                "host": "string",
                                                "port": "string"
                                              }
                                            ]
                                          }
                                        ],
                                        "preStop": [
                                          "object",
                                          {
                                            "exec": [
                                              "object",
                                              {
                                                "command": [
                                                  "list",
                                                  "string"
                                                ]
                                              }
                                            ],
                                            "httpGet": [
                                              "object",
                                              {
                                                "host": "string",
                                                "httpHeaders": [
                                                  "list",
                                                  [
                                                    "object",
                                                    {
                                                      "name": "string",
                                                      "value": "string"
                                                    }
                                                  ]
                                                ],
                                                "path": "string",
                                                "port": "string",
                                                "scheme": "string"
                                              }
                                            ],
                                            "sleep": [
                                              "object",
                                              {
                                                "seconds": "number"
                                              }
                                            ],
                                            "tcpSocket": [
                                              "object",
                                              {
                                                "host": "string",
                                                "port": "string"
                                              }
                                            ]
                                          }
                                        ]
                                      }
                                    ],
                                    "livenessProbe": [
                                      "object",
                                      {
                                        "exec": [
                                          "object",
                                          {
                                            "command": [
                                              "list",
                                              "string"
                                            ]
                                          }
                                        ],
                                        "failureThreshold": "number",
                                        "grpc": [
                                          "object",
                                          {
                                            "port": "number",
                                            "service": "string"
                                          }
                                        ],
                                        "httpGet": [
                                          "object",
                                          {
                                            "host": "string",
                                            "httpHeaders": [
                                              "list",
                                              [
                                                "object",
                                                {
                                                  "name": "string",
                                                  "value": "string"
                                                }
                                              ]
                                            ],
                                            "path": "string",
                                            "port": "string",
                                            "scheme": "string"
                                          }
                                        ],
                                        "initialDelaySeconds": "number",
                                        "periodSeconds": "number",
                                        "successThreshold": "number",
                                        "tcpSocket": [
                                          "object",
                                          {
                                            "host": "string",
                                            "port": "string"
                                          }
                                        ],
                                        "terminationGracePeriodSeconds": "number",
                                        "timeoutSeconds": "number"
                                      }
                                    ],
                                    "name": "string",
                                    "ports": [
                                      "list",
                                      [
                                        "object",
                                        {
                                          "containerPort": "number",
                                          "hostIP": "string",
                                          "hostPort": "number",
                                          "name": "string",
                                          "protocol": "string"
                                        }
                                      ]
                                    ],
                                    "readinessProbe": [
                                      "object",
                                      {
                                        "exec": [
                                          "object",
                                          {
                                            "command": [
                                              "list",
                                              "string"
                                            ]
                                          }
                                        ],
                                        "failureThreshold": "number",
                                        "grpc": [
                                          "object",
                                          {
                                            "port": "number",
                                            "service": "string"
                                          }
                                        ],
                                        "httpGet": [
                                          "object",
                                          {
                                            "host": "string",
                                            "httpHeaders": [
                                              "list",
                                              [
                                                "object",
                                                {
                                                  "name": "string",
                                                  "value": "string"
                                                }
                                              ]
                                            ],
                                            "path": "string",
                                            "port": "string",
                                            "scheme": "string"
                                          }
                                        ],
                                        "initialDelaySeconds": "number",
                                        "periodSeconds": "number",
                                        "successThreshold": "number",
                                        "tcpSocket": [
                                          "object",
                                          {
                                            "host": "string",
                                            "port": "string"
                                          }
                                        ],
                                        "terminationGracePeriodSeconds": "number",
                                        "timeoutSeconds": "number"
                                      }
                                    ],
                                    "resizePolicy": [
                                      "list",
                                      [
                                        "object",
                                        {
                                          "resourceName": "string",
                                          "restartPolicy": "string"
                                        }
                                      ]
                                    ],
                                    "resources": [
                                      "object",
                                      {
                                        "claims": [
                                          "list",
                                          [
                                            "object",
                                            {
                                              "name": "string"
                                            }
                                          ]
                                        ],
                                        "limits": [
                                          "map",
                                          "string"
                                        ],
                                        "requests": [
                                          "map",
                                          "string"
                                        ]
                                      }
                                    ],
                                    "restartPolicy": "string",
                                    "securityContext": [
                                      "object",
                                      {
                                        "allowPrivilegeEscalation": "bool",
                                        "appArmorProfile": [
                                          "object",
                                          {
                                            "localhostProfile": "string",
                                            "type": "string"
                                          }
                                        ],
                                        "capabilities": [
                                          "object",
                                          {
                                            "add": [
                                              "list",
                                              "string"
                                            ],
                                            "drop": [
                                              "list",
                                              "string"
                                            ]
                                          }
                                        ],
                                        "privileged": "bool",
                                        "procMount": "string",
                                        "readOnlyRootFilesystem": "bool",
                                        "runAsGroup": "number",
                                        "runAsNonRoot": "bool",
                                        "runAsUser": "number",
                                        "seLinuxOptions": [
                                          "object",
                                          {
                                            "level": "string",
                                            "role": "string",
                                            "type": "string",
                                            "user": "string"
                                          }
                                        ],
                                        "seccompProfile": [
                                          "object",
                                          {
                                            "localhostProfile": "string",
                                            "type": "string"
                                          }
                                        ],
                                        "windowsOptions": [
                                          "object",
                                          {
                                            "gmsaCredentialSpec": "string",
                                            "gmsaCredentialSpecName": "string",
                                            "hostProcess": "bool",
                                            "runAsUserName": "string"
                                          }
                                        ]
                                      }
                                    ],
                                    "startupProbe": [
                                      "object",
                                      {
                                        "exec": [
                                          "object",
                                          {
                                            "command": [
                                              "list",
                                              "string"
                                            ]
                                          }
                                        ],
                                        "failureThreshold": "number",
                                        "grpc": [
                                          "object",
                                          {
                                            "port": "number",
                                            "service": "string"
                                          }
                                        ],
                                        "httpGet": [
                                          "object",
                                          {
                                            "host": "string",
                                            "httpHeaders": [
                                              "list",
                                              [
                                                "object",
                                                {
                                                  "name": "string",
                                                  "value": "string"
                                                }
                                              ]
                                            ],
                                            "path": "string",
                                            "port": "string",
                                            "scheme": "string"
                                          }
                                        ],
                                        "initialDelaySeconds": "number",
                                        "periodSeconds": "number",
                                        "successThreshold": "number",
                                        "tcpSocket": [
                                          "object",
                                          {
                                            "host": "string",
                                            "port": "string"
                                          }
                                        ],
                                        "terminationGracePeriodSeconds": "number",
                                        "timeoutSeconds": "number"
                                      }
                                    ],
                                    "stdin": "bool",
                                    "stdinOnce": "bool",
                                    "targetContainerName": "string",
                                    "terminationMessagePath": "string",
                                    "terminationMessagePolicy": "string",
                                    "tty": "bool",
                                    "volumeDevices": [
                                      "list",
                                      [
                                        "object",
                                        {
                                          "devicePath": "string",
                                          "name": "string"
                                        }
                                      ]
                                    ],
                                    "volumeMounts": [
                                      "list",
                                      [
                                        "object",
                                        {
                                          "mountPath": "string",
                                          "mountPropagation": "string",
                                          "name": "string",
                                          "readOnly": "bool",
                                          "recursiveReadOnly": "string",
                                          "subPath": "string",
                                          "subPathExpr": "string"
                                        }
                                      ]
                                    ],
                                    "workingDir": "string"
                                  }
                                ]
                              ],
                              "hostAliases": [
                                "list",
                                [
                                  "object",
                                  {
                                    "hostnames": [
                                      "list",
                                      "string"
                                    ],
                                    "ip": "string"
                                  }
                                ]
                              ],
                              "hostIPC": "bool",
                              "hostNetwork": "bool",
                              "hostPID": "bool",
                              "hostUsers": "bool",
                              "hostname": "string",
                              "imagePullSecrets": [
                                "list",
                                [
                                  "object",
                                  {
                                    "name": "string"
                                  }
                                ]
                              ],
                              "initContainers": [
                                "list",
                                [
                                  "object",
                                  {
                                    "args": [
                                      "list",
                                      "string"
                                    ],
                                    "command": [
                                      "list",
                                      "string"
                                    ],
                                    "env": [
                                      "list",
                                      [
                                        "object",
                                        {
                                          "name": "string",
                                          "value": "string",
                                          "valueFrom": [
                                            "object",
                                            {
                                              "configMapKeyRef": [
                                                "object",
                                                {
                                                  "key": "string",
                                                  "name": "string",
                                                  "optional": "bool"
                                                }
                                              ],
                                              "fieldRef": [
                                                "object",
                                                {
                                                  "apiVersion": "string",
                                                  "fieldPath": "string"
                                                }
                                              ],
                                              "resourceFieldRef": [
                                                "object",
                                                {
                                                  "containerName": "string",
                                                  "divisor": "string",
                                                  "resource": "string"
                                                }
                                              ],
                                              "secretKeyRef": [
                                                "object",
                                                {
                                                  "key": "string",
                                                  "name": "string",
                                                  "optional": "bool"
                                                }
                                              ]
                                            }
                                          ]
                                        }
                                      ]
                                    ],
                                    "envFrom": [
                                      "list",
                                      [
                                        "object",
                                        {
                                          "configMapRef": [
                                            "object",
                                            {
                                              "name": "string",
                                              "optional": "bool"
                                            }
                                          ],
                                          "prefix": "string",
                                          "secretRef": [
                                            "object",
                                            {
                                              "name": "string",
                                              "optional": "bool"
                                            }
                                          ]
                                        }
                                      ]
                                    ],
                                    "image": "string",
                                    "imagePullPolicy": "string",
                                    "lifecycle": [
                                      "object",
                                      {
                                        "postStart": [
                                          "object",
                                          {
                                            "exec": [
                                              "object",
                                              {
                                                "command": [
                                                  "list",
                                                  "string"
                                                ]
                                              }
                                            ],
                                            "httpGet": [
                                              "object",
                                              {
                                                "host": "string",
                                                "httpHeaders": [
                                                  "list",
                                                  [
                                                    "object",
                                                    {
                                                      "name": "string",
                                                      "value": "string"
                                                    }
                                                  ]
                                                ],
                                                "path": "string",
                                                "port": "string",
                                                "scheme": "string"
                                              }
                                            ],
                                            "sleep": [
                                              "object",
                                              {
                                                "seconds": "number"
                                              }
                                            ],
                                            "tcpSocket": [
                                              "object",
                                              {
                                                "host": "string",
                                                "port": "string"
                                              }
                                            ]
                                          }
                                        ],
                                        "preStop": [
                                          "object",
                                          {
                                            "exec": [
                                              "object",
                                              {
                                                "command": [
                                                  "list",
                                                  "string"
                                                ]
                                              }
                                            ],
                                            "httpGet": [
                                              "object",
                                              {
                                                "host": "string",
                                                "httpHeaders": [
                                                  "list",
                                                  [
                                                    "object",
                                                    {
                                                      "name": "string",
                                                      "value": "string"
                                                    }
                                                  ]
                                                ],
                                                "path": "string",
                                                "port": "string",
                                                "scheme": "string"
                                              }
                                            ],
                                            "sleep": [
                                              "object",
                                              {
                                                "seconds": "number"
                                              }
                                            ],
                                            "tcpSocket": [
                                              "object",
                                              {
                                                "host": "string",
                                                "port": "string"
                                              }
                                            ]
                                          }
                                        ]
                                      }
                                    ],
                                    "livenessProbe": [
                                      "object",
                                      {
                                        "exec": [
                                          "object",
                                          {
                                            "command": [
                                              "list",
                                              "string"
                                            ]
                                          }
                                        ],
                                        "failureThreshold": "number",
                                        "grpc": [
                                          "object",
                                          {
                                            "port": "number",
                                            "service": "string"
                                          }
                                        ],
                                        "httpGet": [
                                          "object",
                                          {
                                            "host": "string",
                                            "httpHeaders": [
                                              "list",
                                              [
                                                "object",
                                                {
                                                  "name": "string",
                                                  "value": "string"
                                                }
                                              ]
                                            ],
                                            "path": "string",
                                            "port": "string",
                                            "scheme": "string"
                                          }
                                        ],
                                        "initialDelaySeconds": "number",
                                        "periodSeconds": "number",
                                        "successThreshold": "number",
                                        "tcpSocket": [
                                          "object",
                                          {
                                            "host": "string",
                                            "port": "string"
                                          }
                                        ],
                                        "terminationGracePeriodSeconds": "number",
                                        "timeoutSeconds": "number"
                                      }
                                    ],
                                    "name": "string",
                                    "ports": [
                                      "list",
                                      [
                                        "object",
                                        {
                                          "containerPort": "number",
                                          "hostIP": "string",
                                          "hostPort": "number",
                                          "name": "string",
                                          "protocol": "string"
                                        }
                                      ]
                                    ],
                                    "readinessProbe": [
                                      "object",
                                      {
                                        "exec": [
                                          "object",
                                          {
                                            "command": [
                                              "list",
                                              "string"
                                            ]
                                          }
                                        ],
                                        "failureThreshold": "number",
                                        "grpc": [
                                          "object",
                                          {
                                            "port": "number",
                                            "service": "string"
                                          }
                                        ],
                                        "httpGet": [
                                          "object",
                                          {
                                            "host": "string",
                                            "httpHeaders": [
                                              "list",
                                              [
                                                "object",
                                                {
                                                  "name": "string",
                                                  "value": "string"
                                                }
                                              ]
                                            ],
                                            "path": "string",
                                            "port": "string",
                                            "scheme": "string"
                                          }
                                        ],
                                        "initialDelaySeconds": "number",
                                        "periodSeconds": "number",
                                        "successThreshold": "number",
                                        "tcpSocket": [
                                          "object",
                                          {
                                            "host": "string",
                                            "port": "string"
                                          }
                                        ],
                                        "terminationGracePeriodSeconds": "number",
                                        "timeoutSeconds": "number"
                                      }
                                    ],
                                    "resizePolicy": [
                                      "list",
                                      [
                                        "object",
                                        {
                                          "resourceName": "string",
                                          "restartPolicy": "string"
                                        }
                                      ]
                                    ],
                                    "resources": [
                                      "object",
                                      {
                                        "claims": [
                                          "list",
                                          [
                                            "object",
                                            {
                                              "name": "string"
                                            }
                                          ]
                                        ],
                                        "limits": [
                                          "map",
                                          "string"
                                        ],
                                        "requests": [
                                          "map",
                                          "string"
                                        ]
                                      }
                                    ],
                                    "restartPolicy": "string",
                                    "securityContext": [
                                      "object",
                                      {
                                        "allowPrivilegeEscalation": "bool",
                                        "appArmorProfile": [
                                          "object",
                                          {
                                            "localhostProfile": "string",
                                            "type": "string"
                                          }
                                        ],
                                        "capabilities": [
                                          "object",
                                          {
                                            "add": [
                                              "list",
                                              "string"
                                            ],
                                            "drop": [
                                              "list",
                                              "string"
                                            ]
                                          }
                                        ],
                                        "privileged": "bool",
                                        "procMount": "string",
                                        "readOnlyRootFilesystem": "bool",
                                        "runAsGroup": "number",
                                        "runAsNonRoot": "bool",
                                        "runAsUser": "number",
                                        "seLinuxOptions": [
                                          "object",
                                          {
                                            "level": "string",
                                            "role": "string",
                                            "type": "string",
                                            "user": "string"
                                          }
                                        ],
                                        "seccompProfile": [
                                          "object",
                                          {
                                            "localhostProfile": "string",
                                            "type": "string"
                                          }
                                        ],
                                        "windowsOptions": [
                                          "object",
                                          {
                                            "gmsaCredentialSpec": "string",
                                            "gmsaCredentialSpecName": "string",
                                            "hostProcess": "bool",
                                            "runAsUserName": "string"
                                          }
                                        ]
                                      }
                                    ],
                                    "startupProbe": [
                                      "object",
                                      {
                                        "exec": [
                                          "object",
                                          {
                                            "command": [
                                              "list",
                                              "string"
                                            ]
                                          }
                                        ],
                                        "failureThreshold": "number",
                                        "grpc": [
                                          "object",
                                          {
                                            "port": "number",
                                            "service": "string"
                                          }
                                        ],
                                        "httpGet": [
                                          "object",
                                          {
                                            "host": "string",
                                            "httpHeaders": [
                                              "list",
                                              [
                                                "object",
                                                {
                                                  "name": "string",
                                                  "value": "string"
                                                }
                                              ]
                                            ],
                                            "path": "string",
                                            "port": "string",
                                            "scheme": "string"
                                          }
                                        ],
                                        "initialDelaySeconds": "number",
                                        "periodSeconds": "number",
                                        "successThreshold": "number",
                                        "tcpSocket": [
                                          "object",
                                          {
                                            "host": "string",
                                            "port": "string"
                                          }
                                        ],
                                        "terminationGracePeriodSeconds": "number",
                                        "timeoutSeconds": "number"
                                      }
                                    ],
                                    "stdin": "bool",
                                    "stdinOnce": "bool",
                                    "terminationMessagePath": "string",
                                    "terminationMessagePolicy": "string",
                                    "tty": "bool",
                                    "volumeDevices": [
                                      "list",
                                      [
                                        "object",
                                        {
                                          "devicePath": "string",
                                          "name": "string"
                                        }
                                      ]
                                    ],
                                    "volumeMounts": [
                                      "list",
                                      [
                                        "object",
                                        {
                                          "mountPath": "string",
                                          "mountPropagation": "string",
                                          "name": "string",
                                          "readOnly": "bool",
                                          "recursiveReadOnly": "string",
                                          "subPath": "string",
                                          "subPathExpr": "string"
                                        }
                                      ]
                                    ],
                                    "workingDir": "string"
                                  }
                                ]
                              ],
                              "nodeName": "string",
                              "nodeSelector": [
                                "map",
                                "string"
                              ],
                              "os": [
                                "object",
                                {
                                  "name": "string"
                                }
                              ],
                              "overhead": [
                                "map",
                                "string"
                              ],
                              "preemptionPolicy": "string",
                              "priority": "number",
                              "priorityClassName": "string",
                              "readinessGates": [
                                "list",
                                [
                                  "object",
                                  {
                                    "conditionType": "string"
                                  }
                                ]
                              ],
                              "resourceClaims": [
                                "list",
                                [
                                  "object",
                                  {
                                    "name": "string",
                                    "source": [
                                      "object",
                                      {
                                        "resourceClaimName": "string",
                                        "resourceClaimTemplateName": "string"
                                      }
                                    ]
                                  }
                                ]
                              ],
                              "restartPolicy": "string",
                              "runtimeClassName": "string",
                              "schedulerName": "string",
                              "schedulingGates": [
                                "list",
                                [
                                  "object",
                                  {
                                    "name": "string"
                                  }
                                ]
                              ],
                              "securityContext": [
                                "object",
                                {
                                  "appArmorProfile": [
                                    "object",
                                    {
                                      "localhostProfile": "string",
                                      "type": "string"
                                    }
                                  ],
                                  "fsGroup": "number",
                                  "fsGroupChangePolicy": "string",
                                  "runAsGroup": "number",
                                  "runAsNonRoot": "bool",
                                  "runAsUser": "number",
                                  "seLinuxOptions": [
                                    "object",
                                    {
                                      "level": "string",
                                      "role": "string",
                                      "type": "string",
                                      "user": "string"
                                    }
                                  ],
                                  "seccompProfile": [
                                    "object",
                                    {
                                      "localhostProfile": "string",
                                      "type": "string"
                                    }
                                  ],
                                  "supplementalGroups": [
                                    "list",
                                    "number"
                                  ],
                                  "sysctls": [
                                    "list",
                                    [
                                      "object",
                                      {
                                        "name": "string",
                                        "value": "string"
                                      }
                                    ]
                                  ],
                                  "windowsOptions": [
                                    "object",
                                    {
                                      "gmsaCredentialSpec": "string",
                                      "gmsaCredentialSpecName": "string",
                                      "hostProcess": "bool",
                                      "runAsUserName": "string"
                                    }
                                  ]
                                }
                              ],
                              "serviceAccount": "string",
                              "serviceAccountName": "string",
                              "setHostnameAsFQDN": "bool",
                              "shareProcessNamespace": "bool",
                              "subdomain": "string",
                              "terminationGracePeriodSeconds": "number",
                              "tolerations": [
                                "list",
                                [
                                  "object",
                                  {
                                    "effect": "string",
                                    "key": "string",
                                    "operator": "string",
                                    "tolerationSeconds": "number",
                                    "value": "string"
                                  }
                                ]
                              ],
                              "topologySpreadConstraints": [
                                "list",
                                [
                                  "object",
                                  {
                                    "labelSelector": [
                                      "object",
                                      {
                                        "matchExpressions": [
                                          "list",
                                          [
                                            "object",
                                            {
                                              "key": "string",
                                              "operator": "string",
                                              "values": [
                                                "list",
                                                "string"
                                              ]
                                            }
                                          ]
                                        ],
                                        "matchLabels": [
                                          "map",
                                          "string"
                                        ]
                                      }
                                    ],
                                    "matchLabelKeys": [
                                      "list",
                                      "string"
                                    ],
                                    "maxSkew": "number",
                                    "minDomains": "number",
                                    "nodeAffinityPolicy": "string",
                                    "nodeTaintsPolicy": "string",
                                    "topologyKey": "string",
                                    "whenUnsatisfiable": "string"
                                  }
                                ]
                              ],
                              "volumes": [
                                "tuple",
                                [
                                  [
                                    "object",
                                    {
                                      "awsElasticBlockStore": [
                                        "object",
                                        {
                                          "fsType": "string",
                                          "partition": "number",
                                          "readOnly": "bool",
                                          "volumeID": "string"
                                        }
                                      ],
                                      "azureDisk": [
                                        "object",
                                        {
                                          "cachingMode": "string",
                                          "diskName": "string",
                                          "diskURI": "string",
                                          "fsType": "string",
                                          "kind": "string",
                                          "readOnly": "bool"
                                        }
                                      ],
                                      "azureFile": [
                                        "object",
                                        {
                                          "readOnly": "bool",
                                          "secretName": "string",
                                          "shareName": "string"
                                        }
                                      ],
                                      "cephfs": [
                                        "object",
                                        {
                                          "monitors": [
                                            "list",
                                            "string"
                                          ],
                                          "path": "string",
                                          "readOnly": "bool",
                                          "secretFile": "string",
                                          "secretRef": [
                                            "object",
                                            {
                                              "name": "string"
                                            }
                                          ],
                                          "user": "string"
                                        }
                                      ],
                                      "cinder": [
                                        "object",
                                        {
                                          "fsType": "string",
                                          "readOnly": "bool",
                                          "secretRef": [
                                            "object",
                                            {
                                              "name": "string"
                                            }
                                          ],
                                          "volumeID": "string"
                                        }
                                      ],
                                      "configMap": [
                                        "object",
                                        {
                                          "defaultMode": "number",
                                          "items": [
                                            "list",
                                            [
                                              "object",
                                              {
                                                "key": "string",
                                                "mode": "number",
                                                "path": "string"
                                              }
                                            ]
                                          ],
                                          "name": "string",
                                          "optional": "bool"
                                        }
                                      ],
                                      "csi": [
                                        "object",
                                        {
                                          "driver": "string",
                                          "fsType": "string",
                                          "nodePublishSecretRef": [
                                            "object",
                                            {
                                              "name": "string"
                                            }
                                          ],
                                          "readOnly": "bool",
                                          "volumeAttributes": [
                                            "map",
                                            "string"
                                          ]
                                        }
                                      ],
                                      "downwardAPI": [
                                        "object",
                                        {
                                          "defaultMode": "number",
                                          "items": [
                                            "list",
                                            [
                                              "object",
                                              {
                                                "fieldRef": [
                                                  "object",
                                                  {
                                                    "apiVersion": "string",
                                                    "fieldPath": "string"
                                                  }
                                                ],
                                                "mode": "number",
                                                "path": "string",
                                                "resourceFieldRef": [
                                                  "object",
                                                  {
                                                    "containerName": "string",
                                                    "divisor": "string",
                                                    "resource": "string"
                                                  }
                                                ]
                                              }
                                            ]
                                          ]
                                        }
                                      ],
                                      "emptyDir": [
                                        "object",
                                        {
                                          "medium": "string",
                                          "sizeLimit": "string"
                                        }
                                      ],
                                      "ephemeral": [
                                        "object",
                                        {
                                          "volumeClaimTemplate": [
                                            "object",
                                            {
                                              "metadata": [
                                                "object",
                                                {
                                                  "annotations": [
                                                    "map",
                                                    "string"
                                                  ],
                                                  "creationTimestamp": "string",
                                                  "deletionGracePeriodSeconds": "number",
                                                  "deletionTimestamp": "string",
                                                  "finalizers": [
                                                    "list",
                                                    "string"
                                                  ],
                                                  "generateName": "string",
                                                  "generation": "number",
                                                  "labels": [
                                                    "map",
                                                    "string"
                                                  ],
                                                  "managedFields": [
                                                    "tuple",
                                                    [
                                                      [
                                                        "object",
                                                        {
                                                          "apiVersion": "string",
                                                          "fieldsType": "string",
                                                          "fieldsV1": "dynamic",
                                                          "manager": "string",
                                                          "operation": "string",
                                                          "subresource": "string",
                                                          "time": "string"
                                                        }
                                                      ]
                                                    ]
                                                  ],
                                                  "name": "string",
                                                  "namespace": "string",
                                                  "ownerReferences": [
                                                    "list",
                                                    [
                                                      "object",
                                                      {
                                                        "apiVersion": "string",
                                                        "blockOwnerDeletion": "bool",
                                                        "controller": "bool",
                                                        "kind": "string",
                                                        "name": "string",
                                                        "uid": "string"
                                                      }
                                                    ]
                                                  ],
                                                  "resourceVersion": "string",
                                                  "selfLink": "string",
                                                  "uid": "string"
                                                }
                                              ],
                                              "spec": [
                                                "object",
                                                {
                                                  "accessModes": [
                                                    "list",
                                                    "string"
                                                  ],
                                                  "dataSource": [
                                                    "object",
                                                    {
                                                      "apiGroup": "string",
                                                      "kind": "string",
                                                      "name": "string"
                                                    }
                                                  ],
                                                  "dataSourceRef": [
                                                    "object",
                                                    {
                                                      "apiGroup": "string",
                                                      "kind": "string",
                                                      "name": "string",
                                                      "namespace": "string"
                                                    }
                                                  ],
                                                  "resources": [
                                                    "object",
                                                    {
                                                      "limits": [
                                                        "map",
                                                        "string"
                                                      ],
                                                      "requests": [
                                                        "map",
                                                        "string"
                                                      ]
                                                    }
                                                  ],
                                                  "selector": [
                                                    "object",
                                                    {
                                                      "matchExpressions": [
                                                        "list",
                                                        [
                                                          "object",
                                                          {
                                                            "key": "string",
                                                            "operator": "string",
                                                            "values": [
                                                              "list",
                                                              "string"
                                                            ]
                                                          }
                                                        ]
                                                      ],
                                                      "matchLabels": [
                                                        "map",
                                                        "string"
                                                      ]
                                                    }
                                                  ],
                                                  "storageClassName": "string",
                                                  "volumeAttributesClassName": "string",
                                                  "volumeMode": "string",
                                                  "volumeName": "string"
                                                }
                                              ]
                                            }
                                          ]
                                        }
                                      ],
                                      "fc": [
                                        "object",
                                        {
                                          "fsType": "string",
                                          "lun": "number",
                                          "readOnly": "bool",
                                          "targetWWNs": [
                                            "list",
                                            "string"
                                          ],
                                          "wwids": [
                                            "list",
                                            "string"
                                          ]
                                        }
                                      ],
                                      "flexVolume": [
                                        "object",
                                        {
                                          "driver": "string",
                                          "fsType": "string",
                                          "options": [
                                            "map",
                                            "string"
                                          ],
                                          "readOnly": "bool",
                                          "secretRef": [
                                            "object",
                                            {
                                              "name": "string"
                                            }
                                          ]
                                        }
                                      ],
                                      "flocker": [
                                        "object",
                                        {
                                          "datasetName": "string",
                                          "datasetUUID": "string"
                                        }
                                      ],
                                      "gcePersistentDisk": [
                                        "object",
                                        {
                                          "fsType": "string",
                                          "partition": "number",
                                          "pdName": "string",
                                          "readOnly": "bool"
                                        }
                                      ],
                                      "gitRepo": [
                                        "object",
                                        {
                                          "directory": "string",
                                          "repository": "string",
                                          "revision": "string"
                                        }
                                      ],
                                      "glusterfs": [
                                        "object",
                                        {
                                          "endpoints": "string",
                                          "path": "string",
                                          "readOnly": "bool"
                                        }
                                      ],
                                      "hostPath": [
                                        "object",
                                        {
                                          "path": "string",
                                          "type": "string"
                                        }
                                      ],
                                      "iscsi": [
                                        "object",
                                        {
                                          "chapAuthDiscovery": "bool",
                                          "chapAuthSession": "bool",
                                          "fsType": "string",
                                          "initiatorName": "string",
                                          "iqn": "string",
                                          "iscsiInterface": "string",
                                          "lun": "number",
                                          "portals": [
                                            "list",
                                            "string"
                                          ],
                                          "readOnly": "bool",
                                          "secretRef": [
                                            "object",
                                            {
                                              "name": "string"
                                            }
                                          ],
                                          "targetPortal": "string"
                                        }
                                      ],
                                      "name": "string",
                                      "nfs": [
                                        "object",
                                        {
                                          "path": "string",
                                          "readOnly": "bool",
                                          "server": "string"
                                        }
                                      ],
                                      "persistentVolumeClaim": [
                                        "object",
                                        {
                                          "claimName": "string",
                                          "readOnly": "bool"
                                        }
                                      ],
                                      "photonPersistentDisk": [
                                        "object",
                                        {
                                          "fsType": "string",
                                          "pdID": "string"
                                        }
                                      ],
                                      "portworxVolume": [
                                        "object",
                                        {
                                          "fsType": "string",
                                          "readOnly": "bool",
                                          "volumeID": "string"
                                        }
                                      ],
                                      "projected": [
                                        "object",
                                        {
                                          "defaultMode": "number",
                                          "sources": [
                                            "list",
                                            [
                                              "object",
                                              {
                                                "clusterTrustBundle": [
                                                  "object",
                                                  {
                                                    "labelSelector": [
                                                      "object",
                                                      {
                                                        "matchExpressions": [
                                                          "list",
                                                          [
                                                            "object",
                                                            {
                                                              "key": "string",
                                                              "operator": "string",
                                                              "values": [
                                                                "list",
                                                                "string"
                                                              ]
                                                            }
                                                          ]
                                                        ],
                                                        "matchLabels": [
                                                          "map",
                                                          "string"
                                                        ]
                                                      }
                                                    ],
                                                    "name": "string",
                                                    "optional": "bool",
                                                    "path": "string",
                                                    "signerName": "string"
                                                  }
                                                ],
                                                "configMap": [
                                                  "object",
                                                  {
                                                    "items": [
                                                      "list",
                                                      [
                                                        "object",
                                                        {
                                                          "key": "string",
                                                          "mode": "number",
                                                          "path": "string"
                                                        }
                                                      ]
                                                    ],
                                                    "name": "string",
                                                    "optional": "bool"
                                                  }
                                                ],
                                                "downwardAPI": [
                                                  "object",
                                                  {
                                                    "items": [
                                                      "list",
                                                      [
                                                        "object",
                                                        {
                                                          "fieldRef": [
                                                            "object",
                                                            {
                                                              "apiVersion": "string",
                                                              "fieldPath": "string"
                                                            }
                                                          ],
                                                          "mode": "number",
                                                          "path": "string",
                                                          "resourceFieldRef": [
                                                            "object",
                                                            {
                                                              "containerName": "string",
                                                              "divisor": "string",
                                                              "resource": "string"
                                                            }
                                                          ]
                                                        }
                                                      ]
                                                    ]
                                                  }
                                                ],
                                                "secret": [
                                                  "object",
                                                  {
                                                    "items": [
                                                      "list",
                                                      [
                                                        "object",
                                                        {
                                                          "key": "string",
                                                          "mode": "number",
                                                          "path": "string"
                                                        }
                                                      ]
                                                    ],
                                                    "name": "string",
                                                    "optional": "bool"
                                                  }
                                                ],
                                                "serviceAccountToken": [
                                                  "object",
                                                  {
                                                    "audience": "string",
                                                    "expirationSeconds": "number",
                                                    "path": "string"
                                                  }
                                                ]
                                              }
                                            ]
                                          ]
                                        }
                                      ],
                                      "quobyte": [
                                        "object",
                                        {
                                          "group": "string",
                                          "readOnly": "bool",
                                          "registry": "string",
                                          "tenant": "string",
                                          "user": "string",
                                          "volume": "string"
                                        }
                                      ],
                                      "rbd": [
                                        "object",
                                        {
                                          "fsType": "string",
                                          "image": "string",
                                          "keyring": "string",
                                          "monitors": [
                                            "list",
                                            "string"
                                          ],
                                          "pool": "string",
                                          "readOnly": "bool",
                                          "secretRef": [
                                            "object",
                                            {
                                              "name": "string"
                                            }
                                          ],
                                          "user": "string"
                                        }
                                      ],
                                      "scaleIO": [
                                        "object",
                                        {
                                          "fsType": "string",
                                          "gateway": "string",
                                          "protectionDomain": "string",
                                          "readOnly": "bool",
                                          "secretRef": [
                                            "object",
                                            {
                                              "name": "string"
                                            }
                                          ],
                                          "sslEnabled": "bool",
                                          "storageMode": "string",
                                          "storagePool": "string",
                                          "system": "string",
                                          "volumeName": "string"
                                        }
                                      ],
                                      "secret": [
                                        "object",
                                        {
                                          "defaultMode": "number",
                                          "items": [
                                            "list",
                                            [
                                              "object",
                                              {
                                                "key": "string",
                                                "mode": "number",
                                                "path": "string"
                                              }
                                            ]
                                          ],
                                          "optional": "bool",
                                          "secretName": "string"
                                        }
                                      ],
                                      "storageos": [
                                        "object",
                                        {
                                          "fsType": "string",
                                          "readOnly": "bool",
                                          "secretRef": [
                                            "object",
                                            {
                                              "name": "string"
                                            }
                                          ],
                                          "volumeName": "string",
                                          "volumeNamespace": "string"
                                        }
                                      ],
                                      "vsphereVolume": [
                                        "object",
                                        {
                                          "fsType": "string",
                                          "storagePolicyID": "string",
                                          "storagePolicyName": "string",
                                          "volumePath": "string"
                                        }
                                      ]
                                    }
                                  ]
                                ]
                              ]
                            }
                          ]
                        }
                      ]
                    }
                  ]
                }
              ]
            },
            "timeouts": [],
            "wait": [],
            "wait_for": null
          },
          "sensitive_attributes": [],
          "identity_schema_version": 1,
          "identity": {
            "api_version": "apps/v1",
            "kind": "Deployment",
            "name": "redis-deployment",
            "namespace": "fiap-microservices"
          },
          "dependencies": [
            "data.aws_eks_cluster.cluster_info",
            "data.aws_eks_cluster_auth.cluster_auth",
            "module.cluster_manifests.kubernetes_manifest.alpine_tools",
            "module.cluster_manifests.kubernetes_manifest.evaluation_ingress",
            "module.cluster_manifests.kubernetes_manifest.fiap_microservices_namespace",
            "module.cluster_manifests.kubernetes_manifest.ingress_nginx_class",
            "module.cluster_manifests.kubernetes_manifest.ingress_nginx_cluster_role",
            "module.cluster_manifests.kubernetes_manifest.ingress_nginx_cluster_role_binding",
            "module.cluster_manifests.kubernetes_manifest.ingress_nginx_controller",
            "module.cluster_manifests.kubernetes_manifest.ingress_nginx_namespace",
            "module.cluster_manifests.kubernetes_manifest.ingress_nginx_service",
            "module.cluster_manifests.kubernetes_manifest.ingress_nginx_service_account",
            "module.cluster_manifests.kubernetes_secret_v1.aws_credentials",
            "module.eks.aws_eks_addon.coredns",
            "module.eks.aws_eks_addon.kube_proxy",
            "module.eks.aws_eks_addon.node_monitoring",
            "module.eks.aws_eks_addon.pod_identity",
            "module.eks.aws_eks_cluster.eks_cluster",
            "module.eks.aws_eks_node_group.eks_node_group",
            "module.vpc.aws_subnet.private",
            "module.vpc.aws_subnet.public",
            "module.vpc.aws_vpc.main"
          ]
        }
      ]
    },
    {
      "module": "module.microservices_manifests",
      "mode": "managed",
      "type": "kubernetes_manifest",
      "name": "redis_service",
      "provider": "provider[\"registry.terraform.io/hashicorp/kubernetes\"]",
      "instances": [
        {
          "schema_version": 1,
          "attributes": {
            "computed_fields": null,
            "field_manager": [],
            "manifest": {
              "value": {
                "apiVersion": "v1",
                "kind": "Service",
                "metadata": {
                  "name": "redis-service",
                  "namespace": "fiap-microservices"
                },
                "spec": {
                  "ports": [
                    {
                      "port": 6379,
                      "protocol": "TCP",
                      "targetPort": 6379
                    }
                  ],
                  "selector": {
                    "app": "redis-server"
                  },
                  "type": "ClusterIP"
                }
              },
              "type": [
                "object",
                {
                  "apiVersion": "string",
                  "kind": "string",
                  "metadata": [
                    "object",
                    {
                      "name": "string",
                      "namespace": "string"
                    }
                  ],
                  "spec": [
                    "object",
                    {
                      "ports": [
                        "tuple",
                        [
                          [
                            "object",
                            {
                              "port": "number",
                              "protocol": "string",
                              "targetPort": "number"
                            }
                          ]
                        ]
                      ],
                      "selector": [
                        "object",
                        {
                          "app": "string"
                        }
                      ],
                      "type": "string"
                    }
                  ]
                }
              ]
            },
            "object": {
              "value": {
                "apiVersion": "v1",
                "kind": "Service",
                "metadata": {
                  "annotations": null,
                  "creationTimestamp": null,
                  "deletionGracePeriodSeconds": null,
                  "deletionTimestamp": null,
                  "finalizers": null,
                  "generateName": null,
                  "generation": null,
                  "labels": null,
                  "managedFields": null,
                  "name": "redis-service",
                  "namespace": "fiap-microservices",
                  "ownerReferences": null,
                  "resourceVersion": null,
                  "selfLink": null,
                  "uid": null
                },
                "spec": {
                  "allocateLoadBalancerNodePorts": null,
                  "clusterIP": "172.20.11.50",
                  "clusterIPs": [
                    "172.20.11.50"
                  ],
                  "externalIPs": null,
                  "externalName": null,
                  "externalTrafficPolicy": null,
                  "healthCheckNodePort": null,
                  "internalTrafficPolicy": "Cluster",
                  "ipFamilies": [
                    "IPv4"
                  ],
                  "ipFamilyPolicy": "SingleStack",
                  "loadBalancerClass": null,
                  "loadBalancerIP": null,
                  "loadBalancerSourceRanges": null,
                  "ports": [
                    {
                      "appProtocol": null,
                      "name": null,
                      "nodePort": null,
                      "port": 6379,
                      "protocol": "TCP",
                      "targetPort": "6379"
                    }
                  ],
                  "publishNotReadyAddresses": null,
                  "selector": {
                    "app": "redis-server"
                  },
                  "sessionAffinity": "None",
                  "sessionAffinityConfig": {
                    "clientIP": {
                      "timeoutSeconds": null
                    }
                  },
                  "trafficDistribution": null,
                  "type": "ClusterIP"
                }
              },
              "type": [
                "object",
                {
                  "apiVersion": "string",
                  "kind": "string",
                  "metadata": [
                    "object",
                    {
                      "annotations": [
                        "map",
                        "string"
                      ],
                      "creationTimestamp": "string",
                      "deletionGracePeriodSeconds": "number",
                      "deletionTimestamp": "string",
                      "finalizers": [
                        "list",
                        "string"
                      ],
                      "generateName": "string",
                      "generation": "number",
                      "labels": [
                        "map",
                        "string"
                      ],
                      "managedFields": [
                        "tuple",
                        [
                          [
                            "object",
                            {
                              "apiVersion": "string",
                              "fieldsType": "string",
                              "fieldsV1": "dynamic",
                              "manager": "string",
                              "operation": "string",
                              "subresource": "string",
                              "time": "string"
                            }
                          ]
                        ]
                      ],
                      "name": "string",
                      "namespace": "string",
                      "ownerReferences": [
                        "list",
                        [
                          "object",
                          {
                            "apiVersion": "string",
                            "blockOwnerDeletion": "bool",
                            "controller": "bool",
                            "kind": "string",
                            "name": "string",
                            "uid": "string"
                          }
                        ]
                      ],
                      "resourceVersion": "string",
                      "selfLink": "string",
                      "uid": "string"
                    }
                  ],
                  "spec": [
                    "object",
                    {
                      "allocateLoadBalancerNodePorts": "bool",
                      "clusterIP": "string",
                      "clusterIPs": [
                        "list",
                        "string"
                      ],
                      "externalIPs": [
                        "list",
                        "string"
                      ],
                      "externalName": "string",
                      "externalTrafficPolicy": "string",
                      "healthCheckNodePort": "number",
                      "internalTrafficPolicy": "string",
                      "ipFamilies": [
                        "list",
                        "string"
                      ],
                      "ipFamilyPolicy": "string",
                      "loadBalancerClass": "string",
                      "loadBalancerIP": "string",
                      "loadBalancerSourceRanges": [
                        "list",
                        "string"
                      ],
                      "ports": [
                        "list",
                        [
                          "object",
                          {
                            "appProtocol": "string",
                            "name": "string",
                            "nodePort": "number",
                            "port": "number",
                            "protocol": "string",
                            "targetPort": "string"
                          }
                        ]
                      ],
                      "publishNotReadyAddresses": "bool",
                      "selector": [
                        "map",
                        "string"
                      ],
                      "sessionAffinity": "string",
                      "sessionAffinityConfig": [
                        "object",
                        {
                          "clientIP": [
                            "object",
                            {
                              "timeoutSeconds": "number"
                            }
                          ]
                        }
                      ],
                      "trafficDistribution": "string",
                      "type": "string"
                    }
                  ]
                }
              ]
            },
            "timeouts": [],
            "wait": [],
            "wait_for": null
          },
          "sensitive_attributes": [],
          "identity_schema_version": 1,
          "identity": {
            "api_version": "v1",
            "kind": "Service",
            "name": "redis-service",
            "namespace": "fiap-microservices"
          },
          "dependencies": [
            "data.aws_eks_cluster.cluster_info",
            "data.aws_eks_cluster_auth.cluster_auth",
            "module.cluster_manifests.kubernetes_manifest.alpine_tools",
            "module.cluster_manifests.kubernetes_manifest.evaluation_ingress",
            "module.cluster_manifests.kubernetes_manifest.fiap_microservices_namespace",
            "module.cluster_manifests.kubernetes_manifest.ingress_nginx_class",
            "module.cluster_manifests.kubernetes_manifest.ingress_nginx_cluster_role",
            "module.cluster_manifests.kubernetes_manifest.ingress_nginx_cluster_role_binding",
            "module.cluster_manifests.kubernetes_manifest.ingress_nginx_controller",
            "module.cluster_manifests.kubernetes_manifest.ingress_nginx_namespace",
            "module.cluster_manifests.kubernetes_manifest.ingress_nginx_service",
            "module.cluster_manifests.kubernetes_manifest.ingress_nginx_service_account",
            "module.cluster_manifests.kubernetes_secret_v1.aws_credentials",
            "module.eks.aws_eks_addon.coredns",
            "module.eks.aws_eks_addon.kube_proxy",
            "module.eks.aws_eks_addon.node_monitoring",
            "module.eks.aws_eks_addon.pod_identity",
            "module.eks.aws_eks_cluster.eks_cluster",
            "module.eks.aws_eks_node_group.eks_node_group",
            "module.microservices_manifests.kubernetes_manifest.redis_deployment",
            "module.vpc.aws_subnet.private",
            "module.vpc.aws_subnet.public",
            "module.vpc.aws_vpc.main"
          ]
        }
      ]
    },
    {
      "module": "module.vpc",
      "mode": "managed",
      "type": "aws_eip",
      "name": "nat",
      "provider": "provider[\"registry.terraform.io/hashicorp/aws\"]",
      "instances": [
        {
          "index_key": 0,
          "schema_version": 0,
          "attributes": {
            "address": null,
            "allocation_id": "eipalloc-0b942834821ffac3b",
            "arn": "arn:aws:ec2:us-east-1:654654184825:elastic-ip/eipalloc-0b942834821ffac3b",
            "associate_with_private_ip": null,
            "association_id": "eipassoc-054730e2871927cd8",
            "carrier_ip": "",
            "customer_owned_ip": "",
            "customer_owned_ipv4_pool": "",
            "domain": "vpc",
            "id": "eipalloc-0b942834821ffac3b",
            "instance": "",
            "ipam_pool_id": null,
            "network_border_group": "us-east-1",
            "network_interface": "eni-08660fc36848b9956",
            "private_dns": "ip-10-0-1-100.ec2.internal",
            "private_ip": "10.0.1.100",
            "ptr_record": "",
            "public_dns": "ec2-54-87-106-255.compute-1.amazonaws.com",
            "public_ip": "54.87.106.255",
            "public_ipv4_pool": "amazon",
            "tags": {
              "Environment": "lab",
              "ManagedBy": "Terraform",
              "Name": "microservices-eip-nat-0",
              "Project": "microservices"
            },
            "tags_all": {
              "Environment": "lab",
              "ManagedBy": "Terraform",
              "Name": "microservices-eip-nat-0",
              "Project": "microservices"
            },
            "timeouts": null,
            "vpc": true
          },
          "sensitive_attributes": [],
          "identity_schema_version": 0,
          "private": "eyJlMmJmYjczMC1lY2FhLTExZTYtOGY4OC0zNDM2M2JjN2M0YzAiOnsiZGVsZXRlIjoxODAwMDAwMDAwMDAsInJlYWQiOjkwMDAwMDAwMDAwMCwidXBkYXRlIjozMDAwMDAwMDAwMDB9fQ=="
        },
        {
          "index_key": 1,
          "schema_version": 0,
          "attributes": {
            "address": null,
            "allocation_id": "eipalloc-0312f926402c7864d",
            "arn": "arn:aws:ec2:us-east-1:654654184825:elastic-ip/eipalloc-0312f926402c7864d",
            "associate_with_private_ip": null,
            "association_id": "eipassoc-0afe48f4502a30762",
            "carrier_ip": "",
            "customer_owned_ip": "",
            "customer_owned_ipv4_pool": "",
            "domain": "vpc",
            "id": "eipalloc-0312f926402c7864d",
            "instance": "",
            "ipam_pool_id": null,
            "network_border_group": "us-east-1",
            "network_interface": "eni-0ac080f21a62651d2",
            "private_dns": "ip-10-0-2-11.ec2.internal",
            "private_ip": "10.0.2.11",
            "ptr_record": "",
            "public_dns": "ec2-34-234-145-71.compute-1.amazonaws.com",
            "public_ip": "34.234.145.71",
            "public_ipv4_pool": "amazon",
            "tags": {
              "Environment": "lab",
              "ManagedBy": "Terraform",
              "Name": "microservices-eip-nat-1",
              "Project": "microservices"
            },
            "tags_all": {
              "Environment": "lab",
              "ManagedBy": "Terraform",
              "Name": "microservices-eip-nat-1",
              "Project": "microservices"
            },
            "timeouts": null,
            "vpc": true
          },
          "sensitive_attributes": [],
          "identity_schema_version": 0,
          "private": "eyJlMmJmYjczMC1lY2FhLTExZTYtOGY4OC0zNDM2M2JjN2M0YzAiOnsiZGVsZXRlIjoxODAwMDAwMDAwMDAsInJlYWQiOjkwMDAwMDAwMDAwMCwidXBkYXRlIjozMDAwMDAwMDAwMDB9fQ=="
        }
      ]
    },
    {
      "module": "module.vpc",
      "mode": "managed",
      "type": "aws_internet_gateway",
      "name": "igw",
      "provider": "provider[\"registry.terraform.io/hashicorp/aws\"]",
      "instances": [
        {
          "schema_version": 0,
          "attributes": {
            "arn": "arn:aws:ec2:us-east-1:654654184825:internet-gateway/igw-0c20ca687793b0b5e",
            "id": "igw-0c20ca687793b0b5e",
            "owner_id": "654654184825",
            "tags": {
              "Environment": "lab",
              "ManagedBy": "Terraform",
              "Name": "microservices-igw",
              "Project": "microservices"
            },
            "tags_all": {
              "Environment": "lab",
              "ManagedBy": "Terraform",
              "Name": "microservices-igw",
              "Project": "microservices"
            },
            "timeouts": null,
            "vpc_id": "vpc-007e49668ab1deebe"
          },
          "sensitive_attributes": [],
          "identity_schema_version": 0,
          "private": "eyJlMmJmYjczMC1lY2FhLTExZTYtOGY4OC0zNDM2M2JjN2M0YzAiOnsiY3JlYXRlIjoxMjAwMDAwMDAwMDAwLCJkZWxldGUiOjEyMDAwMDAwMDAwMDAsInVwZGF0ZSI6MTIwMDAwMDAwMDAwMH19",
          "dependencies": [
            "module.vpc.aws_vpc.main"
          ]
        }
      ]
    },
    {
      "module": "module.vpc",
      "mode": "managed",
      "type": "aws_nat_gateway",
      "name": "nat",
      "provider": "provider[\"registry.terraform.io/hashicorp/aws\"]",
      "instances": [
        {
          "index_key": 0,
          "schema_version": 0,
          "attributes": {
            "allocation_id": "eipalloc-0b942834821ffac3b",
            "association_id": "eipassoc-054730e2871927cd8",
            "connectivity_type": "public",
            "id": "nat-0998fb5bfb99d5e71",
            "network_interface_id": "eni-08660fc36848b9956",
            "private_ip": "10.0.1.100",
            "public_ip": "54.87.106.255",
            "secondary_allocation_ids": [],
            "secondary_private_ip_address_count": 0,
            "secondary_private_ip_addresses": [],
            "subnet_id": "subnet-0d635fbc1e41278e8",
            "tags": {
              "Environment": "lab",
              "ManagedBy": "Terraform",
              "Name": "microservices-nat-0",
              "Project": "microservices"
            },
            "tags_all": {
              "Environment": "lab",
              "ManagedBy": "Terraform",
              "Name": "microservices-nat-0",
              "Project": "microservices"
            },
            "timeouts": null
          },
          "sensitive_attributes": [],
          "identity_schema_version": 0,
          "private": "eyJlMmJmYjczMC1lY2FhLTExZTYtOGY4OC0zNDM2M2JjN2M0YzAiOnsiY3JlYXRlIjo2MDAwMDAwMDAwMDAsImRlbGV0ZSI6MTgwMDAwMDAwMDAwMCwidXBkYXRlIjo2MDAwMDAwMDAwMDB9fQ==",
          "dependencies": [
            "module.vpc.aws_eip.nat",
            "module.vpc.aws_internet_gateway.igw",
            "module.vpc.aws_subnet.public",
            "module.vpc.aws_vpc.main"
          ]
        },
        {
          "index_key": 1,
          "schema_version": 0,
          "attributes": {
            "allocation_id": "eipalloc-0312f926402c7864d",
            "association_id": "eipassoc-0afe48f4502a30762",
            "connectivity_type": "public",
            "id": "nat-032fb0f63cbc64470",
            "network_interface_id": "eni-0ac080f21a62651d2",
            "private_ip": "10.0.2.11",
            "public_ip": "34.234.145.71",
            "secondary_allocation_ids": [],
            "secondary_private_ip_address_count": 0,
            "secondary_private_ip_addresses": [],
            "subnet_id": "subnet-0abd92e6b81d4310f",
            "tags": {
              "Environment": "lab",
              "ManagedBy": "Terraform",
              "Name": "microservices-nat-1",
              "Project": "microservices"
            },
            "tags_all": {
              "Environment": "lab",
              "ManagedBy": "Terraform",
              "Name": "microservices-nat-1",
              "Project": "microservices"
            },
            "timeouts": null
          },
          "sensitive_attributes": [],
          "identity_schema_version": 0,
          "private": "eyJlMmJmYjczMC1lY2FhLTExZTYtOGY4OC0zNDM2M2JjN2M0YzAiOnsiY3JlYXRlIjo2MDAwMDAwMDAwMDAsImRlbGV0ZSI6MTgwMDAwMDAwMDAwMCwidXBkYXRlIjo2MDAwMDAwMDAwMDB9fQ==",
          "dependencies": [
            "module.vpc.aws_eip.nat",
            "module.vpc.aws_internet_gateway.igw",
            "module.vpc.aws_subnet.public",
            "module.vpc.aws_vpc.main"
          ]
        }
      ]
    },
    {
      "module": "module.vpc",
      "mode": "managed",
      "type": "aws_route_table",
      "name": "private",
      "provider": "provider[\"registry.terraform.io/hashicorp/aws\"]",
      "instances": [
        {
          "index_key": 0,
          "schema_version": 0,
          "attributes": {
            "arn": "arn:aws:ec2:us-east-1:654654184825:route-table/rtb-04af8392128d2591c",
            "id": "rtb-04af8392128d2591c",
            "owner_id": "654654184825",
            "propagating_vgws": [],
            "route": [
              {
                "carrier_gateway_id": "",
                "cidr_block": "0.0.0.0/0",
                "core_network_arn": "",
                "destination_prefix_list_id": "",
                "egress_only_gateway_id": "",
                "gateway_id": "",
                "ipv6_cidr_block": "",
                "local_gateway_id": "",
                "nat_gateway_id": "nat-0998fb5bfb99d5e71",
                "network_interface_id": "",
                "transit_gateway_id": "",
                "vpc_endpoint_id": "",
                "vpc_peering_connection_id": ""
              }
            ],
            "tags": {
              "Environment": "lab",
              "ManagedBy": "Terraform",
              "Name": "microservices-private-rt-0",
              "Project": "microservices"
            },
            "tags_all": {
              "Environment": "lab",
              "ManagedBy": "Terraform",
              "Name": "microservices-private-rt-0",
              "Project": "microservices"
            },
            "timeouts": null,
            "vpc_id": "vpc-007e49668ab1deebe"
          },
          "sensitive_attributes": [],
          "identity_schema_version": 0,
          "private": "eyJlMmJmYjczMC1lY2FhLTExZTYtOGY4OC0zNDM2M2JjN2M0YzAiOnsiY3JlYXRlIjozMDAwMDAwMDAwMDAsImRlbGV0ZSI6MzAwMDAwMDAwMDAwLCJ1cGRhdGUiOjEyMDAwMDAwMDAwMH19",
          "dependencies": [
            "module.vpc.aws_eip.nat",
            "module.vpc.aws_internet_gateway.igw",
            "module.vpc.aws_nat_gateway.nat",
            "module.vpc.aws_subnet.public",
            "module.vpc.aws_vpc.main"
          ]
        },
        {
          "index_key": 1,
          "schema_version": 0,
          "attributes": {
            "arn": "arn:aws:ec2:us-east-1:654654184825:route-table/rtb-0668499b13ee47de9",
            "id": "rtb-0668499b13ee47de9",
            "owner_id": "654654184825",
            "propagating_vgws": [],
            "route": [
              {
                "carrier_gateway_id": "",
                "cidr_block": "0.0.0.0/0",
                "core_network_arn": "",
                "destination_prefix_list_id": "",
                "egress_only_gateway_id": "",
                "gateway_id": "",
                "ipv6_cidr_block": "",
                "local_gateway_id": "",
                "nat_gateway_id": "nat-032fb0f63cbc64470",
                "network_interface_id": "",
                "transit_gateway_id": "",
                "vpc_endpoint_id": "",
                "vpc_peering_connection_id": ""
              }
            ],
            "tags": {
              "Environment": "lab",
              "ManagedBy": "Terraform",
              "Name": "microservices-private-rt-1",
              "Project": "microservices"
            },
            "tags_all": {
              "Environment": "lab",
              "ManagedBy": "Terraform",
              "Name": "microservices-private-rt-1",
              "Project": "microservices"
            },
            "timeouts": null,
            "vpc_id": "vpc-007e49668ab1deebe"
          },
          "sensitive_attributes": [],
          "identity_schema_version": 0,
          "private": "eyJlMmJmYjczMC1lY2FhLTExZTYtOGY4OC0zNDM2M2JjN2M0YzAiOnsiY3JlYXRlIjozMDAwMDAwMDAwMDAsImRlbGV0ZSI6MzAwMDAwMDAwMDAwLCJ1cGRhdGUiOjEyMDAwMDAwMDAwMH19",
          "dependencies": [
            "module.vpc.aws_eip.nat",
            "module.vpc.aws_internet_gateway.igw",
            "module.vpc.aws_nat_gateway.nat",
            "module.vpc.aws_subnet.public",
            "module.vpc.aws_vpc.main"
          ]
        }
      ]
    },
    {
      "module": "module.vpc",
      "mode": "managed",
      "type": "aws_route_table",
      "name": "public",
      "provider": "provider[\"registry.terraform.io/hashicorp/aws\"]",
      "instances": [
        {
          "schema_version": 0,
          "attributes": {
            "arn": "arn:aws:ec2:us-east-1:654654184825:route-table/rtb-068de8f1c1ca72ac6",
            "id": "rtb-068de8f1c1ca72ac6",
            "owner_id": "654654184825",
            "propagating_vgws": [],
            "route": [
              {
                "carrier_gateway_id": "",
                "cidr_block": "0.0.0.0/0",
                "core_network_arn": "",
                "destination_prefix_list_id": "",
                "egress_only_gateway_id": "",
                "gateway_id": "igw-0c20ca687793b0b5e",
                "ipv6_cidr_block": "",
                "local_gateway_id": "",
                "nat_gateway_id": "",
                "network_interface_id": "",
                "transit_gateway_id": "",
                "vpc_endpoint_id": "",
                "vpc_peering_connection_id": ""
              }
            ],
            "tags": {
              "Environment": "lab",
              "ManagedBy": "Terraform",
              "Name": "microservices-public-rt",
              "Project": "microservices"
            },
            "tags_all": {
              "Environment": "lab",
              "ManagedBy": "Terraform",
              "Name": "microservices-public-rt",
              "Project": "microservices"
            },
            "timeouts": null,
            "vpc_id": "vpc-007e49668ab1deebe"
          },
          "sensitive_attributes": [],
          "identity_schema_version": 0,
          "private": "eyJlMmJmYjczMC1lY2FhLTExZTYtOGY4OC0zNDM2M2JjN2M0YzAiOnsiY3JlYXRlIjozMDAwMDAwMDAwMDAsImRlbGV0ZSI6MzAwMDAwMDAwMDAwLCJ1cGRhdGUiOjEyMDAwMDAwMDAwMH19",
          "dependencies": [
            "module.vpc.aws_internet_gateway.igw",
            "module.vpc.aws_vpc.main"
          ]
        }
      ]
    },
    {
      "module": "module.vpc",
      "mode": "managed",
      "type": "aws_route_table_association",
      "name": "private",
      "provider": "provider[\"registry.terraform.io/hashicorp/aws\"]",
      "instances": [
        {
          "index_key": 0,
          "schema_version": 0,
          "attributes": {
            "gateway_id": "",
            "id": "rtbassoc-0f64957ae43439535",
            "route_table_id": "rtb-04af8392128d2591c",
            "subnet_id": "subnet-0909dbd181eaee63c",
            "timeouts": null
          },
          "sensitive_attributes": [],
          "identity_schema_version": 0,
          "private": "eyJlMmJmYjczMC1lY2FhLTExZTYtOGY4OC0zNDM2M2JjN2M0YzAiOnsiY3JlYXRlIjozMDAwMDAwMDAwMDAsImRlbGV0ZSI6MzAwMDAwMDAwMDAwLCJ1cGRhdGUiOjEyMDAwMDAwMDAwMH19",
          "dependencies": [
            "module.vpc.aws_eip.nat",
            "module.vpc.aws_internet_gateway.igw",
            "module.vpc.aws_nat_gateway.nat",
            "module.vpc.aws_route_table.private",
            "module.vpc.aws_subnet.private",
            "module.vpc.aws_subnet.public",
            "module.vpc.aws_vpc.main"
          ]
        },
        {
          "index_key": 1,
          "schema_version": 0,
          "attributes": {
            "gateway_id": "",
            "id": "rtbassoc-0af4a330aa110313e",
            "route_table_id": "rtb-0668499b13ee47de9",
            "subnet_id": "subnet-0a08ca0cca115652a",
            "timeouts": null
          },
          "sensitive_attributes": [],
          "identity_schema_version": 0,
          "private": "eyJlMmJmYjczMC1lY2FhLTExZTYtOGY4OC0zNDM2M2JjN2M0YzAiOnsiY3JlYXRlIjozMDAwMDAwMDAwMDAsImRlbGV0ZSI6MzAwMDAwMDAwMDAwLCJ1cGRhdGUiOjEyMDAwMDAwMDAwMH19",
          "dependencies": [
            "module.vpc.aws_eip.nat",
            "module.vpc.aws_internet_gateway.igw",
            "module.vpc.aws_nat_gateway.nat",
            "module.vpc.aws_route_table.private",
            "module.vpc.aws_subnet.private",
            "module.vpc.aws_subnet.public",
            "module.vpc.aws_vpc.main"
          ]
        }
      ]
    },
    {
      "module": "module.vpc",
      "mode": "managed",
      "type": "aws_route_table_association",
      "name": "public",
      "provider": "provider[\"registry.terraform.io/hashicorp/aws\"]",
      "instances": [
        {
          "index_key": 0,
          "schema_version": 0,
          "attributes": {
            "gateway_id": "",
            "id": "rtbassoc-036c5189c9fd38630",
            "route_table_id": "rtb-068de8f1c1ca72ac6",
            "subnet_id": "subnet-0d635fbc1e41278e8",
            "timeouts": null
          },
          "sensitive_attributes": [],
          "identity_schema_version": 0,
          "private": "eyJlMmJmYjczMC1lY2FhLTExZTYtOGY4OC0zNDM2M2JjN2M0YzAiOnsiY3JlYXRlIjozMDAwMDAwMDAwMDAsImRlbGV0ZSI6MzAwMDAwMDAwMDAwLCJ1cGRhdGUiOjEyMDAwMDAwMDAwMH19",
          "dependencies": [
            "module.vpc.aws_internet_gateway.igw",
            "module.vpc.aws_route_table.public",
            "module.vpc.aws_subnet.public",
            "module.vpc.aws_vpc.main"
          ]
        },
        {
          "index_key": 1,
          "schema_version": 0,
          "attributes": {
            "gateway_id": "",
            "id": "rtbassoc-0d5ea8858ca5943a5",
            "route_table_id": "rtb-068de8f1c1ca72ac6",
            "subnet_id": "subnet-0abd92e6b81d4310f",
            "timeouts": null
          },
          "sensitive_attributes": [],
          "identity_schema_version": 0,
          "private": "eyJlMmJmYjczMC1lY2FhLTExZTYtOGY4OC0zNDM2M2JjN2M0YzAiOnsiY3JlYXRlIjozMDAwMDAwMDAwMDAsImRlbGV0ZSI6MzAwMDAwMDAwMDAwLCJ1cGRhdGUiOjEyMDAwMDAwMDAwMH19",
          "dependencies": [
            "module.vpc.aws_internet_gateway.igw",
            "module.vpc.aws_route_table.public",
            "module.vpc.aws_subnet.public",
            "module.vpc.aws_vpc.main"
          ]
        }
      ]
    },
    {
      "module": "module.vpc",
      "mode": "managed",
      "type": "aws_subnet",
      "name": "private",
      "provider": "provider[\"registry.terraform.io/hashicorp/aws\"]",
      "instances": [
        {
          "index_key": 0,
          "schema_version": 1,
          "attributes": {
            "arn": "arn:aws:ec2:us-east-1:654654184825:subnet/subnet-0909dbd181eaee63c",
            "assign_ipv6_address_on_creation": false,
            "availability_zone": "us-east-1a",
            "availability_zone_id": "use1-az4",
            "cidr_block": "10.0.10.0/24",
            "customer_owned_ipv4_pool": "",
            "enable_dns64": false,
            "enable_lni_at_device_index": 0,
            "enable_resource_name_dns_a_record_on_launch": false,
            "enable_resource_name_dns_aaaa_record_on_launch": false,
            "id": "subnet-0909dbd181eaee63c",
            "ipv6_cidr_block": "",
            "ipv6_cidr_block_association_id": "",
            "ipv6_native": false,
            "map_customer_owned_ip_on_launch": false,
            "map_public_ip_on_launch": false,
            "outpost_arn": "",
            "owner_id": "654654184825",
            "private_dns_hostname_type_on_launch": "ip-name",
            "tags": {
              "Environment": "lab",
              "ManagedBy": "Terraform",
              "Name": "microservices-private-0",
              "Project": "microservices",
              "kubernetes.io/role/internal-elb": "1"
            },
            "tags_all": {
              "Environment": "lab",
              "ManagedBy": "Terraform",
              "Name": "microservices-private-0",
              "Project": "microservices",
              "kubernetes.io/role/internal-elb": "1"
            },
            "timeouts": null,
            "vpc_id": "vpc-007e49668ab1deebe"
          },
          "sensitive_attributes": [],
          "identity_schema_version": 0,
          "private": "eyJlMmJmYjczMC1lY2FhLTExZTYtOGY4OC0zNDM2M2JjN2M0YzAiOnsiY3JlYXRlIjo2MDAwMDAwMDAwMDAsImRlbGV0ZSI6MTIwMDAwMDAwMDAwMH0sInNjaGVtYV92ZXJzaW9uIjoiMSJ9",
          "dependencies": [
            "module.vpc.aws_vpc.main"
          ]
        },
        {
          "index_key": 1,
          "schema_version": 1,
          "attributes": {
            "arn": "arn:aws:ec2:us-east-1:654654184825:subnet/subnet-0a08ca0cca115652a",
            "assign_ipv6_address_on_creation": false,
            "availability_zone": "us-east-1b",
            "availability_zone_id": "use1-az6",
            "cidr_block": "10.0.20.0/24",
            "customer_owned_ipv4_pool": "",
            "enable_dns64": false,
            "enable_lni_at_device_index": 0,
            "enable_resource_name_dns_a_record_on_launch": false,
            "enable_resource_name_dns_aaaa_record_on_launch": false,
            "id": "subnet-0a08ca0cca115652a",
            "ipv6_cidr_block": "",
            "ipv6_cidr_block_association_id": "",
            "ipv6_native": false,
            "map_customer_owned_ip_on_launch": false,
            "map_public_ip_on_launch": false,
            "outpost_arn": "",
            "owner_id": "654654184825",
            "private_dns_hostname_type_on_launch": "ip-name",
            "tags": {
              "Environment": "lab",
              "ManagedBy": "Terraform",
              "Name": "microservices-private-1",
              "Project": "microservices",
              "kubernetes.io/role/internal-elb": "1"
            },
            "tags_all": {
              "Environment": "lab",
              "ManagedBy": "Terraform",
              "Name": "microservices-private-1",
              "Project": "microservices",
              "kubernetes.io/role/internal-elb": "1"
            },
            "timeouts": null,
            "vpc_id": "vpc-007e49668ab1deebe"
          },
          "sensitive_attributes": [],
          "identity_schema_version": 0,
          "private": "eyJlMmJmYjczMC1lY2FhLTExZTYtOGY4OC0zNDM2M2JjN2M0YzAiOnsiY3JlYXRlIjo2MDAwMDAwMDAwMDAsImRlbGV0ZSI6MTIwMDAwMDAwMDAwMH0sInNjaGVtYV92ZXJzaW9uIjoiMSJ9",
          "dependencies": [
            "module.vpc.aws_vpc.main"
          ]
        }
      ]
    },
    {
      "module": "module.vpc",
      "mode": "managed",
      "type": "aws_subnet",
      "name": "public",
      "provider": "provider[\"registry.terraform.io/hashicorp/aws\"]",
      "instances": [
        {
          "index_key": 0,
          "schema_version": 1,
          "attributes": {
            "arn": "arn:aws:ec2:us-east-1:654654184825:subnet/subnet-0d635fbc1e41278e8",
            "assign_ipv6_address_on_creation": false,
            "availability_zone": "us-east-1a",
            "availability_zone_id": "use1-az4",
            "cidr_block": "10.0.1.0/24",
            "customer_owned_ipv4_pool": "",
            "enable_dns64": false,
            "enable_lni_at_device_index": 0,
            "enable_resource_name_dns_a_record_on_launch": false,
            "enable_resource_name_dns_aaaa_record_on_launch": false,
            "id": "subnet-0d635fbc1e41278e8",
            "ipv6_cidr_block": "",
            "ipv6_cidr_block_association_id": "",
            "ipv6_native": false,
            "map_customer_owned_ip_on_launch": false,
            "map_public_ip_on_launch": true,
            "outpost_arn": "",
            "owner_id": "654654184825",
            "private_dns_hostname_type_on_launch": "ip-name",
            "tags": {
              "Environment": "lab",
              "ManagedBy": "Terraform",
              "Name": "microservices-public-0",
              "Project": "microservices",
              "kubernetes.io/role/elb": "1"
            },
            "tags_all": {
              "Environment": "lab",
              "ManagedBy": "Terraform",
              "Name": "microservices-public-0",
              "Project": "microservices",
              "kubernetes.io/role/elb": "1"
            },
            "timeouts": null,
            "vpc_id": "vpc-007e49668ab1deebe"
          },
          "sensitive_attributes": [],
          "identity_schema_version": 0,
          "private": "eyJlMmJmYjczMC1lY2FhLTExZTYtOGY4OC0zNDM2M2JjN2M0YzAiOnsiY3JlYXRlIjo2MDAwMDAwMDAwMDAsImRlbGV0ZSI6MTIwMDAwMDAwMDAwMH0sInNjaGVtYV92ZXJzaW9uIjoiMSJ9",
          "dependencies": [
            "module.vpc.aws_vpc.main"
          ]
        },
        {
          "index_key": 1,
          "schema_version": 1,
          "attributes": {
            "arn": "arn:aws:ec2:us-east-1:654654184825:subnet/subnet-0abd92e6b81d4310f",
            "assign_ipv6_address_on_creation": false,
            "availability_zone": "us-east-1b",
            "availability_zone_id": "use1-az6",
            "cidr_block": "10.0.2.0/24",
            "customer_owned_ipv4_pool": "",
            "enable_dns64": false,
            "enable_lni_at_device_index": 0,
            "enable_resource_name_dns_a_record_on_launch": false,
            "enable_resource_name_dns_aaaa_record_on_launch": false,
            "id": "subnet-0abd92e6b81d4310f",
            "ipv6_cidr_block": "",
            "ipv6_cidr_block_association_id": "",
            "ipv6_native": false,
            "map_customer_owned_ip_on_launch": false,
            "map_public_ip_on_launch": true,
            "outpost_arn": "",
            "owner_id": "654654184825",
            "private_dns_hostname_type_on_launch": "ip-name",
            "tags": {
              "Environment": "lab",
              "ManagedBy": "Terraform",
              "Name": "microservices-public-1",
              "Project": "microservices",
              "kubernetes.io/role/elb": "1"
            },
            "tags_all": {
              "Environment": "lab",
              "ManagedBy": "Terraform",
              "Name": "microservices-public-1",
              "Project": "microservices",
              "kubernetes.io/role/elb": "1"
            },
            "timeouts": null,
            "vpc_id": "vpc-007e49668ab1deebe"
          },
          "sensitive_attributes": [],
          "identity_schema_version": 0,
          "private": "eyJlMmJmYjczMC1lY2FhLTExZTYtOGY4OC0zNDM2M2JjN2M0YzAiOnsiY3JlYXRlIjo2MDAwMDAwMDAwMDAsImRlbGV0ZSI6MTIwMDAwMDAwMDAwMH0sInNjaGVtYV92ZXJzaW9uIjoiMSJ9",
          "dependencies": [
            "module.vpc.aws_vpc.main"
          ]
        }
      ]
    },
    {
      "module": "module.vpc",
      "mode": "managed",
      "type": "aws_vpc",
      "name": "main",
      "provider": "provider[\"registry.terraform.io/hashicorp/aws\"]",
      "instances": [
        {
          "schema_version": 1,
          "attributes": {
            "arn": "arn:aws:ec2:us-east-1:654654184825:vpc/vpc-007e49668ab1deebe",
            "assign_generated_ipv6_cidr_block": false,
            "cidr_block": "10.0.0.0/16",
            "default_network_acl_id": "acl-069df57e2759fb85a",
            "default_route_table_id": "rtb-003f3e6947f52798c",
            "default_security_group_id": "sg-09a4e9e4b306400a1",
            "dhcp_options_id": "dopt-0223d770be1cfb887",
            "enable_dns_hostnames": true,
            "enable_dns_support": true,
            "enable_network_address_usage_metrics": false,
            "id": "vpc-007e49668ab1deebe",
            "instance_tenancy": "default",
            "ipv4_ipam_pool_id": null,
            "ipv4_netmask_length": null,
            "ipv6_association_id": "",
            "ipv6_cidr_block": "",
            "ipv6_cidr_block_network_border_group": "",
            "ipv6_ipam_pool_id": "",
            "ipv6_netmask_length": 0,
            "main_route_table_id": "rtb-003f3e6947f52798c",
            "owner_id": "654654184825",
            "tags": {
              "Environment": "lab",
              "ManagedBy": "Terraform",
              "Name": "microservices-vpc",
              "Project": "microservices"
            },
            "tags_all": {
              "Environment": "lab",
              "ManagedBy": "Terraform",
              "Name": "microservices-vpc",
              "Project": "microservices"
            }
          },
          "sensitive_attributes": [],
          "identity_schema_version": 0,
          "private": "eyJzY2hlbWFfdmVyc2lvbiI6IjEifQ=="
        }
      ]
    }
  ],
  "check_results": null
}
